
Microsoft Visual Studio Solution File, Format Version 12.00
# Visual Studio Version 17
VisualStudioVersion = 17.13.35428.289
MinimumVisualStudioVersion = 10.0.40219.1
Project("{8BC9CEB8-8B4A-11D0-8D11-00A0C91BC942}") = "CppDll", "CppDll\CppDll.vcxproj", "{2B25E069-3B97-42BB-83FF-EE8DEA051A6E}"
EndProject
Project("{888888A0-9F3D-457C-B088-3A5042F75D52}") = "PythonApplication", "PythonApplication\PythonApplication.pyproj", "{CCEF3317-D642-498D-8F37-432B45D868BF}"
EndProject
Global
	GlobalSection(SolutionConfigurationPlatforms) = preSolution
		Debug|Any CPU = Debug|Any CPU
		Debug|x64 = Debug|x64
		Debug|x86 = Debug|x86
		Release|Any CPU = Release|Any CPU
		Release|x64 = Release|x64
		Release|x86 = Release|x86
	EndGlobalSection
	GlobalSection(ProjectConfigurationPlatforms) = postSolution
		{2B25E069-3B97-42BB-83FF-EE8DEA051A6E}.Debug|Any CPU.ActiveCfg = Debug|x64
		{2B25E069-3B97-42BB-83FF-EE8DEA051A6E}.Debug|Any CPU.Build.0 = Debug|x64
		{2B25E069-3B97-42BB-83FF-EE8DEA051A6E}.Debug|x64.ActiveCfg = Debug|x64
		{2B25E069-3B97-42BB-83FF-EE8DEA051A6E}.Debug|x64.Build.0 = Debug|x64
		{2B25E069-3B97-42BB-83FF-EE8DEA051A6E}.Debug|x86.ActiveCfg = Debug|Win32
		{2B25E069-3B97-42BB-83FF-EE8DEA051A6E}.Debug|x86.Build.0 = Debug|Win32
		{2B25E069-3B97-42BB-83FF-EE8DEA051A6E}.Release|Any CPU.ActiveCfg = Release|x64
		{2B25E069-3B97-42BB-83FF-EE8DEA051A6E}.Release|Any CPU.Build.0 = Release|x64
		{2B25E069-3B97-42BB-83FF-EE8DEA051A6E}.Release|x64.ActiveCfg = Release|x64
		{2B25E069-3B97-42BB-83FF-EE8DEA051A6E}.Release|x64.Build.0 = Release|x64
		{2B25E069-3B97-42BB-83FF-EE8DEA051A6E}.Release|x86.ActiveCfg = Release|Win32
		{2B25E069-3B97-42BB-83FF-EE8DEA051A6E}.Release|x86.Build.0 = Release|Win32
		{CCEF3317-D642-498D-8F37-432B45D868BF}.Debug|Any CPU.ActiveCfg = Debug|Any CPU
		{CCEF3317-D642-498D-8F37-432B45D868BF}.Debug|x64.ActiveCfg = Debug|Any CPU
		{CCEF3317-D642-498D-8F37-432B45D868BF}.Debug|x86.ActiveCfg = Debug|Any CPU
		{CCEF3317-D642-498D-8F37-432B45D868BF}.Release|Any CPU.ActiveCfg = Release|Any CPU
		{CCEF3317-D642-498D-8F37-432B45D868BF}.Release|x64.ActiveCfg = Release|Any CPU
		{CCEF3317-D642-498D-8F37-432B45D868BF}.Release|x86.ActiveCfg = Release|Any CPU
	EndGlobalSection
	GlobalSection(SolutionProperties) = preSolution
		HideSolutionNode = FALSE
	EndGlobalSection
	GlobalSection(ExtensibilityGlobals) = postSolution
		SolutionGuid = {4C3B1B52-41E5-49CD-9220-8F401096AA3C}
	EndGlobalSection
EndGlobal
