
Microsoft Visual Studio Solution File, Format Version 11.00
# Visual Studio 2010
Project("{888888A0-9F3D-457C-B088-3A5042F75D52}") = "CheckCommandLineArgs", "WebProject\CheckCommandLineArgs.pyproj", "{C8A614DE-786C-4961-AD6F-FE1CFE0496BA}"
EndProject
Global
	GlobalSection(SolutionConfigurationPlatforms) = preSolution
		Debug|Any CPU = Debug|Any CPU
		Release|Any CPU = Release|Any CPU
	EndGlobalSection
	GlobalSection(ProjectConfigurationPlatforms) = postSolution
		{C8A614DE-786C-4961-AD6F-FE1CFE0496BA}.Debug|Any CPU.ActiveCfg = Debug|Any CPU
		{C8A614DE-786C-4961-AD6F-FE1CFE0496BA}.Release|Any CPU.ActiveCfg = Release|Any CPU
	EndGlobalSection
	GlobalSection(SolutionProperties) = preSolution
		HideSolutionNode = FALSE
	EndGlobalSection
EndGlobal
