
Microsoft Visual Studio Solution File, Format Version 11.00
# Visual Studio 2010
Project("{888888A0-9F3D-457C-B088-3A5042F75D52}") = "DuplicateItems", "DuplicateItems\DuplicateItems.pyproj", "{C636F87C-43D9-4A4E-9B75-8B13BF34D08F}"
EndProject
Global
	GlobalSection(SolutionConfigurationPlatforms) = preSolution
		Debug|Any CPU = Debug|Any CPU
		Release|Any CPU = Release|Any CPU
	EndGlobalSection
	GlobalSection(ProjectConfigurationPlatforms) = postSolution
		{C636F87C-43D9-4A4E-9B75-8B13BF34D08F}.Debug|Any CPU.ActiveCfg = Debug|Any CPU
		{C636F87C-43D9-4A4E-9B75-8B13BF34D08F}.Debug|Any CPU.Build.0 = Debug|Any CPU
		{C636F87C-43D9-4A4E-9B75-8B13BF34D08F}.Release|Any CPU.ActiveCfg = Release|Any CPU
		{C636F87C-43D9-4A4E-9B75-8B13BF34D08F}.Release|Any CPU.Build.0 = Release|Any CPU
	EndGlobalSection
	GlobalSection(SolutionProperties) = preSolution
		HideSolutionNode = FALSE
	EndGlobalSection
EndGlobal
