
Microsoft Visual Studio Solution File, Format Version 11.00
# Visual Studio 2010
Project("{888888A0-9F3D-457C-B088-3A5042F75D52}") = "EmptyWebProject", "WebProject\EmptyWebProject.pyproj", "{00B60621-E2B5-4405-893F-C7CF43FC793B}"
EndProject
Global
	GlobalSection(SolutionConfigurationPlatforms) = preSolution
		Debug|Any CPU = Debug|Any CPU
		Release|Any CPU = Release|Any CPU
	EndGlobalSection
	GlobalSection(ProjectConfigurationPlatforms) = postSolution
		{00B60621-E2B5-4405-893F-C7CF43FC793B}.Debug|Any CPU.ActiveCfg = Debug|Any CPU
		{00B60621-E2B5-4405-893F-C7CF43FC793B}.Release|Any CPU.ActiveCfg = Release|Any CPU
	EndGlobalSection
	GlobalSection(SolutionProperties) = preSolution
		HideSolutionNode = FALSE
	EndGlobalSection
EndGlobal
