
Microsoft Visual Studio Solution File, Format Version 11.00
# Visual Studio 2010
Project("{888888A0-9F3D-457C-B088-3A5042F75D52}") = "LoadSearchPaths", "LoadSearchPaths\LoadSearchPaths.pyproj", "{59013AE7-5BB1-44C0-A04B-7029800B7E9A}"
EndProject
Global
	GlobalSection(SolutionConfigurationPlatforms) = preSolution
		Debug|Any CPU = Debug|Any CPU
		Release|Any CPU = Release|Any CPU
	EndGlobalSection
	GlobalSection(ProjectConfigurationPlatforms) = postSolution
		{59013AE7-5BB1-44C0-A04B-7029800B7E9A}.Debug|Any CPU.ActiveCfg = Debug|Any CPU
		{59013AE7-5BB1-44C0-A04B-7029800B7E9A}.Debug|Any CPU.Build.0 = Debug|Any CPU
		{59013AE7-5BB1-44C0-A04B-7029800B7E9A}.Release|Any CPU.ActiveCfg = Release|Any CPU
		{59013AE7-5BB1-44C0-A04B-7029800B7E9A}.Release|Any CPU.Build.0 = Release|Any CPU
	EndGlobalSection
	GlobalSection(SolutionProperties) = preSolution
		HideSolutionNode = FALSE
	EndGlobalSection
EndGlobal
