
Microsoft Visual Studio Solution File, Format Version 11.00
# Visual Studio 2010
Project("{888888A0-9F3D-457C-B088-3A5042F75D52}") = "MissingImport", "MissingImport\MissingImport.pyproj", "{09BEB4A2-50DC-4316-B69B-0F5D929F586B}"
EndProject
Global
	GlobalSection(SolutionConfigurationPlatforms) = preSolution
		Debug|Any CPU = Debug|Any CPU
		Release|Any CPU = Release|Any CPU
	EndGlobalSection
	GlobalSection(ProjectConfigurationPlatforms) = postSolution
		{09BEB4A2-50DC-4316-B69B-0F5D929F586B}.Debug|Any CPU.ActiveCfg = Debug|Any CPU
		{09BEB4A2-50DC-4316-B69B-0F5D929F586B}.Release|Any CPU.ActiveCfg = Release|Any CPU
	EndGlobalSection
	GlobalSection(SolutionProperties) = preSolution
		HideSolutionNode = FALSE
	EndGlobalSection
EndGlobal
