
Microsoft Visual Studio Solution File, Format Version 12.00
# Visual Studio 2012
Project("{888888A0-9F3D-457C-B088-3A5042F75D52}") = "DjangoApplication1", "DjangoApplication1.pyproj", "{21B50402-371A-49E6-AFDC-41242F0D097F}"
EndProject
Global
	GlobalSection(SolutionConfigurationPlatforms) = preSolution
		Debug|Any CPU = Debug|Any CPU
		Release|Any CPU = Release|Any CPU
	EndGlobalSection
	GlobalSection(ProjectConfigurationPlatforms) = postSolution
		{21B50402-371A-49E6-AFDC-41242F0D097F}.Debug|Any CPU.ActiveCfg = Debug|Any CPU
		{21B50402-371A-49E6-AFDC-41242F0D097F}.Release|Any CPU.ActiveCfg = Release|Any CPU
	EndGlobalSection
	GlobalSection(SolutionProperties) = preSolution
		HideSolutionNode = FALSE
	EndGlobalSection
EndGlobal
