
Microsoft Visual Studio Solution File, Format Version 12.00
# Visual Studio 2013
VisualStudioVersion = 12.0.30501.0
MinimumVisualStudioVersion = 10.0.40219.1
Project("{FAE04EC0-301F-11D3-BF4B-00C04F79EFBC}") = "VSTestHost", "VSTestHost\VSTestHost.csproj", "{5EAD9B97-793D-404E-988E-7A93E7D5F2E8}"
EndProject
Global
	GlobalSection(TeamFoundationVersionControl) = preSolution
		SccNumberOfProjects = 2
		SccEnterpriseProvider = {4CA58AB2-18FA-4F8D-95D4-32DDF27D184C}
		SccTeamFoundationServer = http://vstfdevdiv:8080/devdiv2
		SccLocalPath0 = .
		SccProjectUniqueName1 = VSTestHost\\VSTestHost.csproj
		SccProjectName1 = VSTestHost
		SccLocalPath1 = VSTestHost
	EndGlobalSection
	GlobalSection(SolutionConfigurationPlatforms) = preSolution
		Debug|Any CPU = Debug|Any CPU
		Debug|Mixed Platforms = Debug|Mixed Platforms
		Debug|x86 = Debug|x86
		Release|Any CPU = Release|Any CPU
		Release|Mixed Platforms = Release|Mixed Platforms
		Release|x86 = Release|x86
	EndGlobalSection
	GlobalSection(ProjectConfigurationPlatforms) = postSolution
		{5EAD9B97-793D-404E-988E-7A93E7D5F2E8}.Debug|Any CPU.ActiveCfg = Debug|Any CPU
		{5EAD9B97-793D-404E-988E-7A93E7D5F2E8}.Debug|Any CPU.Build.0 = Debug|Any CPU
		{5EAD9B97-793D-404E-988E-7A93E7D5F2E8}.Debug|Mixed Platforms.ActiveCfg = Debug|Any CPU
		{5EAD9B97-793D-404E-988E-7A93E7D5F2E8}.Debug|Mixed Platforms.Build.0 = Debug|Any CPU
		{5EAD9B97-793D-404E-988E-7A93E7D5F2E8}.Debug|x86.ActiveCfg = Debug|Any CPU
		{5EAD9B97-793D-404E-988E-7A93E7D5F2E8}.Release|Any CPU.ActiveCfg = Release|Any CPU
		{5EAD9B97-793D-404E-988E-7A93E7D5F2E8}.Release|Any CPU.Build.0 = Release|Any CPU
		{5EAD9B97-793D-404E-988E-7A93E7D5F2E8}.Release|Mixed Platforms.ActiveCfg = Release|Any CPU
		{5EAD9B97-793D-404E-988E-7A93E7D5F2E8}.Release|Mixed Platforms.Build.0 = Release|Any CPU
		{5EAD9B97-793D-404E-988E-7A93E7D5F2E8}.Release|x86.ActiveCfg = Release|Any CPU
	EndGlobalSection
	GlobalSection(SolutionProperties) = preSolution
		HideSolutionNode = FALSE
	EndGlobalSection
EndGlobal
