{
  "name": "ptvs",
  "requires": true,
  "lockfileVersion": 1,
  "dependencies": {
    "@pylance/pylance": {
      "version": "2022.1.0",
      "resolved": "https://pkgs.dev.azure.com/devdiv/_packaging/Pylance/npm/registry/@pylance/pylance/-/pylance-2022.1.0.tgz",
      "integrity": "sha1-YaKAsjTqbj5fhbZ5/d3CYQ5sPpg=",
      "dev": true
    }
  }
}
