{
  "name": "ptvs",
  "requires": true,
  "lockfileVersion": 1,
  "dependencies": {
    "@pylance/pylance": {
      "version": "2021.9.4",
      "resolved": "https://pkgs.dev.azure.com/devdiv/_packaging/Pylance/npm/registry/@pylance/pylance/-/pylance-2021.9.4.tgz",
      "integrity": "sha1-mhgTKhfano1ybgbWf8YaOX/LLYY=",
      "dev": true
    }
  }
}
