{
  "name": "ptvs",
  "requires": true,
  "lockfileVersion": 1,
  "dependencies": {
    "@pylance/pylance": {
      "version": "2021.3.3",
      "resolved": "https://devdiv.pkgs.visualstudio.com/_packaging/Pylance@Local/npm/registry/@pylance/pylance/-/pylance-2021.3.3.tgz",
      "integrity": "sha1-yUBuQoGi9Tlx/9nkqveaRqME2SE=",
      "dev": true
    }
  }
}
