Microsoft Visual Studio Solution File, Format Version 11.00
# Visual Studio 2010
Project("{2150E333-8FDC-42A3-9474-1A3956D46DE8}") = "Solution Items", "Solution Items", "{DE1001DA-7415-45A5-9A42-E2E64535B682}"
	ProjectSection(SolutionItems) = preProject
		codecoverage.testsettings = codecoverage.testsettings
		default.testsettings = default.testsettings
	EndProjectSection
EndProject
Project("{FAE04EC0-301F-11D3-BF4B-00C04F79EFBC}") = "TestSccPackage", "Release\Tests\TestSccPackage\TestSccPackage.csproj", "{E75E5DB1-0EA0-4247-A830-FE467C016816}"
EndProject
Project("{FAE04EC0-301F-11D3-BF4B-00C04F79EFBC}") = "AnalysisTest", "Release\Tests\AnalysisTest\AnalysisTest.csproj", "{A9180A68-2BD8-4F9B-9D25-C6532C124B52}"
EndProject
Project("{8BC9CEB8-8B4A-11D0-8D11-00A0C91BC942}") = "PyDebugAttach", "Release\Product\Python\PyDebugAttach\PyDebugAttach.vcxproj", "{AC19CAA0-5C69-4B20-8A18-D4B6B65F22B8}"
EndProject
Project("{FAE04EC0-301F-11D3-BF4B-00C04F79EFBC}") = "ReplWindow", "Release\Product\Python\ReplWindow\ReplWindow.csproj", "{20BB6FAC-44D2-4D76-ABFE-0C1E163A1A4F}"
EndProject
Project("{FAE04EC0-301F-11D3-BF4B-00C04F79EFBC}") = "TestUtilities", "Release\Tests\Common\TestUtilities\TestUtilities.csproj", "{D092D54E-FF29-4D32-9AEE-4EF704C92F67}"
EndProject
Project("{FAE04EC0-301F-11D3-BF4B-00C04F79EFBC}") = "PythonTools", "Release\Product\Python\PythonTools\PythonTools.csproj", "{FA7BE5F5-E04F-4613-B7AC-70CE10D1BB68}"
EndProject
Project("{FAE04EC0-301F-11D3-BF4B-00C04F79EFBC}") = "Debugger", "Release\Product\Python\Debugger\Debugger.csproj", "{DECC7971-FA58-4DB0-9561-BFFADD393BBD}"
EndProject
Project("{FAE04EC0-301F-11D3-BF4B-00C04F79EFBC}") = "Attacher", "Release\Product\Python\Attacher\Attacher.csproj", "{666A22BB-0CB5-4C08-A20F-E17450DA6573}"
EndProject
Project("{FAE04EC0-301F-11D3-BF4B-00C04F79EFBC}") = "Analysis", "Release\Product\Python\Analysis\Analysis.csproj", "{A85D479D-67A9-4BDB-904A-7D86DAF68A6F}"
EndProject
Project("{FAE04EC0-301F-11D3-BF4B-00C04F79EFBC}") = "Analyzer", "Release\Product\Python\Analyzer\Analyzer.csproj", "{29A4FA1F-A562-4ED1-86FB-5850EF5DA92C}"
EndProject
Project("{FAE04EC0-301F-11D3-BF4B-00C04F79EFBC}") = "AttacherX86", "Release\Product\Python\AttacherX86\AttacherX86.csproj", "{F3A5829D-EE15-4BE7-828F-2519172C6671}"
EndProject
Project("{FAE04EC0-301F-11D3-BF4B-00C04F79EFBC}") = "Profiling", "Release\Product\Python\Profiling\Profiling.csproj", "{C42B194E-3333-45E8-BB26-D69D1A51EF0B}"
EndProject
Project("{8BC9CEB8-8B4A-11D0-8D11-00A0C91BC942}") = "VsPyProf", "Release\Product\Python\VsPyProf\VsPyProf.vcxproj", "{6EC75EDA-17AC-453E-BA34-CB6796C4319B}"
EndProject
Project("{FAE04EC0-301F-11D3-BF4B-00C04F79EFBC}") = "IronPython", "Release\Product\Python\IronPython\IronPython.csproj", "{5AE43C93-8EF6-4D57-BC10-511035EF56C5}"
EndProject
Project("{FAE04EC0-301F-11D3-BF4B-00C04F79EFBC}") = "Hpc", "Release\Product\Python\Hpc\Hpc.csproj", "{9448EB2F-F0C7-438B-A7AF-76C5FD1BD256}"
EndProject
Project("{FAE04EC0-301F-11D3-BF4B-00C04F79EFBC}") = "MpiShim", "Release\Product\Python\MpiShim\MpiShim.csproj", "{11DCE865-22FA-41B8-9D56-9FBEA8FAB146}"
EndProject
Global
	GlobalSection(TeamFoundationVersionControl) = preSolution
		SccNumberOfProjects = 14
		SccEnterpriseProvider = {4CA58AB2-18FA-4F8D-95D4-32DDF27D184C}
		SccTeamFoundationServer = http://tcvstf:8080/tfs/tc
		SccProjectUniqueName0 = Release\\Tests\\TestSccPackage\\TestSccPackage.csproj
		SccProjectName0 = Release/Tests/TestSccPackage
		SccAuxPath0 = http://tcvstf:8080/tfs/tc
		SccLocalPath0 = Release\\Tests\\TestSccPackage
		SccProvider0 = {4CA58AB2-18FA-4F8D-95D4-32DDF27D184C}
		SccProjectUniqueName1 = Release\\Tests\\AnalysisTest\\AnalysisTest.csproj
		SccProjectName1 = Release/Tests/AnalysisTest
		SccAuxPath1 = http://tcvstf:8080/tfs/tc
		SccLocalPath1 = Release\\Tests\\AnalysisTest
		SccProvider1 = {4CA58AB2-18FA-4F8D-95D4-32DDF27D184C}
		SccProjectUniqueName2 = Release\\Product\\Python\\ReplWindow\\ReplWindow.csproj
		SccProjectName2 = Release/Product/Python/ReplWindow
		SccAuxPath2 = http://tcvstf:8080/tfs/tc
		SccLocalPath2 = Release\\Product\\Python\\ReplWindow
		SccProvider2 = {4CA58AB2-18FA-4F8D-95D4-32DDF27D184C}
		SccProjectUniqueName3 = Release\\Tests\\Common\\TestUtilities\\TestUtilities.csproj
		SccProjectName3 = Release/Tests/Common/TestUtilities
		SccAuxPath3 = http://tcvstf:8080/tfs/tc
		SccLocalPath3 = Release\\Tests\\Common\\TestUtilities
		SccProvider3 = {4CA58AB2-18FA-4F8D-95D4-32DDF27D184C}
		SccProjectUniqueName4 = Release\\Product\\Python\\PythonTools\\PythonTools.csproj
		SccProjectName4 = Release/Product/Python/PythonTools
		SccAuxPath4 = http://tcvstf:8080/tfs/tc
		SccLocalPath4 = Release\\Product\\Python\\PythonTools
		SccProvider4 = {4CA58AB2-18FA-4F8D-95D4-32DDF27D184C}
		SccProjectUniqueName5 = Release\\Product\\Python\\Debugger\\Debugger.csproj
		SccProjectName5 = Release/Product/Python/Debugger
		SccAuxPath5 = http://tcvstf:8080/tfs/tc
		SccLocalPath5 = Release\\Product\\Python\\Debugger
		SccProvider5 = {4CA58AB2-18FA-4F8D-95D4-32DDF27D184C}
		SccProjectUniqueName6 = Release\\Product\\Python\\Attacher\\Attacher.csproj
		SccProjectName6 = Release/Product/Python/Attacher
		SccAuxPath6 = http://tcvstf:8080/tfs/tc
		SccLocalPath6 = Release\\Product\\Python\\Attacher
		SccProvider6 = {4CA58AB2-18FA-4F8D-95D4-32DDF27D184C}
		SccProjectUniqueName7 = Release\\Product\\Python\\Analysis\\Analysis.csproj
		SccProjectName7 = Release/Product/Python/Analysis
		SccAuxPath7 = http://tcvstf:8080/tfs/tc
		SccLocalPath7 = Release\\Product\\Python\\Analysis
		SccProvider7 = {4CA58AB2-18FA-4F8D-95D4-32DDF27D184C}
		SccProjectUniqueName8 = Release\\Product\\Python\\Analyzer\\Analyzer.csproj
		SccProjectName8 = Release/Product/Python/Analyzer
		SccAuxPath8 = http://tcvstf:8080/tfs/tc
		SccLocalPath8 = Release\\Product\\Python\\Analyzer
		SccProvider8 = {4CA58AB2-18FA-4F8D-95D4-32DDF27D184C}
		SccProjectUniqueName9 = Release\\Product\\Python\\AttacherX86\\AttacherX86.csproj
		SccProjectName9 = Release/Product/Python/AttacherX86
		SccAuxPath9 = http://tcvstf:8080/tfs/tc
		SccLocalPath9 = Release\\Product\\Python\\AttacherX86
		SccProvider9 = {4CA58AB2-18FA-4F8D-95D4-32DDF27D184C}
		SccProjectUniqueName10 = Release\\Product\\Python\\Profiling\\Profiling.csproj
		SccProjectName10 = Release/Product/Python/Profiling
		SccAuxPath10 = http://tcvstf:8080/tfs/tc
		SccLocalPath10 = Release\\Product\\Python\\Profiling
		SccProvider10 = {4CA58AB2-18FA-4F8D-95D4-32DDF27D184C}
		SccProjectUniqueName11 = Release\\Product\\Python\\IronPython\\IronPython.csproj
		SccProjectName11 = Release/Product/Python/IronPython
		SccAuxPath11 = http://tcvstf:8080/tfs/tc
		SccLocalPath11 = Release\\Product\\Python\\IronPython
		SccProvider11 = {4CA58AB2-18FA-4F8D-95D4-32DDF27D184C}
		SccProjectUniqueName12 = Release\\Product\\Python\\Hpc\\Hpc.csproj
		SccProjectName12 = Release/Product/Python/Hpc
		SccAuxPath12 = http://tcvstf:8080/tfs/tc
		SccLocalPath12 = Release\\Product\\Python\\Hpc
		SccProvider12 = {4CA58AB2-18FA-4F8D-95D4-32DDF27D184C}
		SccProjectUniqueName13 = Release\\Product\\Python\\MpiShim\\MpiShim.csproj
		SccProjectName13 = Release/Product/Python/MpiShim
		SccAuxPath13 = http://tcvstf:8080/tfs/tc
		SccLocalPath13 = Release\\Product\\Python\\MpiShim
		SccProvider13 = {4CA58AB2-18FA-4F8D-95D4-32DDF27D184C}
	EndGlobalSection
	GlobalSection(SolutionConfigurationPlatforms) = preSolution
		Debug|Any CPU = Debug|Any CPU
		Debug|Win32 = Debug|Win32
		Debug|x64 = Debug|x64
		Debug|x86 = Debug|x86
		IncrementVersion|Any CPU = IncrementVersion|Any CPU
		IncrementVersion|Win32 = IncrementVersion|Win32
		IncrementVersion|x64 = IncrementVersion|x64
		IncrementVersion|x86 = IncrementVersion|x86
		Release|Any CPU = Release|Any CPU
		Release|Win32 = Release|Win32
		Release|x64 = Release|x64
		Release|x86 = Release|x86
	EndGlobalSection
	GlobalSection(ProjectConfigurationPlatforms) = postSolution
		{E75E5DB1-0EA0-4247-A830-FE467C016816}.Debug|Any CPU.ActiveCfg = Debug|Any CPU
		{E75E5DB1-0EA0-4247-A830-FE467C016816}.Debug|Any CPU.Build.0 = Debug|Any CPU
		{E75E5DB1-0EA0-4247-A830-FE467C016816}.Debug|Win32.ActiveCfg = Debug|Win32
		{E75E5DB1-0EA0-4247-A830-FE467C016816}.Debug|Win32.Build.0 = Debug|Win32
		{E75E5DB1-0EA0-4247-A830-FE467C016816}.Debug|x64.ActiveCfg = Debug|x64
		{E75E5DB1-0EA0-4247-A830-FE467C016816}.Debug|x64.Build.0 = Debug|x64
		{E75E5DB1-0EA0-4247-A830-FE467C016816}.Debug|x86.ActiveCfg = Debug|x64
		{E75E5DB1-0EA0-4247-A830-FE467C016816}.IncrementVersion|Any CPU.ActiveCfg = IncrementVersion|Any CPU
		{E75E5DB1-0EA0-4247-A830-FE467C016816}.IncrementVersion|Any CPU.Build.0 = IncrementVersion|Any CPU
		{E75E5DB1-0EA0-4247-A830-FE467C016816}.IncrementVersion|Win32.ActiveCfg = IncrementVersion|Win32
		{E75E5DB1-0EA0-4247-A830-FE467C016816}.IncrementVersion|Win32.Build.0 = IncrementVersion|Win32
		{E75E5DB1-0EA0-4247-A830-FE467C016816}.IncrementVersion|x64.ActiveCfg = IncrementVersion|x64
		{E75E5DB1-0EA0-4247-A830-FE467C016816}.IncrementVersion|x64.Build.0 = IncrementVersion|x64
		{E75E5DB1-0EA0-4247-A830-FE467C016816}.IncrementVersion|x86.ActiveCfg = IncrementVersion|x64
		{E75E5DB1-0EA0-4247-A830-FE467C016816}.Release|Any CPU.ActiveCfg = Release|Any CPU
		{E75E5DB1-0EA0-4247-A830-FE467C016816}.Release|Any CPU.Build.0 = Release|Any CPU
		{E75E5DB1-0EA0-4247-A830-FE467C016816}.Release|Win32.ActiveCfg = Release|Win32
		{E75E5DB1-0EA0-4247-A830-FE467C016816}.Release|Win32.Build.0 = Release|Win32
		{E75E5DB1-0EA0-4247-A830-FE467C016816}.Release|x64.ActiveCfg = Release|x64
		{E75E5DB1-0EA0-4247-A830-FE467C016816}.Release|x64.Build.0 = Release|x64
		{E75E5DB1-0EA0-4247-A830-FE467C016816}.Release|x86.ActiveCfg = Release|x64
		{A9180A68-2BD8-4F9B-9D25-C6532C124B52}.Debug|Any CPU.ActiveCfg = Debug|Any CPU
		{A9180A68-2BD8-4F9B-9D25-C6532C124B52}.Debug|Any CPU.Build.0 = Debug|Any CPU
		{A9180A68-2BD8-4F9B-9D25-C6532C124B52}.Debug|Win32.ActiveCfg = Debug|Win32
		{A9180A68-2BD8-4F9B-9D25-C6532C124B52}.Debug|Win32.Build.0 = Debug|Win32
		{A9180A68-2BD8-4F9B-9D25-C6532C124B52}.Debug|x64.ActiveCfg = Debug|x64
		{A9180A68-2BD8-4F9B-9D25-C6532C124B52}.Debug|x64.Build.0 = Debug|x64
		{A9180A68-2BD8-4F9B-9D25-C6532C124B52}.Debug|x86.ActiveCfg = Debug|x64
		{A9180A68-2BD8-4F9B-9D25-C6532C124B52}.IncrementVersion|Any CPU.ActiveCfg = IncrementVersion|Any CPU
		{A9180A68-2BD8-4F9B-9D25-C6532C124B52}.IncrementVersion|Any CPU.Build.0 = IncrementVersion|Any CPU
		{A9180A68-2BD8-4F9B-9D25-C6532C124B52}.IncrementVersion|Win32.ActiveCfg = IncrementVersion|Win32
		{A9180A68-2BD8-4F9B-9D25-C6532C124B52}.IncrementVersion|Win32.Build.0 = IncrementVersion|Win32
		{A9180A68-2BD8-4F9B-9D25-C6532C124B52}.IncrementVersion|x64.ActiveCfg = IncrementVersion|x64
		{A9180A68-2BD8-4F9B-9D25-C6532C124B52}.IncrementVersion|x64.Build.0 = IncrementVersion|x64
		{A9180A68-2BD8-4F9B-9D25-C6532C124B52}.IncrementVersion|x86.ActiveCfg = IncrementVersion|x64
		{A9180A68-2BD8-4F9B-9D25-C6532C124B52}.Release|Any CPU.ActiveCfg = Release|Any CPU
		{A9180A68-2BD8-4F9B-9D25-C6532C124B52}.Release|Any CPU.Build.0 = Release|Any CPU
		{A9180A68-2BD8-4F9B-9D25-C6532C124B52}.Release|Win32.ActiveCfg = Release|Win32
		{A9180A68-2BD8-4F9B-9D25-C6532C124B52}.Release|Win32.Build.0 = Release|Win32
		{A9180A68-2BD8-4F9B-9D25-C6532C124B52}.Release|x64.ActiveCfg = Release|x64
		{A9180A68-2BD8-4F9B-9D25-C6532C124B52}.Release|x64.Build.0 = Release|x64
		{A9180A68-2BD8-4F9B-9D25-C6532C124B52}.Release|x86.ActiveCfg = Release|x64
		{AC19CAA0-5C69-4B20-8A18-D4B6B65F22B8}.Debug|Any CPU.ActiveCfg = Debug|x64
		{AC19CAA0-5C69-4B20-8A18-D4B6B65F22B8}.Debug|Win32.ActiveCfg = Debug|Win32
		{AC19CAA0-5C69-4B20-8A18-D4B6B65F22B8}.Debug|Win32.Build.0 = Debug|Win32
		{AC19CAA0-5C69-4B20-8A18-D4B6B65F22B8}.Debug|x64.ActiveCfg = Debug|x64
		{AC19CAA0-5C69-4B20-8A18-D4B6B65F22B8}.Debug|x64.Build.0 = Debug|x64
		{AC19CAA0-5C69-4B20-8A18-D4B6B65F22B8}.Debug|x86.ActiveCfg = Debug|x64
		{AC19CAA0-5C69-4B20-8A18-D4B6B65F22B8}.IncrementVersion|Any CPU.ActiveCfg = Debug|x64
		{AC19CAA0-5C69-4B20-8A18-D4B6B65F22B8}.IncrementVersion|Win32.ActiveCfg = Debug|x64
		{AC19CAA0-5C69-4B20-8A18-D4B6B65F22B8}.IncrementVersion|x64.ActiveCfg = Debug|x64
		{AC19CAA0-5C69-4B20-8A18-D4B6B65F22B8}.IncrementVersion|x64.Build.0 = Debug|x64
		{AC19CAA0-5C69-4B20-8A18-D4B6B65F22B8}.IncrementVersion|x86.ActiveCfg = Debug|x64
		{AC19CAA0-5C69-4B20-8A18-D4B6B65F22B8}.Release|Any CPU.ActiveCfg = Release|x64
		{AC19CAA0-5C69-4B20-8A18-D4B6B65F22B8}.Release|Win32.ActiveCfg = Release|Win32
		{AC19CAA0-5C69-4B20-8A18-D4B6B65F22B8}.Release|Win32.Build.0 = Release|Win32
		{AC19CAA0-5C69-4B20-8A18-D4B6B65F22B8}.Release|x64.ActiveCfg = Release|x64
		{AC19CAA0-5C69-4B20-8A18-D4B6B65F22B8}.Release|x64.Build.0 = Release|x64
		{AC19CAA0-5C69-4B20-8A18-D4B6B65F22B8}.Release|x86.ActiveCfg = Release|x64
		{20BB6FAC-44D2-4D76-ABFE-0C1E163A1A4F}.Debug|Any CPU.ActiveCfg = Debug|Any CPU
		{20BB6FAC-44D2-4D76-ABFE-0C1E163A1A4F}.Debug|Any CPU.Build.0 = Debug|Any CPU
		{20BB6FAC-44D2-4D76-ABFE-0C1E163A1A4F}.Debug|Win32.ActiveCfg = Debug|Win32
		{20BB6FAC-44D2-4D76-ABFE-0C1E163A1A4F}.Debug|Win32.Build.0 = Debug|Win32
		{20BB6FAC-44D2-4D76-ABFE-0C1E163A1A4F}.Debug|x64.ActiveCfg = Debug|x64
		{20BB6FAC-44D2-4D76-ABFE-0C1E163A1A4F}.Debug|x64.Build.0 = Debug|x64
		{20BB6FAC-44D2-4D76-ABFE-0C1E163A1A4F}.Debug|x86.ActiveCfg = Debug|x64
		{20BB6FAC-44D2-4D76-ABFE-0C1E163A1A4F}.IncrementVersion|Any CPU.ActiveCfg = IncrementVersion|Any CPU
		{20BB6FAC-44D2-4D76-ABFE-0C1E163A1A4F}.IncrementVersion|Any CPU.Build.0 = IncrementVersion|Any CPU
		{20BB6FAC-44D2-4D76-ABFE-0C1E163A1A4F}.IncrementVersion|Win32.ActiveCfg = IncrementVersion|Win32
		{20BB6FAC-44D2-4D76-ABFE-0C1E163A1A4F}.IncrementVersion|Win32.Build.0 = IncrementVersion|Win32
		{20BB6FAC-44D2-4D76-ABFE-0C1E163A1A4F}.IncrementVersion|x64.ActiveCfg = IncrementVersion|x64
		{20BB6FAC-44D2-4D76-ABFE-0C1E163A1A4F}.IncrementVersion|x64.Build.0 = IncrementVersion|x64
		{20BB6FAC-44D2-4D76-ABFE-0C1E163A1A4F}.IncrementVersion|x86.ActiveCfg = IncrementVersion|x64
		{20BB6FAC-44D2-4D76-ABFE-0C1E163A1A4F}.Release|Any CPU.ActiveCfg = Release|Any CPU
		{20BB6FAC-44D2-4D76-ABFE-0C1E163A1A4F}.Release|Any CPU.Build.0 = Release|Any CPU
		{20BB6FAC-44D2-4D76-ABFE-0C1E163A1A4F}.Release|Win32.ActiveCfg = Release|Win32
		{20BB6FAC-44D2-4D76-ABFE-0C1E163A1A4F}.Release|Win32.Build.0 = Release|Win32
		{20BB6FAC-44D2-4D76-ABFE-0C1E163A1A4F}.Release|x64.ActiveCfg = Release|x64
		{20BB6FAC-44D2-4D76-ABFE-0C1E163A1A4F}.Release|x64.Build.0 = Release|x64
		{20BB6FAC-44D2-4D76-ABFE-0C1E163A1A4F}.Release|x86.ActiveCfg = Release|x64
		{D092D54E-FF29-4D32-9AEE-4EF704C92F67}.Debug|Any CPU.ActiveCfg = Debug|Any CPU
		{D092D54E-FF29-4D32-9AEE-4EF704C92F67}.Debug|Any CPU.Build.0 = Debug|Any CPU
		{D092D54E-FF29-4D32-9AEE-4EF704C92F67}.Debug|Win32.ActiveCfg = Debug|Win32
		{D092D54E-FF29-4D32-9AEE-4EF704C92F67}.Debug|Win32.Build.0 = Debug|Win32
		{D092D54E-FF29-4D32-9AEE-4EF704C92F67}.Debug|x64.ActiveCfg = Debug|x64
		{D092D54E-FF29-4D32-9AEE-4EF704C92F67}.Debug|x64.Build.0 = Debug|x64
		{D092D54E-FF29-4D32-9AEE-4EF704C92F67}.Debug|x86.ActiveCfg = Debug|x64
		{D092D54E-FF29-4D32-9AEE-4EF704C92F67}.IncrementVersion|Any CPU.ActiveCfg = IncrementVersion|Any CPU
		{D092D54E-FF29-4D32-9AEE-4EF704C92F67}.IncrementVersion|Any CPU.Build.0 = IncrementVersion|Any CPU
		{D092D54E-FF29-4D32-9AEE-4EF704C92F67}.IncrementVersion|Win32.ActiveCfg = IncrementVersion|Win32
		{D092D54E-FF29-4D32-9AEE-4EF704C92F67}.IncrementVersion|Win32.Build.0 = IncrementVersion|Win32
		{D092D54E-FF29-4D32-9AEE-4EF704C92F67}.IncrementVersion|x64.ActiveCfg = IncrementVersion|x64
		{D092D54E-FF29-4D32-9AEE-4EF704C92F67}.IncrementVersion|x64.Build.0 = IncrementVersion|x64
		{D092D54E-FF29-4D32-9AEE-4EF704C92F67}.IncrementVersion|x86.ActiveCfg = IncrementVersion|x64
		{D092D54E-FF29-4D32-9AEE-4EF704C92F67}.Release|Any CPU.ActiveCfg = Release|Any CPU
		{D092D54E-FF29-4D32-9AEE-4EF704C92F67}.Release|Any CPU.Build.0 = Release|Any CPU
		{D092D54E-FF29-4D32-9AEE-4EF704C92F67}.Release|Win32.ActiveCfg = Release|Win32
		{D092D54E-FF29-4D32-9AEE-4EF704C92F67}.Release|Win32.Build.0 = Release|Win32
		{D092D54E-FF29-4D32-9AEE-4EF704C92F67}.Release|x64.ActiveCfg = Release|x64
		{D092D54E-FF29-4D32-9AEE-4EF704C92F67}.Release|x64.Build.0 = Release|x64
		{D092D54E-FF29-4D32-9AEE-4EF704C92F67}.Release|x86.ActiveCfg = Release|x64
		{FA7BE5F5-E04F-4613-B7AC-70CE10D1BB68}.Debug|Any CPU.ActiveCfg = Debug|Any CPU
		{FA7BE5F5-E04F-4613-B7AC-70CE10D1BB68}.Debug|Any CPU.Build.0 = Debug|Any CPU
		{FA7BE5F5-E04F-4613-B7AC-70CE10D1BB68}.Debug|Win32.ActiveCfg = Debug|Win32
		{FA7BE5F5-E04F-4613-B7AC-70CE10D1BB68}.Debug|Win32.Build.0 = Debug|Win32
		{FA7BE5F5-E04F-4613-B7AC-70CE10D1BB68}.Debug|x64.ActiveCfg = Debug|x64
		{FA7BE5F5-E04F-4613-B7AC-70CE10D1BB68}.Debug|x64.Build.0 = Debug|x64
		{FA7BE5F5-E04F-4613-B7AC-70CE10D1BB68}.Debug|x86.ActiveCfg = Debug|x64
		{FA7BE5F5-E04F-4613-B7AC-70CE10D1BB68}.IncrementVersion|Any CPU.ActiveCfg = IncrementVersion|Any CPU
		{FA7BE5F5-E04F-4613-B7AC-70CE10D1BB68}.IncrementVersion|Any CPU.Build.0 = IncrementVersion|Any CPU
		{FA7BE5F5-E04F-4613-B7AC-70CE10D1BB68}.IncrementVersion|Win32.ActiveCfg = IncrementVersion|Win32
		{FA7BE5F5-E04F-4613-B7AC-70CE10D1BB68}.IncrementVersion|Win32.Build.0 = IncrementVersion|Win32
		{FA7BE5F5-E04F-4613-B7AC-70CE10D1BB68}.IncrementVersion|x64.ActiveCfg = IncrementVersion|x64
		{FA7BE5F5-E04F-4613-B7AC-70CE10D1BB68}.IncrementVersion|x64.Build.0 = IncrementVersion|x64
		{FA7BE5F5-E04F-4613-B7AC-70CE10D1BB68}.IncrementVersion|x86.ActiveCfg = IncrementVersion|x64
		{FA7BE5F5-E04F-4613-B7AC-70CE10D1BB68}.Release|Any CPU.ActiveCfg = Release|Any CPU
		{FA7BE5F5-E04F-4613-B7AC-70CE10D1BB68}.Release|Any CPU.Build.0 = Release|Any CPU
		{FA7BE5F5-E04F-4613-B7AC-70CE10D1BB68}.Release|Win32.ActiveCfg = Release|Win32
		{FA7BE5F5-E04F-4613-B7AC-70CE10D1BB68}.Release|Win32.Build.0 = Release|Win32
		{FA7BE5F5-E04F-4613-B7AC-70CE10D1BB68}.Release|x64.ActiveCfg = Release|x64
		{FA7BE5F5-E04F-4613-B7AC-70CE10D1BB68}.Release|x64.Build.0 = Release|x64
		{FA7BE5F5-E04F-4613-B7AC-70CE10D1BB68}.Release|x86.ActiveCfg = Release|x64
		{DECC7971-FA58-4DB0-9561-BFFADD393BBD}.Debug|Any CPU.ActiveCfg = Debug|Any CPU
		{DECC7971-FA58-4DB0-9561-BFFADD393BBD}.Debug|Any CPU.Build.0 = Debug|Any CPU
		{DECC7971-FA58-4DB0-9561-BFFADD393BBD}.Debug|Win32.ActiveCfg = Debug|Win32
		{DECC7971-FA58-4DB0-9561-BFFADD393BBD}.Debug|Win32.Build.0 = Debug|Win32
		{DECC7971-FA58-4DB0-9561-BFFADD393BBD}.Debug|x64.ActiveCfg = Debug|x64
		{DECC7971-FA58-4DB0-9561-BFFADD393BBD}.Debug|x64.Build.0 = Debug|x64
		{DECC7971-FA58-4DB0-9561-BFFADD393BBD}.Debug|x86.ActiveCfg = Debug|x64
		{DECC7971-FA58-4DB0-9561-BFFADD393BBD}.IncrementVersion|Any CPU.ActiveCfg = IncrementVersion|Any CPU
		{DECC7971-FA58-4DB0-9561-BFFADD393BBD}.IncrementVersion|Any CPU.Build.0 = IncrementVersion|Any CPU
		{DECC7971-FA58-4DB0-9561-BFFADD393BBD}.IncrementVersion|Win32.ActiveCfg = IncrementVersion|Win32
		{DECC7971-FA58-4DB0-9561-BFFADD393BBD}.IncrementVersion|Win32.Build.0 = IncrementVersion|Win32
		{DECC7971-FA58-4DB0-9561-BFFADD393BBD}.IncrementVersion|x64.ActiveCfg = IncrementVersion|x64
		{DECC7971-FA58-4DB0-9561-BFFADD393BBD}.IncrementVersion|x64.Build.0 = IncrementVersion|x64
		{DECC7971-FA58-4DB0-9561-BFFADD393BBD}.IncrementVersion|x86.ActiveCfg = IncrementVersion|x64
		{DECC7971-FA58-4DB0-9561-BFFADD393BBD}.Release|Any CPU.ActiveCfg = Release|Any CPU
		{DECC7971-FA58-4DB0-9561-BFFADD393BBD}.Release|Any CPU.Build.0 = Release|Any CPU
		{DECC7971-FA58-4DB0-9561-BFFADD393BBD}.Release|Win32.ActiveCfg = Release|Win32
		{DECC7971-FA58-4DB0-9561-BFFADD393BBD}.Release|Win32.Build.0 = Release|Win32
		{DECC7971-FA58-4DB0-9561-BFFADD393BBD}.Release|x64.ActiveCfg = Release|x64
		{DECC7971-FA58-4DB0-9561-BFFADD393BBD}.Release|x64.Build.0 = Release|x64
		{DECC7971-FA58-4DB0-9561-BFFADD393BBD}.Release|x86.ActiveCfg = Release|x64
		{666A22BB-0CB5-4C08-A20F-E17450DA6573}.Debug|Any CPU.ActiveCfg = Debug|Any CPU
		{666A22BB-0CB5-4C08-A20F-E17450DA6573}.Debug|Any CPU.Build.0 = Debug|Any CPU
		{666A22BB-0CB5-4C08-A20F-E17450DA6573}.Debug|Win32.ActiveCfg = Debug|Win32
		{666A22BB-0CB5-4C08-A20F-E17450DA6573}.Debug|Win32.Build.0 = Debug|Win32
		{666A22BB-0CB5-4C08-A20F-E17450DA6573}.Debug|x64.ActiveCfg = Debug|x64
		{666A22BB-0CB5-4C08-A20F-E17450DA6573}.Debug|x64.Build.0 = Debug|x64
		{666A22BB-0CB5-4C08-A20F-E17450DA6573}.Debug|x86.ActiveCfg = Debug|x64
		{666A22BB-0CB5-4C08-A20F-E17450DA6573}.IncrementVersion|Any CPU.ActiveCfg = IncrementVersion|Any CPU
		{666A22BB-0CB5-4C08-A20F-E17450DA6573}.IncrementVersion|Any CPU.Build.0 = IncrementVersion|Any CPU
		{666A22BB-0CB5-4C08-A20F-E17450DA6573}.IncrementVersion|Win32.ActiveCfg = IncrementVersion|Win32
		{666A22BB-0CB5-4C08-A20F-E17450DA6573}.IncrementVersion|Win32.Build.0 = IncrementVersion|Win32
		{666A22BB-0CB5-4C08-A20F-E17450DA6573}.IncrementVersion|x64.ActiveCfg = IncrementVersion|x64
		{666A22BB-0CB5-4C08-A20F-E17450DA6573}.IncrementVersion|x64.Build.0 = IncrementVersion|x64
		{666A22BB-0CB5-4C08-A20F-E17450DA6573}.IncrementVersion|x86.ActiveCfg = IncrementVersion|x64
		{666A22BB-0CB5-4C08-A20F-E17450DA6573}.Release|Any CPU.ActiveCfg = Release|Any CPU
		{666A22BB-0CB5-4C08-A20F-E17450DA6573}.Release|Any CPU.Build.0 = Release|Any CPU
		{666A22BB-0CB5-4C08-A20F-E17450DA6573}.Release|Win32.ActiveCfg = Release|Win32
		{666A22BB-0CB5-4C08-A20F-E17450DA6573}.Release|Win32.Build.0 = Release|Win32
		{666A22BB-0CB5-4C08-A20F-E17450DA6573}.Release|x64.ActiveCfg = Release|x64
		{666A22BB-0CB5-4C08-A20F-E17450DA6573}.Release|x64.Build.0 = Release|x64
		{666A22BB-0CB5-4C08-A20F-E17450DA6573}.Release|x86.ActiveCfg = Release|x64
		{A85D479D-67A9-4BDB-904A-7D86DAF68A6F}.Debug|Any CPU.ActiveCfg = Debug|Any CPU
		{A85D479D-67A9-4BDB-904A-7D86DAF68A6F}.Debug|Any CPU.Build.0 = Debug|Any CPU
		{A85D479D-67A9-4BDB-904A-7D86DAF68A6F}.Debug|Win32.ActiveCfg = Debug|Win32
		{A85D479D-67A9-4BDB-904A-7D86DAF68A6F}.Debug|Win32.Build.0 = Debug|Win32
		{A85D479D-67A9-4BDB-904A-7D86DAF68A6F}.Debug|x64.ActiveCfg = Debug|x64
		{A85D479D-67A9-4BDB-904A-7D86DAF68A6F}.Debug|x64.Build.0 = Debug|x64
		{A85D479D-67A9-4BDB-904A-7D86DAF68A6F}.Debug|x86.ActiveCfg = Debug|x64
		{A85D479D-67A9-4BDB-904A-7D86DAF68A6F}.IncrementVersion|Any CPU.ActiveCfg = IncrementVersion|Any CPU
		{A85D479D-67A9-4BDB-904A-7D86DAF68A6F}.IncrementVersion|Any CPU.Build.0 = IncrementVersion|Any CPU
		{A85D479D-67A9-4BDB-904A-7D86DAF68A6F}.IncrementVersion|Win32.ActiveCfg = IncrementVersion|Win32
		{A85D479D-67A9-4BDB-904A-7D86DAF68A6F}.IncrementVersion|Win32.Build.0 = IncrementVersion|Win32
		{A85D479D-67A9-4BDB-904A-7D86DAF68A6F}.IncrementVersion|x64.ActiveCfg = IncrementVersion|x64
		{A85D479D-67A9-4BDB-904A-7D86DAF68A6F}.IncrementVersion|x64.Build.0 = IncrementVersion|x64
		{A85D479D-67A9-4BDB-904A-7D86DAF68A6F}.IncrementVersion|x86.ActiveCfg = IncrementVersion|x64
		{A85D479D-67A9-4BDB-904A-7D86DAF68A6F}.Release|Any CPU.ActiveCfg = Release|Any CPU
		{A85D479D-67A9-4BDB-904A-7D86DAF68A6F}.Release|Any CPU.Build.0 = Release|Any CPU
		{A85D479D-67A9-4BDB-904A-7D86DAF68A6F}.Release|Win32.ActiveCfg = Release|Win32
		{A85D479D-67A9-4BDB-904A-7D86DAF68A6F}.Release|Win32.Build.0 = Release|Win32
		{A85D479D-67A9-4BDB-904A-7D86DAF68A6F}.Release|x64.ActiveCfg = Release|x64
		{A85D479D-67A9-4BDB-904A-7D86DAF68A6F}.Release|x64.Build.0 = Release|x64
		{A85D479D-67A9-4BDB-904A-7D86DAF68A6F}.Release|x86.ActiveCfg = Release|x64
		{29A4FA1F-A562-4ED1-86FB-5850EF5DA92C}.Debug|Any CPU.ActiveCfg = Debug|Any CPU
		{29A4FA1F-A562-4ED1-86FB-5850EF5DA92C}.Debug|Any CPU.Build.0 = Debug|Any CPU
		{29A4FA1F-A562-4ED1-86FB-5850EF5DA92C}.Debug|Win32.ActiveCfg = Debug|Win32
		{29A4FA1F-A562-4ED1-86FB-5850EF5DA92C}.Debug|Win32.Build.0 = Debug|Win32
		{29A4FA1F-A562-4ED1-86FB-5850EF5DA92C}.Debug|x64.ActiveCfg = Debug|x64
		{29A4FA1F-A562-4ED1-86FB-5850EF5DA92C}.Debug|x64.Build.0 = Debug|x64
		{29A4FA1F-A562-4ED1-86FB-5850EF5DA92C}.Debug|x86.ActiveCfg = Debug|x64
		{29A4FA1F-A562-4ED1-86FB-5850EF5DA92C}.IncrementVersion|Any CPU.ActiveCfg = IncrementVersion|Any CPU
		{29A4FA1F-A562-4ED1-86FB-5850EF5DA92C}.IncrementVersion|Any CPU.Build.0 = IncrementVersion|Any CPU
		{29A4FA1F-A562-4ED1-86FB-5850EF5DA92C}.IncrementVersion|Win32.ActiveCfg = IncrementVersion|Win32
		{29A4FA1F-A562-4ED1-86FB-5850EF5DA92C}.IncrementVersion|Win32.Build.0 = IncrementVersion|Win32
		{29A4FA1F-A562-4ED1-86FB-5850EF5DA92C}.IncrementVersion|x64.ActiveCfg = IncrementVersion|x64
		{29A4FA1F-A562-4ED1-86FB-5850EF5DA92C}.IncrementVersion|x64.Build.0 = IncrementVersion|x64
		{29A4FA1F-A562-4ED1-86FB-5850EF5DA92C}.IncrementVersion|x86.ActiveCfg = IncrementVersion|x64
		{29A4FA1F-A562-4ED1-86FB-5850EF5DA92C}.Release|Any CPU.ActiveCfg = Release|Any CPU
		{29A4FA1F-A562-4ED1-86FB-5850EF5DA92C}.Release|Any CPU.Build.0 = Release|Any CPU
		{29A4FA1F-A562-4ED1-86FB-5850EF5DA92C}.Release|Win32.ActiveCfg = Release|Win32
		{29A4FA1F-A562-4ED1-86FB-5850EF5DA92C}.Release|Win32.Build.0 = Release|Win32
		{29A4FA1F-A562-4ED1-86FB-5850EF5DA92C}.Release|x64.ActiveCfg = Release|x64
		{29A4FA1F-A562-4ED1-86FB-5850EF5DA92C}.Release|x64.Build.0 = Release|x64
		{29A4FA1F-A562-4ED1-86FB-5850EF5DA92C}.Release|x86.ActiveCfg = Release|x64
		{F3A5829D-EE15-4BE7-828F-2519172C6671}.Debug|Any CPU.ActiveCfg = Debug|x86
		{F3A5829D-EE15-4BE7-828F-2519172C6671}.Debug|Win32.ActiveCfg = Debug|Win32
		{F3A5829D-EE15-4BE7-828F-2519172C6671}.Debug|Win32.Build.0 = Debug|Win32
		{F3A5829D-EE15-4BE7-828F-2519172C6671}.Debug|x64.ActiveCfg = Debug|x64
		{F3A5829D-EE15-4BE7-828F-2519172C6671}.Debug|x64.Build.0 = Debug|x64
		{F3A5829D-EE15-4BE7-828F-2519172C6671}.Debug|x86.ActiveCfg = Debug|x86
		{F3A5829D-EE15-4BE7-828F-2519172C6671}.Debug|x86.Build.0 = Debug|x86
		{F3A5829D-EE15-4BE7-828F-2519172C6671}.IncrementVersion|Any CPU.ActiveCfg = IncrementVersion|x86
		{F3A5829D-EE15-4BE7-828F-2519172C6671}.IncrementVersion|Win32.ActiveCfg = IncrementVersion|Win32
		{F3A5829D-EE15-4BE7-828F-2519172C6671}.IncrementVersion|Win32.Build.0 = IncrementVersion|Win32
		{F3A5829D-EE15-4BE7-828F-2519172C6671}.IncrementVersion|x64.ActiveCfg = IncrementVersion|x64
		{F3A5829D-EE15-4BE7-828F-2519172C6671}.IncrementVersion|x64.Build.0 = IncrementVersion|x64
		{F3A5829D-EE15-4BE7-828F-2519172C6671}.IncrementVersion|x86.ActiveCfg = IncrementVersion|x86
		{F3A5829D-EE15-4BE7-828F-2519172C6671}.IncrementVersion|x86.Build.0 = IncrementVersion|x86
		{F3A5829D-EE15-4BE7-828F-2519172C6671}.Release|Any CPU.ActiveCfg = Release|x86
		{F3A5829D-EE15-4BE7-828F-2519172C6671}.Release|Win32.ActiveCfg = Release|Win32
		{F3A5829D-EE15-4BE7-828F-2519172C6671}.Release|Win32.Build.0 = Release|Win32
		{F3A5829D-EE15-4BE7-828F-2519172C6671}.Release|x64.ActiveCfg = Release|x64
		{F3A5829D-EE15-4BE7-828F-2519172C6671}.Release|x64.Build.0 = Release|x64
		{F3A5829D-EE15-4BE7-828F-2519172C6671}.Release|x86.ActiveCfg = Release|x86
		{F3A5829D-EE15-4BE7-828F-2519172C6671}.Release|x86.Build.0 = Release|x86
		{C42B194E-3333-45E8-BB26-D69D1A51EF0B}.Debug|Any CPU.ActiveCfg = Debug|Any CPU
		{C42B194E-3333-45E8-BB26-D69D1A51EF0B}.Debug|Any CPU.Build.0 = Debug|Any CPU
		{C42B194E-3333-45E8-BB26-D69D1A51EF0B}.Debug|Win32.ActiveCfg = Debug|Win32
		{C42B194E-3333-45E8-BB26-D69D1A51EF0B}.Debug|Win32.Build.0 = Debug|Win32
		{C42B194E-3333-45E8-BB26-D69D1A51EF0B}.Debug|x64.ActiveCfg = Debug|x64
		{C42B194E-3333-45E8-BB26-D69D1A51EF0B}.Debug|x64.Build.0 = Debug|x64
		{C42B194E-3333-45E8-BB26-D69D1A51EF0B}.Debug|x86.ActiveCfg = Debug|x64
		{C42B194E-3333-45E8-BB26-D69D1A51EF0B}.IncrementVersion|Any CPU.ActiveCfg = IncrementVersion|Any CPU
		{C42B194E-3333-45E8-BB26-D69D1A51EF0B}.IncrementVersion|Any CPU.Build.0 = IncrementVersion|Any CPU
		{C42B194E-3333-45E8-BB26-D69D1A51EF0B}.IncrementVersion|Win32.ActiveCfg = IncrementVersion|Win32
		{C42B194E-3333-45E8-BB26-D69D1A51EF0B}.IncrementVersion|Win32.Build.0 = IncrementVersion|Win32
		{C42B194E-3333-45E8-BB26-D69D1A51EF0B}.IncrementVersion|x64.ActiveCfg = IncrementVersion|x64
		{C42B194E-3333-45E8-BB26-D69D1A51EF0B}.IncrementVersion|x64.Build.0 = IncrementVersion|x64
		{C42B194E-3333-45E8-BB26-D69D1A51EF0B}.IncrementVersion|x86.ActiveCfg = IncrementVersion|x64
		{C42B194E-3333-45E8-BB26-D69D1A51EF0B}.Release|Any CPU.ActiveCfg = Release|Any CPU
		{C42B194E-3333-45E8-BB26-D69D1A51EF0B}.Release|Any CPU.Build.0 = Release|Any CPU
		{C42B194E-3333-45E8-BB26-D69D1A51EF0B}.Release|Win32.ActiveCfg = Release|Win32
		{C42B194E-3333-45E8-BB26-D69D1A51EF0B}.Release|Win32.Build.0 = Release|Win32
		{C42B194E-3333-45E8-BB26-D69D1A51EF0B}.Release|x64.ActiveCfg = Release|x64
		{C42B194E-3333-45E8-BB26-D69D1A51EF0B}.Release|x64.Build.0 = Release|x64
		{C42B194E-3333-45E8-BB26-D69D1A51EF0B}.Release|x86.ActiveCfg = Release|x64
		{6EC75EDA-17AC-453E-BA34-CB6796C4319B}.Debug|Any CPU.ActiveCfg = Debug|x64
		{6EC75EDA-17AC-453E-BA34-CB6796C4319B}.Debug|Win32.ActiveCfg = Debug|Win32
		{6EC75EDA-17AC-453E-BA34-CB6796C4319B}.Debug|Win32.Build.0 = Debug|Win32
		{6EC75EDA-17AC-453E-BA34-CB6796C4319B}.Debug|x64.ActiveCfg = Debug|x64
		{6EC75EDA-17AC-453E-BA34-CB6796C4319B}.Debug|x64.Build.0 = Debug|x64
		{6EC75EDA-17AC-453E-BA34-CB6796C4319B}.Debug|x86.ActiveCfg = Debug|x64
		{6EC75EDA-17AC-453E-BA34-CB6796C4319B}.IncrementVersion|Any CPU.ActiveCfg = Debug|x64
		{6EC75EDA-17AC-453E-BA34-CB6796C4319B}.IncrementVersion|Win32.ActiveCfg = Debug|x64
		{6EC75EDA-17AC-453E-BA34-CB6796C4319B}.IncrementVersion|x64.ActiveCfg = Debug|x64
		{6EC75EDA-17AC-453E-BA34-CB6796C4319B}.IncrementVersion|x64.Build.0 = Debug|x64
		{6EC75EDA-17AC-453E-BA34-CB6796C4319B}.IncrementVersion|x86.ActiveCfg = Debug|x64
		{6EC75EDA-17AC-453E-BA34-CB6796C4319B}.Release|Any CPU.ActiveCfg = Release|x64
		{6EC75EDA-17AC-453E-BA34-CB6796C4319B}.Release|Win32.ActiveCfg = Release|Win32
		{6EC75EDA-17AC-453E-BA34-CB6796C4319B}.Release|Win32.Build.0 = Release|Win32
		{6EC75EDA-17AC-453E-BA34-CB6796C4319B}.Release|x64.ActiveCfg = Release|x64
		{6EC75EDA-17AC-453E-BA34-CB6796C4319B}.Release|x64.Build.0 = Release|x64
		{6EC75EDA-17AC-453E-BA34-CB6796C4319B}.Release|x86.ActiveCfg = Release|x64
		{5AE43C93-8EF6-4D57-BC10-511035EF56C5}.Debug|Any CPU.ActiveCfg = Debug|Any CPU
		{5AE43C93-8EF6-4D57-BC10-511035EF56C5}.Debug|Any CPU.Build.0 = Debug|Any CPU
		{5AE43C93-8EF6-4D57-BC10-511035EF56C5}.Debug|Win32.ActiveCfg = Debug|Win32
		{5AE43C93-8EF6-4D57-BC10-511035EF56C5}.Debug|Win32.Build.0 = Debug|Win32
		{5AE43C93-8EF6-4D57-BC10-511035EF56C5}.Debug|x64.ActiveCfg = Debug|x64
		{5AE43C93-8EF6-4D57-BC10-511035EF56C5}.Debug|x64.Build.0 = Debug|x64
		{5AE43C93-8EF6-4D57-BC10-511035EF56C5}.Debug|x86.ActiveCfg = Debug|x64
		{5AE43C93-8EF6-4D57-BC10-511035EF56C5}.IncrementVersion|Any CPU.ActiveCfg = IncrementVersion|Any CPU
		{5AE43C93-8EF6-4D57-BC10-511035EF56C5}.IncrementVersion|Any CPU.Build.0 = IncrementVersion|Any CPU
		{5AE43C93-8EF6-4D57-BC10-511035EF56C5}.IncrementVersion|Win32.ActiveCfg = IncrementVersion|Win32
		{5AE43C93-8EF6-4D57-BC10-511035EF56C5}.IncrementVersion|Win32.Build.0 = IncrementVersion|Win32
		{5AE43C93-8EF6-4D57-BC10-511035EF56C5}.IncrementVersion|x64.ActiveCfg = IncrementVersion|x64
		{5AE43C93-8EF6-4D57-BC10-511035EF56C5}.IncrementVersion|x64.Build.0 = IncrementVersion|x64
		{5AE43C93-8EF6-4D57-BC10-511035EF56C5}.IncrementVersion|x86.ActiveCfg = IncrementVersion|x64
		{5AE43C93-8EF6-4D57-BC10-511035EF56C5}.Release|Any CPU.ActiveCfg = Release|Any CPU
		{5AE43C93-8EF6-4D57-BC10-511035EF56C5}.Release|Any CPU.Build.0 = Release|Any CPU
		{5AE43C93-8EF6-4D57-BC10-511035EF56C5}.Release|Win32.ActiveCfg = Release|Win32
		{5AE43C93-8EF6-4D57-BC10-511035EF56C5}.Release|Win32.Build.0 = Release|Win32
		{5AE43C93-8EF6-4D57-BC10-511035EF56C5}.Release|x64.ActiveCfg = Release|x64
		{5AE43C93-8EF6-4D57-BC10-511035EF56C5}.Release|x64.Build.0 = Release|x64
		{5AE43C93-8EF6-4D57-BC10-511035EF56C5}.Release|x86.ActiveCfg = Release|x64
		{9448EB2F-F0C7-438B-A7AF-76C5FD1BD256}.Debug|Any CPU.ActiveCfg = Debug|Any CPU
		{9448EB2F-F0C7-438B-A7AF-76C5FD1BD256}.Debug|Any CPU.Build.0 = Debug|Any CPU
		{9448EB2F-F0C7-438B-A7AF-76C5FD1BD256}.Debug|Win32.ActiveCfg = Debug|Win32
		{9448EB2F-F0C7-438B-A7AF-76C5FD1BD256}.Debug|Win32.Build.0 = Debug|Win32
		{9448EB2F-F0C7-438B-A7AF-76C5FD1BD256}.Debug|x64.ActiveCfg = Debug|x64
		{9448EB2F-F0C7-438B-A7AF-76C5FD1BD256}.Debug|x64.Build.0 = Debug|x64
		{9448EB2F-F0C7-438B-A7AF-76C5FD1BD256}.Debug|x86.ActiveCfg = Debug|x64
		{9448EB2F-F0C7-438B-A7AF-76C5FD1BD256}.IncrementVersion|Any CPU.ActiveCfg = IncrementVersion|Any CPU
		{9448EB2F-F0C7-438B-A7AF-76C5FD1BD256}.IncrementVersion|Any CPU.Build.0 = IncrementVersion|Any CPU
		{9448EB2F-F0C7-438B-A7AF-76C5FD1BD256}.IncrementVersion|Win32.ActiveCfg = IncrementVersion|Win32
		{9448EB2F-F0C7-438B-A7AF-76C5FD1BD256}.IncrementVersion|Win32.Build.0 = IncrementVersion|Win32
		{9448EB2F-F0C7-438B-A7AF-76C5FD1BD256}.IncrementVersion|x64.ActiveCfg = IncrementVersion|x64
		{9448EB2F-F0C7-438B-A7AF-76C5FD1BD256}.IncrementVersion|x64.Build.0 = IncrementVersion|x64
		{9448EB2F-F0C7-438B-A7AF-76C5FD1BD256}.IncrementVersion|x86.ActiveCfg = IncrementVersion|x64
		{9448EB2F-F0C7-438B-A7AF-76C5FD1BD256}.Release|Any CPU.ActiveCfg = Release|Any CPU
		{9448EB2F-F0C7-438B-A7AF-76C5FD1BD256}.Release|Any CPU.Build.0 = Release|Any CPU
		{9448EB2F-F0C7-438B-A7AF-76C5FD1BD256}.Release|Win32.ActiveCfg = Release|Win32
		{9448EB2F-F0C7-438B-A7AF-76C5FD1BD256}.Release|Win32.Build.0 = Release|Win32
		{9448EB2F-F0C7-438B-A7AF-76C5FD1BD256}.Release|x64.ActiveCfg = Release|x64
		{9448EB2F-F0C7-438B-A7AF-76C5FD1BD256}.Release|x64.Build.0 = Release|x64
		{9448EB2F-F0C7-438B-A7AF-76C5FD1BD256}.Release|x86.ActiveCfg = Release|x64
		{11DCE865-22FA-41B8-9D56-9FBEA8FAB146}.Debug|Any CPU.ActiveCfg = Debug|Any CPU
		{11DCE865-22FA-41B8-9D56-9FBEA8FAB146}.Debug|Any CPU.Build.0 = Debug|Any CPU
		{11DCE865-22FA-41B8-9D56-9FBEA8FAB146}.Debug|Win32.ActiveCfg = Debug|Win32
		{11DCE865-22FA-41B8-9D56-9FBEA8FAB146}.Debug|Win32.Build.0 = Debug|Win32
		{11DCE865-22FA-41B8-9D56-9FBEA8FAB146}.Debug|x64.ActiveCfg = Debug|x64
		{11DCE865-22FA-41B8-9D56-9FBEA8FAB146}.Debug|x64.Build.0 = Debug|x64
		{11DCE865-22FA-41B8-9D56-9FBEA8FAB146}.Debug|x86.ActiveCfg = Debug|x64
		{11DCE865-22FA-41B8-9D56-9FBEA8FAB146}.IncrementVersion|Any CPU.ActiveCfg = IncrementVersion|Any CPU
		{11DCE865-22FA-41B8-9D56-9FBEA8FAB146}.IncrementVersion|Any CPU.Build.0 = IncrementVersion|Any CPU
		{11DCE865-22FA-41B8-9D56-9FBEA8FAB146}.IncrementVersion|Win32.ActiveCfg = IncrementVersion|Win32
		{11DCE865-22FA-41B8-9D56-9FBEA8FAB146}.IncrementVersion|Win32.Build.0 = IncrementVersion|Win32
		{11DCE865-22FA-41B8-9D56-9FBEA8FAB146}.IncrementVersion|x64.ActiveCfg = IncrementVersion|x64
		{11DCE865-22FA-41B8-9D56-9FBEA8FAB146}.IncrementVersion|x64.Build.0 = IncrementVersion|x64
		{11DCE865-22FA-41B8-9D56-9FBEA8FAB146}.IncrementVersion|x86.ActiveCfg = IncrementVersion|x64
		{11DCE865-22FA-41B8-9D56-9FBEA8FAB146}.Release|Any CPU.ActiveCfg = Release|Any CPU
		{11DCE865-22FA-41B8-9D56-9FBEA8FAB146}.Release|Any CPU.Build.0 = Release|Any CPU
		{11DCE865-22FA-41B8-9D56-9FBEA8FAB146}.Release|Win32.ActiveCfg = Release|Win32
		{11DCE865-22FA-41B8-9D56-9FBEA8FAB146}.Release|Win32.Build.0 = Release|Win32
		{11DCE865-22FA-41B8-9D56-9FBEA8FAB146}.Release|x64.ActiveCfg = Release|x64
		{11DCE865-22FA-41B8-9D56-9FBEA8FAB146}.Release|x64.Build.0 = Release|x64
		{11DCE865-22FA-41B8-9D56-9FBEA8FAB146}.Release|x86.ActiveCfg = Release|x64
	EndGlobalSection
	GlobalSection(SolutionProperties) = preSolution
		HideSolutionNode = FALSE
	EndGlobalSection
EndGlobal
