
Microsoft Visual Studio Solution File, Format Version 12.00
# Visual Studio 15
VisualStudioVersion = 15.0.27911.0
MinimumVisualStudioVersion = 10.0.40219.1
Project("{888888A0-9F3D-457C-B088-3A5042F75D52}") = "PythonApplicationSearchPathReference", "PythonApplication\PythonApplicationSearchPathReference.pyproj", "{7498888E-013B-4825-BD68-0B37E1D0E15C}"
EndProject
Global
	GlobalSection(SolutionConfigurationPlatforms) = preSolution
		Debug|Any CPU = Debug|Any CPU
		Release|Any CPU = Release|Any CPU
	EndGlobalSection
	GlobalSection(ProjectConfigurationPlatforms) = postSolution
		{7498888E-013B-4825-BD68-0B37E1D0E15C}.Debug|Any CPU.ActiveCfg = Debug|Any CPU
		{7498888E-013B-4825-BD68-0B37E1D0E15C}.Release|Any CPU.ActiveCfg = Release|Any CPU
	EndGlobalSection
	GlobalSection(SolutionProperties) = preSolution
		HideSolutionNode = FALSE
	EndGlobalSection
	GlobalSection(ExtensibilityGlobals) = postSolution
		SolutionGuid = {E5CE3349-B075-4716-B186-013F366EAE8E}
	EndGlobalSection
EndGlobal
