
Microsoft Visual Studio Solution File, Format Version 11.00
# Visual Studio 2010
Project("{888888A0-9F3D-457C-B088-3A5042F75D52}") = "Unknown", "Unknown.pyproj", "{ca4c1bd6-d045-46e9-89c8-32a3e9453e50}"
EndProject
Global
	GlobalSection(SolutionConfigurationPlatforms) = preSolution
		Debug|Any CPU = Debug|Any CPU
		Release|Any CPU = Release|Any CPU
	EndGlobalSection
	GlobalSection(ProjectConfigurationPlatforms) = postSolution
		{ca4c1bd6-d045-46e9-89c8-32a3e9453e50}.Debug|Any CPU.ActiveCfg = Debug|Any CPU
		{ca4c1bd6-d045-46e9-89c8-32a3e9453e50}.Debug|Any CPU.Build.0 = Debug|Any CPU
		{ca4c1bd6-d045-46e9-89c8-32a3e9453e50}.Release|Any CPU.ActiveCfg = Release|Any CPU
		{ca4c1bd6-d045-46e9-89c8-32a3e9453e50}.Release|Any CPU.Build.0 = Release|Any CPU
	EndGlobalSection
	GlobalSection(SolutionProperties) = preSolution
		HideSolutionNode = FALSE
	EndGlobalSection
EndGlobal
