
Microsoft Visual Studio Solution File, Format Version 11.00
# Visual Studio 2010
Project("{888888A0-9F3D-457C-B088-3A5042F75D52}") = "DjangoTemplateCodeIntelligence", "DjangoTemplateCodeIntelligence\DjangoTemplateCodeIntelligence.pyproj", "{75402645-0C2A-430F-B603-5F367A269443}"
EndProject
Global
	GlobalSection(SolutionConfigurationPlatforms) = preSolution
		Debug|Any CPU = Debug|Any CPU
		Release|Any CPU = Release|Any CPU
	EndGlobalSection
	GlobalSection(ProjectConfigurationPlatforms) = postSolution
		{75402645-0C2A-430F-B603-5F367A269443}.Debug|Any CPU.ActiveCfg = Debug|Any CPU
		{75402645-0C2A-430F-B603-5F367A269443}.Release|Any CPU.ActiveCfg = Release|Any CPU
	EndGlobalSection
	GlobalSection(SolutionProperties) = preSolution
		HideSolutionNode = FALSE
	EndGlobalSection
EndGlobal
