
Microsoft Visual Studio Solution File, Format Version 11.00
# Visual Studio 2010
Project("{888888A0-9F3D-457C-B088-3A5042F75D52}") = "HelloWorld", "MissingFiles\HelloWorld.pyproj", "{9CBD4BF5-D3A2-49C9-9576-494274168C6C}"
EndProject
Global
	GlobalSection(SolutionConfigurationPlatforms) = preSolution
		Debug|Any CPU = Debug|Any CPU
		Release|Any CPU = Release|Any CPU
	EndGlobalSection
	GlobalSection(ProjectConfigurationPlatforms) = postSolution
		{9CBD4BF5-D3A2-49C9-9576-494274168C6C}.Debug|Any CPU.ActiveCfg = Debug|Any CPU
		{9CBD4BF5-D3A2-49C9-9576-494274168C6C}.Debug|Any CPU.Build.0 = Debug|Any CPU
		{9CBD4BF5-D3A2-49C9-9576-494274168C6C}.Release|Any CPU.ActiveCfg = Release|Any CPU
		{9CBD4BF5-D3A2-49C9-9576-494274168C6C}.Release|Any CPU.Build.0 = Release|Any CPU
	EndGlobalSection
	GlobalSection(SolutionProperties) = preSolution
		HideSolutionNode = FALSE
	EndGlobalSection
EndGlobal
