
Microsoft Visual Studio Solution File, Format Version 11.00
# Visual Studio 2010
Project("{888888A0-9F3D-457C-B088-3A5042F75D52}") = "HelloWorld", "UnicodePathä\HelloWorld.pyproj", "{12535E18-06DA-4F15-B99E-8F492FE721E2}"
EndProject
Global
	GlobalSection(SolutionConfigurationPlatforms) = preSolution
		Debug|Any CPU = Debug|Any CPU
		Release|Any CPU = Release|Any CPU
	EndGlobalSection
	GlobalSection(ProjectConfigurationPlatforms) = postSolution
		{12535E18-06DA-4F15-B99E-8F492FE721E2}.Debug|Any CPU.ActiveCfg = Debug|Any CPU
		{12535E18-06DA-4F15-B99E-8F492FE721E2}.Debug|Any CPU.Build.0 = Debug|Any CPU
		{12535E18-06DA-4F15-B99E-8F492FE721E2}.Release|Any CPU.ActiveCfg = Release|Any CPU
		{12535E18-06DA-4F15-B99E-8F492FE721E2}.Release|Any CPU.Build.0 = Release|Any CPU
	EndGlobalSection
	GlobalSection(SolutionProperties) = preSolution
		HideSolutionNode = FALSE
	EndGlobalSection
EndGlobal
