
Microsoft Visual Studio Solution File, Format Version 12.00
# Visual Studio 2012
Project("{888888A0-9F3D-457C-B088-3A5042F75D52}") = "FormattingTests", "FormattingTests.pyproj", "{C60BB745-27A1-4D01-AD11-2AB36F85C2AC}"
EndProject
Global
	GlobalSection(SolutionConfigurationPlatforms) = preSolution
		Debug|Any CPU = Debug|Any CPU
		Release|Any CPU = Release|Any CPU
	EndGlobalSection
	GlobalSection(ProjectConfigurationPlatforms) = postSolution
		{C60BB745-27A1-4D01-AD11-2AB36F85C2AC}.Debug|Any CPU.ActiveCfg = Debug|Any CPU
		{C60BB745-27A1-4D01-AD11-2AB36F85C2AC}.Release|Any CPU.ActiveCfg = Release|Any CPU
	EndGlobalSection
	GlobalSection(SolutionProperties) = preSolution
		HideSolutionNode = FALSE
	EndGlobalSection
EndGlobal
