
Microsoft Visual Studio Solution File, Format Version 11.00
# Visual Studio 2010
Project("{888888A0-9F3D-457C-B088-3A5042F75D52}") = "Commands1", "Commands1.pyproj", "{b0e8091b-ec26-4264-b7ef-80a45fb3c470}"
EndProject
Global
	GlobalSection(SolutionConfigurationPlatforms) = preSolution
		Debug|Any CPU = Debug|Any CPU
		Release|Any CPU = Release|Any CPU
	EndGlobalSection
	GlobalSection(ProjectConfigurationPlatforms) = postSolution
		{b0e8091b-ec26-4264-b7ef-80a45fb3c470}.Debug|Any CPU.ActiveCfg = Debug|Any CPU
		{b0e8091b-ec26-4264-b7ef-80a45fb3c470}.Debug|Any CPU.Build.0 = Debug|Any CPU
		{b0e8091b-ec26-4264-b7ef-80a45fb3c470}.Release|Any CPU.ActiveCfg = Release|Any CPU
		{b0e8091b-ec26-4264-b7ef-80a45fb3c470}.Release|Any CPU.Build.0 = Release|Any CPU
	EndGlobalSection
	GlobalSection(SolutionProperties) = preSolution
		HideSolutionNode = FALSE
	EndGlobalSection
EndGlobal
