
Microsoft Visual Studio Solution File, Format Version 12.00
# Visual Studio 15
VisualStudioVersion = 15.0.26915.1
MinimumVisualStudioVersion = 10.0.40219.1
Project("{888888A0-9F3D-457C-B088-3A5042F75D52}") = "Commands2", "Commands2.pyproj", "{01EA54C1-2F6B-4808-839F-0B5937CA7BC7}"
EndProject
Global
	GlobalSection(SolutionConfigurationPlatforms) = preSolution
		Debug|Any CPU = Debug|Any CPU
		Release|Any CPU = Release|Any CPU
	EndGlobalSection
	GlobalSection(ProjectConfigurationPlatforms) = postSolution
		{01EA54C1-2F6B-4808-839F-0B5937CA7BC7}.Debug|Any CPU.ActiveCfg = Debug|Any CPU
		{01EA54C1-2F6B-4808-839F-0B5937CA7BC7}.Debug|Any CPU.Build.0 = Debug|Any CPU
		{01EA54C1-2F6B-4808-839F-0B5937CA7BC7}.Release|Any CPU.ActiveCfg = Release|Any CPU
		{01EA54C1-2F6B-4808-839F-0B5937CA7BC7}.Release|Any CPU.Build.0 = Release|Any CPU
	EndGlobalSection
	GlobalSection(SolutionProperties) = preSolution
		HideSolutionNode = FALSE
	EndGlobalSection
EndGlobal
