
Microsoft Visual Studio Solution File, Format Version 12.00
# Visual Studio 15
VisualStudioVersion = 15.0.26915.1
MinimumVisualStudioVersion = 10.0.40219.1
Project("{888888A0-9F3D-457C-B088-3A5042F75D52}") = "CommandSearchPath", "CommandSearchPath.pyproj", "{12535E18-06DA-4F15-B99E-8F492FE721E3}"
EndProject
Global
	GlobalSection(SolutionConfigurationPlatforms) = preSolution
		Debug|Any CPU = Debug|Any CPU
		Release|Any CPU = Release|Any CPU
	EndGlobalSection
	GlobalSection(ProjectConfigurationPlatforms) = postSolution
		{12535E18-06DA-4F15-B99E-8F492FE721E3}.Debug|Any CPU.ActiveCfg = Debug|Any CPU
		{12535E18-06DA-4F15-B99E-8F492FE721E3}.Release|Any CPU.ActiveCfg = Release|Any CPU
	EndGlobalSection
	GlobalSection(SolutionProperties) = preSolution
		HideSolutionNode = FALSE
	EndGlobalSection
	GlobalSection(ExtensibilityGlobals) = postSolution
		SolutionGuid = {33CD2942-ABF3-4D64-B1CF-FA6CA52B2258}
	EndGlobalSection
EndGlobal
