
Microsoft Visual Studio Solution File, Format Version 12.00
# Visual Studio Version 17
VisualStudioVersion = 17.2.32210.308
MinimumVisualStudioVersion = 10.0.40219.1
Project("{FAE04EC0-301F-11D3-BF4B-00C04F79EFBC}") = "App1", "App1.csproj", "{BBC06F14-6121-4B9F-9266-6ACC40C1B6D9}"
EndProject
Global
	GlobalSection(SolutionConfigurationPlatforms) = preSolution
		Debug|Any CPU = Debug|Any CPU
		Release|Any CPU = Release|Any CPU
	EndGlobalSection
	GlobalSection(ProjectConfigurationPlatforms) = postSolution
		{BBC06F14-6121-4B9F-9266-6ACC40C1B6D9}.Debug|Any CPU.ActiveCfg = Debug|Any CPU
		{BBC06F14-6121-4B9F-9266-6ACC40C1B6D9}.Debug|Any CPU.Build.0 = Debug|Any CPU
		{BBC06F14-6121-4B9F-9266-6ACC40C1B6D9}.Debug|Any CPU.Deploy.0 = Debug|Any CPU
		{BBC06F14-6121-4B9F-9266-6ACC40C1B6D9}.Release|Any CPU.ActiveCfg = Release|Any CPU
		{BBC06F14-6121-4B9F-9266-6ACC40C1B6D9}.Release|Any CPU.Build.0 = Release|Any CPU
		{BBC06F14-6121-4B9F-9266-6ACC40C1B6D9}.Release|Any CPU.Deploy.0 = Release|Any CPU
	EndGlobalSection
	GlobalSection(SolutionProperties) = preSolution
		HideSolutionNode = FALSE
	EndGlobalSection
	GlobalSection(ExtensibilityGlobals) = postSolution
		SolutionGuid = {0464CBC5-6290-4B35-95EF-CFC1FAD38326}
	EndGlobalSection
EndGlobal
