
Microsoft Visual Studio Solution File, Format Version 12.00
# Visual Studio Version 17
VisualStudioVersion = 17.2.32210.308
MinimumVisualStudioVersion = 10.0.40219.1
Project("{FAE04EC0-301F-11D3-BF4B-00C04F79EFBC}") = "App2", "App2.csproj", "{E9074BDD-CFAF-46AE-BDC6-319B01E84CFA}"
EndProject
Global
	GlobalSection(SolutionConfigurationPlatforms) = preSolution
		Debug|Any CPU = Debug|Any CPU
		Release|Any CPU = Release|Any CPU
	EndGlobalSection
	GlobalSection(ProjectConfigurationPlatforms) = postSolution
		{E9074BDD-CFAF-46AE-BDC6-319B01E84CFA}.Debug|Any CPU.ActiveCfg = Debug|Any CPU
		{E9074BDD-CFAF-46AE-BDC6-319B01E84CFA}.Debug|Any CPU.Build.0 = Debug|Any CPU
		{E9074BDD-CFAF-46AE-BDC6-319B01E84CFA}.Debug|Any CPU.Deploy.0 = Debug|Any CPU
		{E9074BDD-CFAF-46AE-BDC6-319B01E84CFA}.Release|Any CPU.ActiveCfg = Release|Any CPU
		{E9074BDD-CFAF-46AE-BDC6-319B01E84CFA}.Release|Any CPU.Build.0 = Release|Any CPU
		{E9074BDD-CFAF-46AE-BDC6-319B01E84CFA}.Release|Any CPU.Deploy.0 = Release|Any CPU
	EndGlobalSection
	GlobalSection(SolutionProperties) = preSolution
		HideSolutionNode = FALSE
	EndGlobalSection
	GlobalSection(ExtensibilityGlobals) = postSolution
		SolutionGuid = {234AECC6-E404-4F14-9C40-DF380A063CB8}
	EndGlobalSection
EndGlobal
