
Microsoft Visual Studio Solution File, Format Version 11.00
# Visual Studio 2010
Project("{2150E333-8FDC-42A3-9474-1A3956D46DE8}") = "Solution Items", "Solution Items", "{523F72C2-B682-4574-8240-8D7E17962C70}"
EndProject
Project("{FAE04EC0-301F-11D3-BF4B-00C04F79EFBC}") = "Microsoft.TC.TestHostAdapters", "Microsoft.TC.TestHostAdapters\Microsoft.TC.TestHostAdapters.csproj", "{BD7412A0-A329-44F1-B4BA-6D6A84761342}"
EndProject
Project("{FAE04EC0-301F-11D3-BF4B-00C04F79EFBC}") = "Microsoft.TC.TestHostAdaptersFramework", "Microsoft.TC.TestHostAdaptersFramework\Microsoft.TC.TestHostAdaptersFramework.csproj", "{BD7412A0-A329-44F1-B4BA-6D6A84761343}"
EndProject
Project("{FAE04EC0-301F-11D3-BF4B-00C04F79EFBC}") = "Microsoft.TC.RemoteTest", "Microsoft.TC.RemoteTest\Microsoft.TC.RemoteTest.csproj", "{6679E9D3-4657-44F5-B7A4-66E180C5F889}"
EndProject
Project("{930C7802-8A8C-48F9-8165-68863BCCD9DD}") = "TestHostAdaptersInstaller", "TestHostAdaptersInstaller\TestHostAdaptersInstaller.wixproj", "{D5306A0D-9603-4CE2-BE65-B1653F2937B4}"
EndProject
Global
	GlobalSection(TeamFoundationVersionControl) = preSolution
		SccNumberOfProjects = 5
		SccEnterpriseProvider = {4CA58AB2-18FA-4F8D-95D4-32DDF27D184C}
		SccTeamFoundationServer = http://vstspioneer:8080/tfs/tc
		SccLocalPath0 = .
		SccProjectUniqueName1 = Microsoft.TC.TestHostAdapters\\Microsoft.TC.TestHostAdapters.csproj
		SccProjectName1 = Microsoft.TC.TestHostAdapters
		SccLocalPath1 = Microsoft.TC.TestHostAdapters
		SccProjectUniqueName2 = Microsoft.TC.TestHostAdaptersFramework\\Microsoft.TC.TestHostAdaptersFramework.csproj
		SccProjectName2 = Microsoft.TC.TestHostAdaptersFramework
		SccLocalPath2 = Microsoft.TC.TestHostAdaptersFramework
		SccProjectUniqueName3 = Microsoft.TC.RemoteTest\\Microsoft.TC.RemoteTest.csproj
		SccProjectName3 = Microsoft.TC.RemoteTest
		SccLocalPath3 = Microsoft.TC.RemoteTest
		SccProjectUniqueName4 = TestHostAdaptersInstaller\\TestHostAdaptersInstaller.wixproj
		SccProjectName4 = TestHostAdaptersInstaller
		SccLocalPath4 = TestHostAdaptersInstaller
	EndGlobalSection
	GlobalSection(SolutionConfigurationPlatforms) = preSolution
		Debug|Any CPU = Debug|Any CPU
		Debug|Mixed Platforms = Debug|Mixed Platforms
		Debug|Win32 = Debug|Win32
		Debug|x64 = Debug|x64
		Debug|x86 = Debug|x86
		IncrementVersion|Any CPU = IncrementVersion|Any CPU
		IncrementVersion|Mixed Platforms = IncrementVersion|Mixed Platforms
		IncrementVersion|Win32 = IncrementVersion|Win32
		IncrementVersion|x64 = IncrementVersion|x64
		IncrementVersion|x86 = IncrementVersion|x86
		Release|Any CPU = Release|Any CPU
		Release|Mixed Platforms = Release|Mixed Platforms
		Release|Win32 = Release|Win32
		Release|x64 = Release|x64
		Release|x86 = Release|x86
	EndGlobalSection
	GlobalSection(ProjectConfigurationPlatforms) = postSolution
		{BD7412A0-A329-44F1-B4BA-6D6A84761342}.Debug|Any CPU.ActiveCfg = Debug|Any CPU
		{BD7412A0-A329-44F1-B4BA-6D6A84761342}.Debug|Any CPU.Build.0 = Debug|Any CPU
		{BD7412A0-A329-44F1-B4BA-6D6A84761342}.Debug|Mixed Platforms.ActiveCfg = Debug|Any CPU
		{BD7412A0-A329-44F1-B4BA-6D6A84761342}.Debug|Mixed Platforms.Build.0 = Debug|Any CPU
		{BD7412A0-A329-44F1-B4BA-6D6A84761342}.Debug|Win32.ActiveCfg = Debug|Any CPU
		{BD7412A0-A329-44F1-B4BA-6D6A84761342}.Debug|x64.ActiveCfg = Debug|Any CPU
		{BD7412A0-A329-44F1-B4BA-6D6A84761342}.Debug|x86.ActiveCfg = Debug|Any CPU
		{BD7412A0-A329-44F1-B4BA-6D6A84761342}.IncrementVersion|Any CPU.ActiveCfg = Release|Any CPU
		{BD7412A0-A329-44F1-B4BA-6D6A84761342}.IncrementVersion|Any CPU.Build.0 = Release|Any CPU
		{BD7412A0-A329-44F1-B4BA-6D6A84761342}.IncrementVersion|Mixed Platforms.ActiveCfg = Release|Any CPU
		{BD7412A0-A329-44F1-B4BA-6D6A84761342}.IncrementVersion|Mixed Platforms.Build.0 = Release|Any CPU
		{BD7412A0-A329-44F1-B4BA-6D6A84761342}.IncrementVersion|Win32.ActiveCfg = Release|Any CPU
		{BD7412A0-A329-44F1-B4BA-6D6A84761342}.IncrementVersion|x64.ActiveCfg = Release|Any CPU
		{BD7412A0-A329-44F1-B4BA-6D6A84761342}.IncrementVersion|x86.ActiveCfg = Release|Any CPU
		{BD7412A0-A329-44F1-B4BA-6D6A84761342}.Release|Any CPU.ActiveCfg = Debug|Any CPU
		{BD7412A0-A329-44F1-B4BA-6D6A84761342}.Release|Any CPU.Build.0 = Debug|Any CPU
		{BD7412A0-A329-44F1-B4BA-6D6A84761342}.Release|Mixed Platforms.ActiveCfg = Release|Any CPU
		{BD7412A0-A329-44F1-B4BA-6D6A84761342}.Release|Mixed Platforms.Build.0 = Release|Any CPU
		{BD7412A0-A329-44F1-B4BA-6D6A84761342}.Release|Win32.ActiveCfg = Release|Any CPU
		{BD7412A0-A329-44F1-B4BA-6D6A84761342}.Release|x64.ActiveCfg = Release|Any CPU
		{BD7412A0-A329-44F1-B4BA-6D6A84761342}.Release|x86.ActiveCfg = Release|Any CPU
		{BD7412A0-A329-44F1-B4BA-6D6A84761343}.Debug|Any CPU.ActiveCfg = Debug|Any CPU
		{BD7412A0-A329-44F1-B4BA-6D6A84761343}.Debug|Any CPU.Build.0 = Debug|Any CPU
		{BD7412A0-A329-44F1-B4BA-6D6A84761343}.Debug|Mixed Platforms.ActiveCfg = Debug|Any CPU
		{BD7412A0-A329-44F1-B4BA-6D6A84761343}.Debug|Mixed Platforms.Build.0 = Debug|Any CPU
		{BD7412A0-A329-44F1-B4BA-6D6A84761343}.Debug|Win32.ActiveCfg = Debug|Any CPU
		{BD7412A0-A329-44F1-B4BA-6D6A84761343}.Debug|x64.ActiveCfg = Debug|Any CPU
		{BD7412A0-A329-44F1-B4BA-6D6A84761343}.Debug|x86.ActiveCfg = Debug|Any CPU
		{BD7412A0-A329-44F1-B4BA-6D6A84761343}.IncrementVersion|Any CPU.ActiveCfg = Release|Any CPU
		{BD7412A0-A329-44F1-B4BA-6D6A84761343}.IncrementVersion|Any CPU.Build.0 = Release|Any CPU
		{BD7412A0-A329-44F1-B4BA-6D6A84761343}.IncrementVersion|Mixed Platforms.ActiveCfg = Release|Any CPU
		{BD7412A0-A329-44F1-B4BA-6D6A84761343}.IncrementVersion|Mixed Platforms.Build.0 = Release|Any CPU
		{BD7412A0-A329-44F1-B4BA-6D6A84761343}.IncrementVersion|Win32.ActiveCfg = Release|Any CPU
		{BD7412A0-A329-44F1-B4BA-6D6A84761343}.IncrementVersion|x64.ActiveCfg = Release|Any CPU
		{BD7412A0-A329-44F1-B4BA-6D6A84761343}.IncrementVersion|x86.ActiveCfg = Release|Any CPU
		{BD7412A0-A329-44F1-B4BA-6D6A84761343}.Release|Any CPU.ActiveCfg = Debug|Any CPU
		{BD7412A0-A329-44F1-B4BA-6D6A84761343}.Release|Any CPU.Build.0 = Debug|Any CPU
		{BD7412A0-A329-44F1-B4BA-6D6A84761343}.Release|Mixed Platforms.ActiveCfg = Release|Any CPU
		{BD7412A0-A329-44F1-B4BA-6D6A84761343}.Release|Mixed Platforms.Build.0 = Release|Any CPU
		{BD7412A0-A329-44F1-B4BA-6D6A84761343}.Release|Win32.ActiveCfg = Release|Any CPU
		{BD7412A0-A329-44F1-B4BA-6D6A84761343}.Release|x64.ActiveCfg = Release|Any CPU
		{BD7412A0-A329-44F1-B4BA-6D6A84761343}.Release|x86.ActiveCfg = Release|Any CPU
		{6679E9D3-4657-44F5-B7A4-66E180C5F889}.Debug|Any CPU.ActiveCfg = Debug|Any CPU
		{6679E9D3-4657-44F5-B7A4-66E180C5F889}.Debug|Any CPU.Build.0 = Debug|Any CPU
		{6679E9D3-4657-44F5-B7A4-66E180C5F889}.Debug|Mixed Platforms.ActiveCfg = Debug|Any CPU
		{6679E9D3-4657-44F5-B7A4-66E180C5F889}.Debug|Mixed Platforms.Build.0 = Debug|Any CPU
		{6679E9D3-4657-44F5-B7A4-66E180C5F889}.Debug|Win32.ActiveCfg = Debug|Any CPU
		{6679E9D3-4657-44F5-B7A4-66E180C5F889}.Debug|x64.ActiveCfg = Debug|Any CPU
		{6679E9D3-4657-44F5-B7A4-66E180C5F889}.Debug|x86.ActiveCfg = Debug|Any CPU
		{6679E9D3-4657-44F5-B7A4-66E180C5F889}.IncrementVersion|Any CPU.ActiveCfg = Release|Any CPU
		{6679E9D3-4657-44F5-B7A4-66E180C5F889}.IncrementVersion|Any CPU.Build.0 = Release|Any CPU
		{6679E9D3-4657-44F5-B7A4-66E180C5F889}.IncrementVersion|Mixed Platforms.ActiveCfg = Release|Any CPU
		{6679E9D3-4657-44F5-B7A4-66E180C5F889}.IncrementVersion|Mixed Platforms.Build.0 = Release|Any CPU
		{6679E9D3-4657-44F5-B7A4-66E180C5F889}.IncrementVersion|Win32.ActiveCfg = Release|Any CPU
		{6679E9D3-4657-44F5-B7A4-66E180C5F889}.IncrementVersion|x64.ActiveCfg = Release|Any CPU
		{6679E9D3-4657-44F5-B7A4-66E180C5F889}.IncrementVersion|x86.ActiveCfg = Release|Any CPU
		{6679E9D3-4657-44F5-B7A4-66E180C5F889}.Release|Any CPU.ActiveCfg = Release|Any CPU
		{6679E9D3-4657-44F5-B7A4-66E180C5F889}.Release|Any CPU.Build.0 = Release|Any CPU
		{6679E9D3-4657-44F5-B7A4-66E180C5F889}.Release|Mixed Platforms.ActiveCfg = Release|Any CPU
		{6679E9D3-4657-44F5-B7A4-66E180C5F889}.Release|Mixed Platforms.Build.0 = Release|Any CPU
		{6679E9D3-4657-44F5-B7A4-66E180C5F889}.Release|Win32.ActiveCfg = Release|Any CPU
		{6679E9D3-4657-44F5-B7A4-66E180C5F889}.Release|x64.ActiveCfg = Release|Any CPU
		{6679E9D3-4657-44F5-B7A4-66E180C5F889}.Release|x86.ActiveCfg = Release|Any CPU
		{D5306A0D-9603-4CE2-BE65-B1653F2937B4}.Debug|Any CPU.ActiveCfg = Debug|x86
		{D5306A0D-9603-4CE2-BE65-B1653F2937B4}.Debug|Mixed Platforms.ActiveCfg = Debug|x86
		{D5306A0D-9603-4CE2-BE65-B1653F2937B4}.Debug|Mixed Platforms.Build.0 = Debug|x86
		{D5306A0D-9603-4CE2-BE65-B1653F2937B4}.Debug|Win32.ActiveCfg = Debug|x86
		{D5306A0D-9603-4CE2-BE65-B1653F2937B4}.Debug|x64.ActiveCfg = Debug|x86
		{D5306A0D-9603-4CE2-BE65-B1653F2937B4}.Debug|x86.ActiveCfg = Debug|x86
		{D5306A0D-9603-4CE2-BE65-B1653F2937B4}.Debug|x86.Build.0 = Debug|x86
		{D5306A0D-9603-4CE2-BE65-B1653F2937B4}.IncrementVersion|Any CPU.ActiveCfg = Release|x86
		{D5306A0D-9603-4CE2-BE65-B1653F2937B4}.IncrementVersion|Mixed Platforms.ActiveCfg = Release|x86
		{D5306A0D-9603-4CE2-BE65-B1653F2937B4}.IncrementVersion|Mixed Platforms.Build.0 = Release|x86
		{D5306A0D-9603-4CE2-BE65-B1653F2937B4}.IncrementVersion|Win32.ActiveCfg = Release|x86
		{D5306A0D-9603-4CE2-BE65-B1653F2937B4}.IncrementVersion|x64.ActiveCfg = Release|x86
		{D5306A0D-9603-4CE2-BE65-B1653F2937B4}.IncrementVersion|x86.ActiveCfg = Release|x86
		{D5306A0D-9603-4CE2-BE65-B1653F2937B4}.IncrementVersion|x86.Build.0 = Release|x86
		{D5306A0D-9603-4CE2-BE65-B1653F2937B4}.Release|Any CPU.ActiveCfg = Release|x86
		{D5306A0D-9603-4CE2-BE65-B1653F2937B4}.Release|Mixed Platforms.ActiveCfg = Release|x86
		{D5306A0D-9603-4CE2-BE65-B1653F2937B4}.Release|Mixed Platforms.Build.0 = Release|x86
		{D5306A0D-9603-4CE2-BE65-B1653F2937B4}.Release|Win32.ActiveCfg = Release|x86
		{D5306A0D-9603-4CE2-BE65-B1653F2937B4}.Release|x64.ActiveCfg = Release|x86
		{D5306A0D-9603-4CE2-BE65-B1653F2937B4}.Release|x86.ActiveCfg = Release|x86
		{D5306A0D-9603-4CE2-BE65-B1653F2937B4}.Release|x86.Build.0 = Release|x86
	EndGlobalSection
	GlobalSection(SolutionProperties) = preSolution
		HideSolutionNode = FALSE
	EndGlobalSection
EndGlobal
