
Microsoft Visual Studio Solution File, Format Version 12.00
# Visual Studio 2012
Project("{888888A0-9F3D-457C-B088-3A5042F75D52}") = "DjangoAnalysisTestApp", "DjangoAnalysisTestApp\DjangoAnalysisTestApp.pyproj", "{6555C3EE-DD46-4573-AFF7-A063A79A82BC}"
EndProject
Global
	GlobalSection(SolutionConfigurationPlatforms) = preSolution
		Debug|Any CPU = Debug|Any CPU
		Release|Any CPU = Release|Any CPU
	EndGlobalSection
	GlobalSection(ProjectConfigurationPlatforms) = postSolution
		{6555C3EE-DD46-4573-AFF7-A063A79A82BC}.Debug|Any CPU.ActiveCfg = Debug|Any CPU
		{6555C3EE-DD46-4573-AFF7-A063A79A82BC}.Debug|Any CPU.Build.0 = Debug|Any CPU
		{6555C3EE-DD46-4573-AFF7-A063A79A82BC}.Release|Any CPU.ActiveCfg = Release|Any CPU
		{6555C3EE-DD46-4573-AFF7-A063A79A82BC}.Release|Any CPU.Build.0 = Release|Any CPU
	EndGlobalSection
	GlobalSection(SolutionProperties) = preSolution
		HideSolutionNode = FALSE
	EndGlobalSection
EndGlobal
