
Microsoft Visual Studio Solution File, Format Version 12.00
# Visual Studio 2012
Project("{888888a0-9f3d-457c-b088-3a5042f75d52}") = "DragDropCopyCutPaste", "DragDropCopyCutPaste\DragDropCopyCutPaste.pyproj", "{C4AB46B7-511C-4847-8AF7-233D7846A08A}"
EndProject
Project("{FAE04EC0-301F-11D3-BF4B-00C04F79EFBC}") = "ConsoleApplication1", "ConsoleApplication1\ConsoleApplication1.csproj", "{10D07C09-4D3B-48EE-A917-3AADCCBBAF19}"
EndProject
Global
	GlobalSection(SolutionConfigurationPlatforms) = preSolution
		Debug|Any CPU = Debug|Any CPU
		Release|Any CPU = Release|Any CPU
	EndGlobalSection
	GlobalSection(ProjectConfigurationPlatforms) = postSolution
		{C4AB46B7-511C-4847-8AF7-233D7846A08A}.Debug|Any CPU.ActiveCfg = Debug|Any CPU
		{C4AB46B7-511C-4847-8AF7-233D7846A08A}.Debug|Any CPU.Build.0 = Debug|Any CPU
		{C4AB46B7-511C-4847-8AF7-233D7846A08A}.Release|Any CPU.ActiveCfg = Release|Any CPU
		{C4AB46B7-511C-4847-8AF7-233D7846A08A}.Release|Any CPU.Build.0 = Release|Any CPU
		{10D07C09-4D3B-48EE-A917-3AADCCBBAF19}.Debug|Any CPU.ActiveCfg = Debug|Any CPU
		{10D07C09-4D3B-48EE-A917-3AADCCBBAF19}.Debug|Any CPU.Build.0 = Debug|Any CPU
		{10D07C09-4D3B-48EE-A917-3AADCCBBAF19}.Release|Any CPU.ActiveCfg = Release|Any CPU
		{10D07C09-4D3B-48EE-A917-3AADCCBBAF19}.Release|Any CPU.Build.0 = Release|Any CPU
	EndGlobalSection
	GlobalSection(SolutionProperties) = preSolution
		HideSolutionNode = FALSE
	EndGlobalSection
EndGlobal
