
Microsoft Visual Studio Solution File, Format Version 12.00
# Visual Studio 2012
Project("{888888A0-9F3D-457C-B088-3A5042F75D52}") = "LongFileNames", "LFN.pyproj", "{C4AB46B7-511C-4847-8AF7-233D7846A08A}"
EndProject
Global
	GlobalSection(SolutionConfigurationPlatforms) = preSolution
		Debug|Any CPU = Debug|Any CPU
		Release|Any CPU = Release|Any CPU
	EndGlobalSection
	GlobalSection(ProjectConfigurationPlatforms) = postSolution
		{C4AB46B7-511C-4847-8AF7-233D7846A08A}.Debug|Any CPU.ActiveCfg = Debug|Any CPU
		{C4AB46B7-511C-4847-8AF7-233D7846A08A}.Debug|Any CPU.Build.0 = Debug|Any CPU
		{C4AB46B7-511C-4847-8AF7-233D7846A08A}.Release|Any CPU.ActiveCfg = Release|Any CPU
		{C4AB46B7-511C-4847-8AF7-233D7846A08A}.Release|Any CPU.Build.0 = Release|Any CPU
	EndGlobalSection
	GlobalSection(SolutionProperties) = preSolution
		HideSolutionNode = FALSE
	EndGlobalSection
EndGlobal
