
Microsoft Visual Studio Solution File, Format Version 11.00
# Visual Studio 2010
Project("{888888A0-9F3D-457C-B088-3A5042F75D52}") = "RollingRunClient", "RollingRunClient\RollingRunClient.pyproj", "{6FEA1D12-C9C5-489E-981F-7B9746100391}"
EndProject
Global
	GlobalSection(SolutionConfigurationPlatforms) = preSolution
		Debug|Any CPU = Debug|Any CPU
		Release|Any CPU = Release|Any CPU
	EndGlobalSection
	GlobalSection(ProjectConfigurationPlatforms) = postSolution
		{6FEA1D12-C9C5-489E-981F-7B9746100391}.Debug|Any CPU.ActiveCfg = Debug|Any CPU
		{6FEA1D12-C9C5-489E-981F-7B9746100391}.Release|Any CPU.ActiveCfg = Release|Any CPU
	EndGlobalSection
	GlobalSection(SolutionProperties) = preSolution
		HideSolutionNode = FALSE
	EndGlobalSection
EndGlobal
