
Microsoft Visual Studio Solution File, Format Version 12.00
# Visual Studio Version 17
VisualStudioVersion = 17.0.31211.46
MinimumVisualStudioVersion = 10.0.40219.1
Project("{FAE04EC0-301F-11D3-BF4B-00C04F79EFBC}") = "MockVsTests", "..\Common\Tests\MockVsTests\MockVsTests.csproj", "{A390E1C0-0D90-4A9E-8413-3E959BB07292}"
EndProject
Project("{FAE04EC0-301F-11D3-BF4B-00C04F79EFBC}") = "TestSccPackage", "..\Common\Tests\SccPackage\TestSccPackage.csproj", "{E75E5DB1-0EA0-4247-A830-FE467C016816}"
EndProject
Project("{FAE04EC0-301F-11D3-BF4B-00C04F79EFBC}") = "TestUtilities", "..\Common\Tests\Utilities\TestUtilities.csproj", "{D092D54E-FF29-4D32-9AEE-4EF704C92F67}"
EndProject
Project("{FAE04EC0-301F-11D3-BF4B-00C04F79EFBC}") = "TestUtilities.UI", "..\Common\Tests\Utilities.UI\TestUtilities.UI.csproj", "{E8150EBC-6B62-40BF-BF91-1DC60149B530}"
EndProject
Project("{2150E333-8FDC-42A3-9474-1A3956D46DE8}") = "Product", "Product", "{C0C7AD6F-5E39-4D3F-A6B6-FD30713B0464}"
EndProject
Project("{2150E333-8FDC-42A3-9474-1A3956D46DE8}") = "Tests", "Tests", "{3D21C7AC-6F9D-448C-8356-44EAFB2D14FC}"
EndProject
Project("{FAE04EC0-301F-11D3-BF4B-00C04F79EFBC}") = "Attacher", "Product\Attacher\Attacher.csproj", "{666A22BB-0CB5-4C08-A20F-E17450DA6573}"
EndProject
Project("{FAE04EC0-301F-11D3-BF4B-00C04F79EFBC}") = "AttacherX86", "Product\AttacherX86\AttacherX86.csproj", "{F3A5829D-EE15-4BE7-828F-2519172C6671}"
EndProject
Project("{FAE04EC0-301F-11D3-BF4B-00C04F79EFBC}") = "BuildTasks", "Product\BuildTasks\BuildTasks.csproj", "{89D51398-A003-44BA-B1B2-CFC6F8396D7E}"
EndProject
Project("{FAE04EC0-301F-11D3-BF4B-00C04F79EFBC}") = "BuildTasks.Core", "Product\BuildTasks\BuildTasks.Core.csproj", "{46DBB052-6ADB-44CC-882A-96930EE4A400}"
EndProject
Project("{FAE04EC0-301F-11D3-BF4B-00C04F79EFBC}") = "Common", "Product\Common\Common.csproj", "{B3DB0521-D9E3-4F48-9E2E-E5ECAE886049}"
EndProject
Project("{FAE04EC0-301F-11D3-BF4B-00C04F79EFBC}") = "Cookiecutter", "Product\Cookiecutter\Cookiecutter.csproj", "{376840CF-9F60-4225-8B08-E1D168B6717A}"
EndProject
Project("{FAE04EC0-301F-11D3-BF4B-00C04F79EFBC}") = "Core", "Product\Core\Core.csproj", "{BDCF4A54-00B3-4F20-A76D-DEE4A2D23634}"
EndProject
Project("{FAE04EC0-301F-11D3-BF4B-00C04F79EFBC}") = "Debugger", "Product\Debugger\Debugger.csproj", "{DECC7971-FA58-4DB0-9561-BFFADD393BBD}"
EndProject
Project("{FAE04EC0-301F-11D3-BF4B-00C04F79EFBC}") = "Debugger.Concord", "Product\Debugger.Concord\Debugger.Concord.csproj", "{515F701E-336D-4D58-AF4B-E976BC33C957}"
	ProjectSection(ProjectDependencies) = postProject
		{A2A795F7-27D0-4801-88DA-95B368F070AD} = {A2A795F7-27D0-4801-88DA-95B368F070AD}
		{25956DFA-17A2-4109-B9E5-D46CCE1ED52F} = {25956DFA-17A2-4109-B9E5-D46CCE1ED52F}
	EndProjectSection
EndProject
Project("{8BC9CEB8-8B4A-11D0-8D11-00A0C91BC942}") = "DebuggerHelper", "Product\DebuggerHelper\DebuggerHelper.vcxproj", "{25956DFA-17A2-4109-B9E5-D46CCE1ED52F}"
EndProject
Project("{8BC9CEB8-8B4A-11D0-8D11-00A0C91BC942}") = "DebuggerHelperX86", "Product\DebuggerHelper\DebuggerHelperX86.vcxproj", "{A2A795F7-27D0-4801-88DA-95B368F070AD}"
EndProject
Project("{FAE04EC0-301F-11D3-BF4B-00C04F79EFBC}") = "Django", "Product\Django\Django.csproj", "{639F1EFB-5A8B-4F8B-BF49-BC73F244D38D}"
EndProject
Project("{FAE04EC0-301F-11D3-BF4B-00C04F79EFBC}") = "EnvironmentsList", "Product\EnvironmentsList\EnvironmentsList.csproj", "{B20E082B-4D3C-457D-B2BD-60420B434573}"
EndProject
Project("{FAE04EC0-301F-11D3-BF4B-00C04F79EFBC}") = "Ipc.Json", "Product\Ipc.Json\Ipc.Json.csproj", "{E1E1613D-0C96-42F9-9F2D-052C72533297}"
EndProject
Project("{FAE04EC0-301F-11D3-BF4B-00C04F79EFBC}") = "Profiling", "Product\Profiling\Profiling.csproj", "{C42B194E-3333-45E8-BB26-D69D1A51EF0B}"
EndProject
Project("{FAE04EC0-301F-11D3-BF4B-00C04F79EFBC}") = "ProjectWizards", "Product\ProjectWizards\ProjectWizards.csproj", "{3814D9DB-10E6-4478-BD98-6C5840612AF8}"
EndProject
Project("{8BC9CEB8-8B4A-11D0-8D11-00A0C91BC942}") = "PyDebugAttach", "Product\PyDebugAttach\PyDebugAttach.vcxproj", "{AC19CAA0-5C69-4B20-8A18-D4B6B65F22B8}"
EndProject
Project("{8BC9CEB8-8B4A-11D0-8D11-00A0C91BC942}") = "PyDebugAttachX86", "Product\PyDebugAttach\PyDebugAttachX86.vcxproj", "{70E7EB43-81D3-4AA0-9870-0B304732AFF2}"
EndProject
Project("{FAE04EC0-301F-11D3-BF4B-00C04F79EFBC}") = "PythonTools", "Product\PythonTools\PythonTools.csproj", "{FA7BE5F5-E04F-4613-B7AC-70CE10D1BB68}"
EndProject
Project("{FAE04EC0-301F-11D3-BF4B-00C04F79EFBC}") = "RunElevated", "Product\RunElevated\RunElevated.csproj", "{4E18D41E-5E73-461F-9289-F6709257171A}"
EndProject
Project("{FAE04EC0-301F-11D3-BF4B-00C04F79EFBC}") = "TestAdapter", "Product\TestAdapter\TestAdapter.csproj", "{5085DF35-3A32-4894-835E-E5A3956D4F57}"
EndProject
Project("{FAE04EC0-301F-11D3-BF4B-00C04F79EFBC}") = "TestAdapter.Executor", "Product\TestAdapter.Executor\TestAdapter.Executor.csproj", "{44E8BB56-C38E-49A8-8BC1-7AF40D0AC725}"
EndProject
Project("{FAE04EC0-301F-11D3-BF4B-00C04F79EFBC}") = "VCDebugLauncher", "Product\VCDebugLauncher\VCDebugLauncher.csproj", "{D1BBFB94-72AD-47C5-990A-D61CA37174B3}"
EndProject
Project("{FAE04EC0-301F-11D3-BF4B-00C04F79EFBC}") = "VSCommon", "Product\VSCommon\VSCommon.csproj", "{A52AC77F-6DF9-4387-BB08-8DED3FD95A0F}"
EndProject
Project("{FAE04EC0-301F-11D3-BF4B-00C04F79EFBC}") = "VSInterpreters", "Product\VSInterpreters\VSInterpreters.csproj", "{815DB0CD-C0DD-4997-B43C-ABEE4DBEFFE7}"
EndProject
Project("{8BC9CEB8-8B4A-11D0-8D11-00A0C91BC942}") = "VsPyProf", "Product\VsPyProf\VsPyProf.vcxproj", "{6EC75EDA-17AC-453E-BA34-CB6796C4319B}"
EndProject
Project("{8BC9CEB8-8B4A-11D0-8D11-00A0C91BC942}") = "VsPyProfX86", "Product\VsPyProf\VsPyProfX86.vcxproj", "{EEF0AD4A-3101-4519-84B2-949CA037DA69}"
EndProject
Project("{FAE04EC0-301F-11D3-BF4B-00C04F79EFBC}") = "WebRole", "Product\WebRole\WebRole.csproj", "{304AB14D-4E63-4004-8D63-AB8DA2C601B4}"
EndProject
Project("{FAE04EC0-301F-11D3-BF4B-00C04F79EFBC}") = "Workspace", "Product\Workspace\Workspace.csproj", "{24F9E050-9F7E-4FE8-895D-819E527B8F45}"
EndProject
Project("{FAE04EC0-301F-11D3-BF4B-00C04F79EFBC}") = "TestRunnerInterop", "Tests\TestRunnerInterop\TestRunnerInterop.csproj", "{3E8C485B-905A-4DBC-B059-161CCB1AD591}"
EndProject
Project("{FAE04EC0-301F-11D3-BF4B-00C04F79EFBC}") = "TestUtilities.Python", "Tests\Utilities.Python\TestUtilities.Python.csproj", "{62641B47-1ABB-4638-A3D5-2A834D089667}"
EndProject
Project("{FAE04EC0-301F-11D3-BF4B-00C04F79EFBC}") = "TestUtilities.Python.Analysis", "Tests\Utilities.Python.Analysis\TestUtilities.Python.Analysis.csproj", "{A731C4C3-3741-4080-A946-C47574C1F3BF}"
EndProject
Project("{2150E333-8FDC-42A3-9474-1A3956D46DE8}") = "Framework", "Framework", "{FDE1DD31-B522-48EA-8725-82C696A2A99B}"
EndProject
Project("{2150E333-8FDC-42A3-9474-1A3956D46DE8}") = "Execution", "Execution", "{20B6C21C-654B-43E1-A6A1-7D0CF299465C}"
EndProject
Project("{FAE04EC0-301F-11D3-BF4B-00C04F79EFBC}") = "CookiecutterTests", "Tests\CookiecutterTests\CookiecutterTests.csproj", "{EBE6395C-B428-4B48-A9A5-1153E7DBDD7E}"
EndProject
Project("{FAE04EC0-301F-11D3-BF4B-00C04F79EFBC}") = "PythonToolsTests", "Tests\Core\PythonToolsTests.csproj", "{61D65F46-7957-47C1-8BA3-48D192236D5D}"
EndProject
Project("{FAE04EC0-301F-11D3-BF4B-00C04F79EFBC}") = "PythonToolsUITests", "Tests\Core.UI\PythonToolsUITests.csproj", "{9CF2E4FD-FF16-459A-B675-C06EFF62F1EC}"
EndProject
Project("{FAE04EC0-301F-11D3-BF4B-00C04F79EFBC}") = "DebuggerTests", "Tests\DebuggerTests\DebuggerTests.csproj", "{E50E1B02-257C-4E10-AC1C-5ED36B48EE40}"
EndProject
Project("{FAE04EC0-301F-11D3-BF4B-00C04F79EFBC}") = "DebuggerUITests", "Tests\DebuggerUITests\DebuggerUITests.csproj", "{82BB3890-C943-421E-8643-7244421E8ADE}"
EndProject
Project("{FAE04EC0-301F-11D3-BF4B-00C04F79EFBC}") = "DebuggerUITestsRunner", "Tests\DebuggerUITestsRunner\DebuggerUITestsRunner.csproj", "{24E20C57-68CE-4E88-9F0D-93B1DF2388A9}"
EndProject
Project("{FAE04EC0-301F-11D3-BF4B-00C04F79EFBC}") = "DjangoTests", "Tests\DjangoTests\DjangoTests.csproj", "{B4D940A4-650D-40B0-8FD2-3DD1C310D77F}"
EndProject
Project("{FAE04EC0-301F-11D3-BF4B-00C04F79EFBC}") = "DjangoUITests", "Tests\DjangoUITests\DjangoUITests.csproj", "{DD2BB474-E347-46DB-9C3D-03DBA9713E07}"
EndProject
Project("{FAE04EC0-301F-11D3-BF4B-00C04F79EFBC}") = "DjangoUITestsRunner", "Tests\DjangoUITestsRunner\DjangoUITestsRunner.csproj", "{18DB92B4-D003-4E6C-8B0A-62B58F481AD5}"
EndProject
Project("{FAE04EC0-301F-11D3-BF4B-00C04F79EFBC}") = "FastCgiTests", "Tests\FastCgi\FastCgiTests.csproj", "{60F6AAF8-40C9-4983-A5FE-D6A9B82AF22D}"
EndProject
Project("{FAE04EC0-301F-11D3-BF4B-00C04F79EFBC}") = "ProfilingTests", "Tests\ProfilingTests\ProfilingTests.csproj", "{EEB19F95-85B6-457A-B3B4-4DD8DFA6C8C0}"
EndProject
Project("{FAE04EC0-301F-11D3-BF4B-00C04F79EFBC}") = "ProfilingUITests", "Tests\ProfilingUITests\ProfilingUITests.csproj", "{AF2B26F2-6AB9-4AF2-85A4-EA1E6B3DF0CD}"
EndProject
Project("{FAE04EC0-301F-11D3-BF4B-00C04F79EFBC}") = "ProfilingUITestsRunner", "Tests\ProfilingUITestsRunner\ProfilingUITestsRunner.csproj", "{E4327DDF-1739-4003-8721-E00187A4FA47}"
EndProject
Project("{FAE04EC0-301F-11D3-BF4B-00C04F79EFBC}") = "ProjectUITests", "Tests\ProjectUITests\ProjectUITests.csproj", "{9E821A40-DF64-4645-A486-5E18502AB6B1}"
EndProject
Project("{FAE04EC0-301F-11D3-BF4B-00C04F79EFBC}") = "ProjectUITestsRunner", "Tests\ProjectUITestsRunner\ProjectUITestsRunner.csproj", "{76DF46A4-ED3C-4F67-BEC8-6D6D97BE7F0F}"
EndProject
Project("{FAE04EC0-301F-11D3-BF4B-00C04F79EFBC}") = "ReplWindowUITests", "Tests\ReplWindowUITests\ReplWindowUITests.csproj", "{78D9866B-ADD1-45DE-A85E-D51E23F5906D}"
EndProject
Project("{FAE04EC0-301F-11D3-BF4B-00C04F79EFBC}") = "ReplWindowUITestsRunner", "Tests\ReplWindowUITestsRunner\ReplWindowUITestsRunner.csproj", "{2015A9CC-95F0-419E-86C7-87772561B03C}"
EndProject
Project("{FAE04EC0-301F-11D3-BF4B-00C04F79EFBC}") = "TestAdapterTests", "Tests\TestAdapterTests\TestAdapterTests.csproj", "{3FC57837-519D-4980-A8E8-DC5879DDA002}"
EndProject
Project("{FAE04EC0-301F-11D3-BF4B-00C04F79EFBC}") = "VSInterpretersTests", "Tests\VSInterpretersTests\VSInterpretersTests.csproj", "{47B70A19-2AF1-4B0E-80D9-5E447478C2F5}"
EndProject
Global
	GlobalSection(SolutionConfigurationPlatforms) = preSolution
		Debug|Any CPU = Debug|Any CPU
		Debug|x64 = Debug|x64
		Debug|x86 = Debug|x86
		Release|Any CPU = Release|Any CPU
		Release|x64 = Release|x64
		Release|x86 = Release|x86
	EndGlobalSection
	GlobalSection(ProjectConfigurationPlatforms) = postSolution
		{A390E1C0-0D90-4A9E-8413-3E959BB07292}.Debug|Any CPU.ActiveCfg = Debug|Any CPU
		{A390E1C0-0D90-4A9E-8413-3E959BB07292}.Debug|Any CPU.Build.0 = Debug|Any CPU
		{A390E1C0-0D90-4A9E-8413-3E959BB07292}.Debug|x64.ActiveCfg = Debug|Any CPU
		{A390E1C0-0D90-4A9E-8413-3E959BB07292}.Debug|x64.Build.0 = Debug|Any CPU
		{A390E1C0-0D90-4A9E-8413-3E959BB07292}.Debug|x86.ActiveCfg = Debug|Any CPU
		{A390E1C0-0D90-4A9E-8413-3E959BB07292}.Debug|x86.Build.0 = Debug|Any CPU
		{A390E1C0-0D90-4A9E-8413-3E959BB07292}.Release|Any CPU.ActiveCfg = Release|Any CPU
		{A390E1C0-0D90-4A9E-8413-3E959BB07292}.Release|Any CPU.Build.0 = Release|Any CPU
		{A390E1C0-0D90-4A9E-8413-3E959BB07292}.Release|x64.ActiveCfg = Release|Any CPU
		{A390E1C0-0D90-4A9E-8413-3E959BB07292}.Release|x64.Build.0 = Release|Any CPU
		{A390E1C0-0D90-4A9E-8413-3E959BB07292}.Release|x86.ActiveCfg = Release|Any CPU
		{A390E1C0-0D90-4A9E-8413-3E959BB07292}.Release|x86.Build.0 = Release|Any CPU
		{E75E5DB1-0EA0-4247-A830-FE467C016816}.Debug|Any CPU.ActiveCfg = Debug|Any CPU
		{E75E5DB1-0EA0-4247-A830-FE467C016816}.Debug|Any CPU.Build.0 = Debug|Any CPU
		{E75E5DB1-0EA0-4247-A830-FE467C016816}.Debug|x64.ActiveCfg = Debug|Any CPU
		{E75E5DB1-0EA0-4247-A830-FE467C016816}.Debug|x64.Build.0 = Debug|Any CPU
		{E75E5DB1-0EA0-4247-A830-FE467C016816}.Debug|x86.ActiveCfg = Debug|x86
		{E75E5DB1-0EA0-4247-A830-FE467C016816}.Debug|x86.Build.0 = Debug|x86
		{E75E5DB1-0EA0-4247-A830-FE467C016816}.Release|Any CPU.ActiveCfg = Release|Any CPU
		{E75E5DB1-0EA0-4247-A830-FE467C016816}.Release|Any CPU.Build.0 = Release|Any CPU
		{E75E5DB1-0EA0-4247-A830-FE467C016816}.Release|x64.ActiveCfg = Release|Any CPU
		{E75E5DB1-0EA0-4247-A830-FE467C016816}.Release|x64.Build.0 = Release|Any CPU
		{E75E5DB1-0EA0-4247-A830-FE467C016816}.Release|x86.ActiveCfg = Release|x86
		{E75E5DB1-0EA0-4247-A830-FE467C016816}.Release|x86.Build.0 = Release|x86
		{D092D54E-FF29-4D32-9AEE-4EF704C92F67}.Debug|Any CPU.ActiveCfg = Debug|Any CPU
		{D092D54E-FF29-4D32-9AEE-4EF704C92F67}.Debug|Any CPU.Build.0 = Debug|Any CPU
		{D092D54E-FF29-4D32-9AEE-4EF704C92F67}.Debug|x64.ActiveCfg = Debug|Any CPU
		{D092D54E-FF29-4D32-9AEE-4EF704C92F67}.Debug|x64.Build.0 = Debug|Any CPU
		{D092D54E-FF29-4D32-9AEE-4EF704C92F67}.Debug|x86.ActiveCfg = Debug|Any CPU
		{D092D54E-FF29-4D32-9AEE-4EF704C92F67}.Debug|x86.Build.0 = Debug|Any CPU
		{D092D54E-FF29-4D32-9AEE-4EF704C92F67}.Release|Any CPU.ActiveCfg = Release|Any CPU
		{D092D54E-FF29-4D32-9AEE-4EF704C92F67}.Release|Any CPU.Build.0 = Release|Any CPU
		{D092D54E-FF29-4D32-9AEE-4EF704C92F67}.Release|x64.ActiveCfg = Release|Any CPU
		{D092D54E-FF29-4D32-9AEE-4EF704C92F67}.Release|x64.Build.0 = Release|Any CPU
		{D092D54E-FF29-4D32-9AEE-4EF704C92F67}.Release|x86.ActiveCfg = Release|Any CPU
		{D092D54E-FF29-4D32-9AEE-4EF704C92F67}.Release|x86.Build.0 = Release|Any CPU
		{E8150EBC-6B62-40BF-BF91-1DC60149B530}.Debug|Any CPU.ActiveCfg = Debug|Any CPU
		{E8150EBC-6B62-40BF-BF91-1DC60149B530}.Debug|Any CPU.Build.0 = Debug|Any CPU
		{E8150EBC-6B62-40BF-BF91-1DC60149B530}.Debug|x64.ActiveCfg = Debug|Any CPU
		{E8150EBC-6B62-40BF-BF91-1DC60149B530}.Debug|x64.Build.0 = Debug|Any CPU
		{E8150EBC-6B62-40BF-BF91-1DC60149B530}.Debug|x86.ActiveCfg = Debug|Any CPU
		{E8150EBC-6B62-40BF-BF91-1DC60149B530}.Debug|x86.Build.0 = Debug|Any CPU
		{E8150EBC-6B62-40BF-BF91-1DC60149B530}.Release|Any CPU.ActiveCfg = Release|Any CPU
		{E8150EBC-6B62-40BF-BF91-1DC60149B530}.Release|Any CPU.Build.0 = Release|Any CPU
		{E8150EBC-6B62-40BF-BF91-1DC60149B530}.Release|x64.ActiveCfg = Release|Any CPU
		{E8150EBC-6B62-40BF-BF91-1DC60149B530}.Release|x64.Build.0 = Release|Any CPU
		{E8150EBC-6B62-40BF-BF91-1DC60149B530}.Release|x86.ActiveCfg = Release|Any CPU
		{E8150EBC-6B62-40BF-BF91-1DC60149B530}.Release|x86.Build.0 = Release|Any CPU
		{666A22BB-0CB5-4C08-A20F-E17450DA6573}.Debug|Any CPU.ActiveCfg = Debug|Any CPU
		{666A22BB-0CB5-4C08-A20F-E17450DA6573}.Debug|Any CPU.Build.0 = Debug|Any CPU
		{666A22BB-0CB5-4C08-A20F-E17450DA6573}.Debug|x64.ActiveCfg = Debug|Any CPU
		{666A22BB-0CB5-4C08-A20F-E17450DA6573}.Debug|x64.Build.0 = Debug|Any CPU
		{666A22BB-0CB5-4C08-A20F-E17450DA6573}.Debug|x86.ActiveCfg = Debug|Any CPU
		{666A22BB-0CB5-4C08-A20F-E17450DA6573}.Debug|x86.Build.0 = Debug|Any CPU
		{666A22BB-0CB5-4C08-A20F-E17450DA6573}.Release|Any CPU.ActiveCfg = Release|Any CPU
		{666A22BB-0CB5-4C08-A20F-E17450DA6573}.Release|Any CPU.Build.0 = Release|Any CPU
		{666A22BB-0CB5-4C08-A20F-E17450DA6573}.Release|x64.ActiveCfg = Release|Any CPU
		{666A22BB-0CB5-4C08-A20F-E17450DA6573}.Release|x64.Build.0 = Release|Any CPU
		{666A22BB-0CB5-4C08-A20F-E17450DA6573}.Release|x86.ActiveCfg = Release|Any CPU
		{666A22BB-0CB5-4C08-A20F-E17450DA6573}.Release|x86.Build.0 = Release|Any CPU
		{F3A5829D-EE15-4BE7-828F-2519172C6671}.Debug|Any CPU.ActiveCfg = Debug|x86
		{F3A5829D-EE15-4BE7-828F-2519172C6671}.Debug|x64.ActiveCfg = Debug|x86
		{F3A5829D-EE15-4BE7-828F-2519172C6671}.Debug|x86.ActiveCfg = Debug|x86
		{F3A5829D-EE15-4BE7-828F-2519172C6671}.Debug|x86.Build.0 = Debug|x86
		{F3A5829D-EE15-4BE7-828F-2519172C6671}.Release|Any CPU.ActiveCfg = Release|x86
		{F3A5829D-EE15-4BE7-828F-2519172C6671}.Release|x64.ActiveCfg = Release|x86
		{F3A5829D-EE15-4BE7-828F-2519172C6671}.Release|x86.ActiveCfg = Release|x86
		{F3A5829D-EE15-4BE7-828F-2519172C6671}.Release|x86.Build.0 = Release|x86
		{89D51398-A003-44BA-B1B2-CFC6F8396D7E}.Debug|Any CPU.ActiveCfg = Debug|Any CPU
		{89D51398-A003-44BA-B1B2-CFC6F8396D7E}.Debug|Any CPU.Build.0 = Debug|Any CPU
		{89D51398-A003-44BA-B1B2-CFC6F8396D7E}.Debug|x64.ActiveCfg = Debug|Any CPU
		{89D51398-A003-44BA-B1B2-CFC6F8396D7E}.Debug|x64.Build.0 = Debug|Any CPU
		{89D51398-A003-44BA-B1B2-CFC6F8396D7E}.Debug|x86.ActiveCfg = Debug|Any CPU
		{89D51398-A003-44BA-B1B2-CFC6F8396D7E}.Debug|x86.Build.0 = Debug|Any CPU
		{89D51398-A003-44BA-B1B2-CFC6F8396D7E}.Release|Any CPU.ActiveCfg = Release|Any CPU
		{89D51398-A003-44BA-B1B2-CFC6F8396D7E}.Release|Any CPU.Build.0 = Release|Any CPU
		{89D51398-A003-44BA-B1B2-CFC6F8396D7E}.Release|x64.ActiveCfg = Release|Any CPU
		{89D51398-A003-44BA-B1B2-CFC6F8396D7E}.Release|x64.Build.0 = Release|Any CPU
		{89D51398-A003-44BA-B1B2-CFC6F8396D7E}.Release|x86.ActiveCfg = Release|Any CPU
		{89D51398-A003-44BA-B1B2-CFC6F8396D7E}.Release|x86.Build.0 = Release|Any CPU
		{46DBB052-6ADB-44CC-882A-96930EE4A400}.Debug|Any CPU.ActiveCfg = Debug|Any CPU
		{46DBB052-6ADB-44CC-882A-96930EE4A400}.Debug|Any CPU.Build.0 = Debug|Any CPU
		{46DBB052-6ADB-44CC-882A-96930EE4A400}.Debug|x64.ActiveCfg = Debug|Any CPU
		{46DBB052-6ADB-44CC-882A-96930EE4A400}.Debug|x64.Build.0 = Debug|Any CPU
		{46DBB052-6ADB-44CC-882A-96930EE4A400}.Debug|x86.ActiveCfg = Debug|Any CPU
		{46DBB052-6ADB-44CC-882A-96930EE4A400}.Debug|x86.Build.0 = Debug|Any CPU
		{46DBB052-6ADB-44CC-882A-96930EE4A400}.Release|Any CPU.ActiveCfg = Release|Any CPU
		{46DBB052-6ADB-44CC-882A-96930EE4A400}.Release|Any CPU.Build.0 = Release|Any CPU
		{46DBB052-6ADB-44CC-882A-96930EE4A400}.Release|x64.ActiveCfg = Release|Any CPU
		{46DBB052-6ADB-44CC-882A-96930EE4A400}.Release|x64.Build.0 = Release|Any CPU
		{46DBB052-6ADB-44CC-882A-96930EE4A400}.Release|x86.ActiveCfg = Release|Any CPU
		{46DBB052-6ADB-44CC-882A-96930EE4A400}.Release|x86.Build.0 = Release|Any CPU
		{B3DB0521-D9E3-4F48-9E2E-E5ECAE886049}.Debug|Any CPU.ActiveCfg = Debug|Any CPU
		{B3DB0521-D9E3-4F48-9E2E-E5ECAE886049}.Debug|Any CPU.Build.0 = Debug|Any CPU
		{B3DB0521-D9E3-4F48-9E2E-E5ECAE886049}.Debug|x64.ActiveCfg = Debug|Any CPU
		{B3DB0521-D9E3-4F48-9E2E-E5ECAE886049}.Debug|x64.Build.0 = Debug|Any CPU
		{B3DB0521-D9E3-4F48-9E2E-E5ECAE886049}.Debug|x86.ActiveCfg = Debug|Any CPU
		{B3DB0521-D9E3-4F48-9E2E-E5ECAE886049}.Debug|x86.Build.0 = Debug|Any CPU
		{B3DB0521-D9E3-4F48-9E2E-E5ECAE886049}.Release|Any CPU.ActiveCfg = Release|Any CPU
		{B3DB0521-D9E3-4F48-9E2E-E5ECAE886049}.Release|Any CPU.Build.0 = Release|Any CPU
		{B3DB0521-D9E3-4F48-9E2E-E5ECAE886049}.Release|x64.ActiveCfg = Release|Any CPU
		{B3DB0521-D9E3-4F48-9E2E-E5ECAE886049}.Release|x64.Build.0 = Release|Any CPU
		{B3DB0521-D9E3-4F48-9E2E-E5ECAE886049}.Release|x86.ActiveCfg = Release|Any CPU
		{B3DB0521-D9E3-4F48-9E2E-E5ECAE886049}.Release|x86.Build.0 = Release|Any CPU
		{376840CF-9F60-4225-8B08-E1D168B6717A}.Debug|Any CPU.ActiveCfg = Debug|Any CPU
		{376840CF-9F60-4225-8B08-E1D168B6717A}.Debug|Any CPU.Build.0 = Debug|Any CPU
		{376840CF-9F60-4225-8B08-E1D168B6717A}.Debug|x64.ActiveCfg = Debug|Any CPU
		{376840CF-9F60-4225-8B08-E1D168B6717A}.Debug|x64.Build.0 = Debug|Any CPU
		{376840CF-9F60-4225-8B08-E1D168B6717A}.Debug|x86.ActiveCfg = Debug|x86
		{376840CF-9F60-4225-8B08-E1D168B6717A}.Debug|x86.Build.0 = Debug|x86
		{376840CF-9F60-4225-8B08-E1D168B6717A}.Release|Any CPU.ActiveCfg = Release|Any CPU
		{376840CF-9F60-4225-8B08-E1D168B6717A}.Release|Any CPU.Build.0 = Release|Any CPU
		{376840CF-9F60-4225-8B08-E1D168B6717A}.Release|x64.ActiveCfg = Release|Any CPU
		{376840CF-9F60-4225-8B08-E1D168B6717A}.Release|x64.Build.0 = Release|Any CPU
		{376840CF-9F60-4225-8B08-E1D168B6717A}.Release|x86.ActiveCfg = Release|x86
		{376840CF-9F60-4225-8B08-E1D168B6717A}.Release|x86.Build.0 = Release|x86
		{BDCF4A54-00B3-4F20-A76D-DEE4A2D23634}.Debug|Any CPU.ActiveCfg = Debug|Any CPU
		{BDCF4A54-00B3-4F20-A76D-DEE4A2D23634}.Debug|Any CPU.Build.0 = Debug|Any CPU
		{BDCF4A54-00B3-4F20-A76D-DEE4A2D23634}.Debug|x64.ActiveCfg = Debug|Any CPU
		{BDCF4A54-00B3-4F20-A76D-DEE4A2D23634}.Debug|x64.Build.0 = Debug|Any CPU
		{BDCF4A54-00B3-4F20-A76D-DEE4A2D23634}.Debug|x86.ActiveCfg = Debug|x86
		{BDCF4A54-00B3-4F20-A76D-DEE4A2D23634}.Debug|x86.Build.0 = Debug|x86
		{BDCF4A54-00B3-4F20-A76D-DEE4A2D23634}.Release|Any CPU.ActiveCfg = Release|Any CPU
		{BDCF4A54-00B3-4F20-A76D-DEE4A2D23634}.Release|Any CPU.Build.0 = Release|Any CPU
		{BDCF4A54-00B3-4F20-A76D-DEE4A2D23634}.Release|x64.ActiveCfg = Release|Any CPU
		{BDCF4A54-00B3-4F20-A76D-DEE4A2D23634}.Release|x64.Build.0 = Release|Any CPU
		{BDCF4A54-00B3-4F20-A76D-DEE4A2D23634}.Release|x86.ActiveCfg = Release|x86
		{BDCF4A54-00B3-4F20-A76D-DEE4A2D23634}.Release|x86.Build.0 = Release|x86
		{DECC7971-FA58-4DB0-9561-BFFADD393BBD}.Debug|Any CPU.ActiveCfg = Debug|Any CPU
		{DECC7971-FA58-4DB0-9561-BFFADD393BBD}.Debug|Any CPU.Build.0 = Debug|Any CPU
		{DECC7971-FA58-4DB0-9561-BFFADD393BBD}.Debug|x64.ActiveCfg = Debug|Any CPU
		{DECC7971-FA58-4DB0-9561-BFFADD393BBD}.Debug|x64.Build.0 = Debug|Any CPU
		{DECC7971-FA58-4DB0-9561-BFFADD393BBD}.Debug|x86.ActiveCfg = Debug|Any CPU
		{DECC7971-FA58-4DB0-9561-BFFADD393BBD}.Debug|x86.Build.0 = Debug|Any CPU
		{DECC7971-FA58-4DB0-9561-BFFADD393BBD}.Release|Any CPU.ActiveCfg = Release|Any CPU
		{DECC7971-FA58-4DB0-9561-BFFADD393BBD}.Release|Any CPU.Build.0 = Release|Any CPU
		{DECC7971-FA58-4DB0-9561-BFFADD393BBD}.Release|x64.ActiveCfg = Release|Any CPU
		{DECC7971-FA58-4DB0-9561-BFFADD393BBD}.Release|x64.Build.0 = Release|Any CPU
		{DECC7971-FA58-4DB0-9561-BFFADD393BBD}.Release|x86.ActiveCfg = Release|Any CPU
		{DECC7971-FA58-4DB0-9561-BFFADD393BBD}.Release|x86.Build.0 = Release|Any CPU
		{515F701E-336D-4D58-AF4B-E976BC33C957}.Debug|Any CPU.ActiveCfg = Debug|Any CPU
		{515F701E-336D-4D58-AF4B-E976BC33C957}.Debug|Any CPU.Build.0 = Debug|Any CPU
		{515F701E-336D-4D58-AF4B-E976BC33C957}.Debug|x64.ActiveCfg = Debug|Any CPU
		{515F701E-336D-4D58-AF4B-E976BC33C957}.Debug|x64.Build.0 = Debug|Any CPU
		{515F701E-336D-4D58-AF4B-E976BC33C957}.Debug|x86.ActiveCfg = Debug|Any CPU
		{515F701E-336D-4D58-AF4B-E976BC33C957}.Debug|x86.Build.0 = Debug|Any CPU
		{515F701E-336D-4D58-AF4B-E976BC33C957}.Release|Any CPU.ActiveCfg = Release|Any CPU
		{515F701E-336D-4D58-AF4B-E976BC33C957}.Release|Any CPU.Build.0 = Release|Any CPU
		{515F701E-336D-4D58-AF4B-E976BC33C957}.Release|x64.ActiveCfg = Release|Any CPU
		{515F701E-336D-4D58-AF4B-E976BC33C957}.Release|x64.Build.0 = Release|Any CPU
		{515F701E-336D-4D58-AF4B-E976BC33C957}.Release|x86.ActiveCfg = Release|Any CPU
		{515F701E-336D-4D58-AF4B-E976BC33C957}.Release|x86.Build.0 = Release|Any CPU
		{25956DFA-17A2-4109-B9E5-D46CCE1ED52F}.Debug|Any CPU.ActiveCfg = Debug|x64
		{25956DFA-17A2-4109-B9E5-D46CCE1ED52F}.Debug|x64.ActiveCfg = Debug|x64
		{25956DFA-17A2-4109-B9E5-D46CCE1ED52F}.Debug|x64.Build.0 = Debug|x64
		{25956DFA-17A2-4109-B9E5-D46CCE1ED52F}.Debug|x86.ActiveCfg = Debug|x64
		{25956DFA-17A2-4109-B9E5-D46CCE1ED52F}.Release|Any CPU.ActiveCfg = Release|x64
		{25956DFA-17A2-4109-B9E5-D46CCE1ED52F}.Release|x64.ActiveCfg = Release|x64
		{25956DFA-17A2-4109-B9E5-D46CCE1ED52F}.Release|x64.Build.0 = Release|x64
		{25956DFA-17A2-4109-B9E5-D46CCE1ED52F}.Release|x86.ActiveCfg = Release|x64
		{A2A795F7-27D0-4801-88DA-95B368F070AD}.Debug|Any CPU.ActiveCfg = Debug|Win32
		{A2A795F7-27D0-4801-88DA-95B368F070AD}.Debug|x64.ActiveCfg = Debug|Win32
		{A2A795F7-27D0-4801-88DA-95B368F070AD}.Debug|x86.ActiveCfg = Debug|Win32
		{A2A795F7-27D0-4801-88DA-95B368F070AD}.Debug|x86.Build.0 = Debug|Win32
		{A2A795F7-27D0-4801-88DA-95B368F070AD}.Release|Any CPU.ActiveCfg = Release|Win32
		{A2A795F7-27D0-4801-88DA-95B368F070AD}.Release|x64.ActiveCfg = Release|Win32
		{A2A795F7-27D0-4801-88DA-95B368F070AD}.Release|x86.ActiveCfg = Release|Win32
		{A2A795F7-27D0-4801-88DA-95B368F070AD}.Release|x86.Build.0 = Release|Win32
		{639F1EFB-5A8B-4F8B-BF49-BC73F244D38D}.Debug|Any CPU.ActiveCfg = Debug|Any CPU
		{639F1EFB-5A8B-4F8B-BF49-BC73F244D38D}.Debug|Any CPU.Build.0 = Debug|Any CPU
		{639F1EFB-5A8B-4F8B-BF49-BC73F244D38D}.Debug|x64.ActiveCfg = Debug|Any CPU
		{639F1EFB-5A8B-4F8B-BF49-BC73F244D38D}.Debug|x64.Build.0 = Debug|Any CPU
		{639F1EFB-5A8B-4F8B-BF49-BC73F244D38D}.Debug|x86.ActiveCfg = Debug|x86
		{639F1EFB-5A8B-4F8B-BF49-BC73F244D38D}.Debug|x86.Build.0 = Debug|x86
		{639F1EFB-5A8B-4F8B-BF49-BC73F244D38D}.Release|Any CPU.ActiveCfg = Release|Any CPU
		{639F1EFB-5A8B-4F8B-BF49-BC73F244D38D}.Release|Any CPU.Build.0 = Release|Any CPU
		{639F1EFB-5A8B-4F8B-BF49-BC73F244D38D}.Release|x64.ActiveCfg = Release|Any CPU
		{639F1EFB-5A8B-4F8B-BF49-BC73F244D38D}.Release|x64.Build.0 = Release|Any CPU
		{639F1EFB-5A8B-4F8B-BF49-BC73F244D38D}.Release|x86.ActiveCfg = Release|x86
		{639F1EFB-5A8B-4F8B-BF49-BC73F244D38D}.Release|x86.Build.0 = Release|x86
		{B20E082B-4D3C-457D-B2BD-60420B434573}.Debug|Any CPU.ActiveCfg = Debug|Any CPU
		{B20E082B-4D3C-457D-B2BD-60420B434573}.Debug|Any CPU.Build.0 = Debug|Any CPU
		{B20E082B-4D3C-457D-B2BD-60420B434573}.Debug|x64.ActiveCfg = Debug|Any CPU
		{B20E082B-4D3C-457D-B2BD-60420B434573}.Debug|x64.Build.0 = Debug|Any CPU
		{B20E082B-4D3C-457D-B2BD-60420B434573}.Debug|x86.ActiveCfg = Debug|Any CPU
		{B20E082B-4D3C-457D-B2BD-60420B434573}.Debug|x86.Build.0 = Debug|Any CPU
		{B20E082B-4D3C-457D-B2BD-60420B434573}.Release|Any CPU.ActiveCfg = Release|Any CPU
		{B20E082B-4D3C-457D-B2BD-60420B434573}.Release|Any CPU.Build.0 = Release|Any CPU
		{B20E082B-4D3C-457D-B2BD-60420B434573}.Release|x64.ActiveCfg = Release|Any CPU
		{B20E082B-4D3C-457D-B2BD-60420B434573}.Release|x64.Build.0 = Release|Any CPU
		{B20E082B-4D3C-457D-B2BD-60420B434573}.Release|x86.ActiveCfg = Release|Any CPU
		{B20E082B-4D3C-457D-B2BD-60420B434573}.Release|x86.Build.0 = Release|Any CPU
		{E1E1613D-0C96-42F9-9F2D-052C72533297}.Debug|Any CPU.ActiveCfg = Debug|Any CPU
		{E1E1613D-0C96-42F9-9F2D-052C72533297}.Debug|Any CPU.Build.0 = Debug|Any CPU
		{E1E1613D-0C96-42F9-9F2D-052C72533297}.Debug|x64.ActiveCfg = Debug|Any CPU
		{E1E1613D-0C96-42F9-9F2D-052C72533297}.Debug|x64.Build.0 = Debug|Any CPU
		{E1E1613D-0C96-42F9-9F2D-052C72533297}.Debug|x86.ActiveCfg = Debug|Any CPU
		{E1E1613D-0C96-42F9-9F2D-052C72533297}.Debug|x86.Build.0 = Debug|Any CPU
		{E1E1613D-0C96-42F9-9F2D-052C72533297}.Release|Any CPU.ActiveCfg = Release|Any CPU
		{E1E1613D-0C96-42F9-9F2D-052C72533297}.Release|Any CPU.Build.0 = Release|Any CPU
		{E1E1613D-0C96-42F9-9F2D-052C72533297}.Release|x64.ActiveCfg = Release|Any CPU
		{E1E1613D-0C96-42F9-9F2D-052C72533297}.Release|x64.Build.0 = Release|Any CPU
		{E1E1613D-0C96-42F9-9F2D-052C72533297}.Release|x86.ActiveCfg = Release|Any CPU
		{E1E1613D-0C96-42F9-9F2D-052C72533297}.Release|x86.Build.0 = Release|Any CPU
		{C42B194E-3333-45E8-BB26-D69D1A51EF0B}.Debug|Any CPU.ActiveCfg = Debug|Any CPU
		{C42B194E-3333-45E8-BB26-D69D1A51EF0B}.Debug|Any CPU.Build.0 = Debug|Any CPU
		{C42B194E-3333-45E8-BB26-D69D1A51EF0B}.Debug|x64.ActiveCfg = Debug|Any CPU
		{C42B194E-3333-45E8-BB26-D69D1A51EF0B}.Debug|x64.Build.0 = Debug|Any CPU
		{C42B194E-3333-45E8-BB26-D69D1A51EF0B}.Debug|x86.ActiveCfg = Debug|x86
		{C42B194E-3333-45E8-BB26-D69D1A51EF0B}.Debug|x86.Build.0 = Debug|x86
		{C42B194E-3333-45E8-BB26-D69D1A51EF0B}.Release|Any CPU.ActiveCfg = Release|Any CPU
		{C42B194E-3333-45E8-BB26-D69D1A51EF0B}.Release|Any CPU.Build.0 = Release|Any CPU
		{C42B194E-3333-45E8-BB26-D69D1A51EF0B}.Release|x64.ActiveCfg = Release|Any CPU
		{C42B194E-3333-45E8-BB26-D69D1A51EF0B}.Release|x64.Build.0 = Release|Any CPU
		{C42B194E-3333-45E8-BB26-D69D1A51EF0B}.Release|x86.ActiveCfg = Release|x86
		{C42B194E-3333-45E8-BB26-D69D1A51EF0B}.Release|x86.Build.0 = Release|x86
		{3814D9DB-10E6-4478-BD98-6C5840612AF8}.Debug|Any CPU.ActiveCfg = Debug|Any CPU
		{3814D9DB-10E6-4478-BD98-6C5840612AF8}.Debug|Any CPU.Build.0 = Debug|Any CPU
		{3814D9DB-10E6-4478-BD98-6C5840612AF8}.Debug|x64.ActiveCfg = Debug|Any CPU
		{3814D9DB-10E6-4478-BD98-6C5840612AF8}.Debug|x64.Build.0 = Debug|Any CPU
		{3814D9DB-10E6-4478-BD98-6C5840612AF8}.Debug|x86.ActiveCfg = Debug|Any CPU
		{3814D9DB-10E6-4478-BD98-6C5840612AF8}.Debug|x86.Build.0 = Debug|Any CPU
		{3814D9DB-10E6-4478-BD98-6C5840612AF8}.Release|Any CPU.ActiveCfg = Release|Any CPU
		{3814D9DB-10E6-4478-BD98-6C5840612AF8}.Release|Any CPU.Build.0 = Release|Any CPU
		{3814D9DB-10E6-4478-BD98-6C5840612AF8}.Release|x64.ActiveCfg = Release|Any CPU
		{3814D9DB-10E6-4478-BD98-6C5840612AF8}.Release|x64.Build.0 = Release|Any CPU
		{3814D9DB-10E6-4478-BD98-6C5840612AF8}.Release|x86.ActiveCfg = Release|Any CPU
		{3814D9DB-10E6-4478-BD98-6C5840612AF8}.Release|x86.Build.0 = Release|Any CPU
		{AC19CAA0-5C69-4B20-8A18-D4B6B65F22B8}.Debug|Any CPU.ActiveCfg = Debug|x64
		{AC19CAA0-5C69-4B20-8A18-D4B6B65F22B8}.Debug|x64.ActiveCfg = Debug|x64
		{AC19CAA0-5C69-4B20-8A18-D4B6B65F22B8}.Debug|x64.Build.0 = Debug|x64
		{AC19CAA0-5C69-4B20-8A18-D4B6B65F22B8}.Debug|x86.ActiveCfg = Debug|x64
		{AC19CAA0-5C69-4B20-8A18-D4B6B65F22B8}.Release|Any CPU.ActiveCfg = Release|x64
		{AC19CAA0-5C69-4B20-8A18-D4B6B65F22B8}.Release|x64.ActiveCfg = Release|x64
		{AC19CAA0-5C69-4B20-8A18-D4B6B65F22B8}.Release|x64.Build.0 = Release|x64
		{AC19CAA0-5C69-4B20-8A18-D4B6B65F22B8}.Release|x86.ActiveCfg = Release|x64
		{70E7EB43-81D3-4AA0-9870-0B304732AFF2}.Debug|Any CPU.ActiveCfg = Debug|Win32
		{70E7EB43-81D3-4AA0-9870-0B304732AFF2}.Debug|x64.ActiveCfg = Debug|Win32
		{70E7EB43-81D3-4AA0-9870-0B304732AFF2}.Debug|x86.ActiveCfg = Debug|Win32
		{70E7EB43-81D3-4AA0-9870-0B304732AFF2}.Debug|x86.Build.0 = Debug|Win32
		{70E7EB43-81D3-4AA0-9870-0B304732AFF2}.Release|Any CPU.ActiveCfg = Release|Win32
		{70E7EB43-81D3-4AA0-9870-0B304732AFF2}.Release|x64.ActiveCfg = Release|Win32
		{70E7EB43-81D3-4AA0-9870-0B304732AFF2}.Release|x86.ActiveCfg = Release|Win32
		{70E7EB43-81D3-4AA0-9870-0B304732AFF2}.Release|x86.Build.0 = Release|Win32
		{FA7BE5F5-E04F-4613-B7AC-70CE10D1BB68}.Debug|Any CPU.ActiveCfg = Debug|Any CPU
		{FA7BE5F5-E04F-4613-B7AC-70CE10D1BB68}.Debug|Any CPU.Build.0 = Debug|Any CPU
		{FA7BE5F5-E04F-4613-B7AC-70CE10D1BB68}.Debug|x64.ActiveCfg = Debug|Any CPU
		{FA7BE5F5-E04F-4613-B7AC-70CE10D1BB68}.Debug|x64.Build.0 = Debug|Any CPU
		{FA7BE5F5-E04F-4613-B7AC-70CE10D1BB68}.Debug|x86.ActiveCfg = Debug|x86
		{FA7BE5F5-E04F-4613-B7AC-70CE10D1BB68}.Debug|x86.Build.0 = Debug|x86
		{FA7BE5F5-E04F-4613-B7AC-70CE10D1BB68}.Release|Any CPU.ActiveCfg = Release|Any CPU
		{FA7BE5F5-E04F-4613-B7AC-70CE10D1BB68}.Release|Any CPU.Build.0 = Release|Any CPU
		{FA7BE5F5-E04F-4613-B7AC-70CE10D1BB68}.Release|x64.ActiveCfg = Release|Any CPU
		{FA7BE5F5-E04F-4613-B7AC-70CE10D1BB68}.Release|x64.Build.0 = Release|Any CPU
		{FA7BE5F5-E04F-4613-B7AC-70CE10D1BB68}.Release|x86.ActiveCfg = Release|x86
		{FA7BE5F5-E04F-4613-B7AC-70CE10D1BB68}.Release|x86.Build.0 = Release|x86
		{4E18D41E-5E73-461F-9289-F6709257171A}.Debug|Any CPU.ActiveCfg = Debug|Any CPU
		{4E18D41E-5E73-461F-9289-F6709257171A}.Debug|Any CPU.Build.0 = Debug|Any CPU
		{4E18D41E-5E73-461F-9289-F6709257171A}.Debug|x64.ActiveCfg = Debug|Any CPU
		{4E18D41E-5E73-461F-9289-F6709257171A}.Debug|x64.Build.0 = Debug|Any CPU
		{4E18D41E-5E73-461F-9289-F6709257171A}.Debug|x86.ActiveCfg = Debug|Any CPU
		{4E18D41E-5E73-461F-9289-F6709257171A}.Debug|x86.Build.0 = Debug|Any CPU
		{4E18D41E-5E73-461F-9289-F6709257171A}.Release|Any CPU.ActiveCfg = Release|Any CPU
		{4E18D41E-5E73-461F-9289-F6709257171A}.Release|Any CPU.Build.0 = Release|Any CPU
		{4E18D41E-5E73-461F-9289-F6709257171A}.Release|x64.ActiveCfg = Release|Any CPU
		{4E18D41E-5E73-461F-9289-F6709257171A}.Release|x64.Build.0 = Release|Any CPU
		{4E18D41E-5E73-461F-9289-F6709257171A}.Release|x86.ActiveCfg = Release|Any CPU
		{4E18D41E-5E73-461F-9289-F6709257171A}.Release|x86.Build.0 = Release|Any CPU
		{5085DF35-3A32-4894-835E-E5A3956D4F57}.Debug|Any CPU.ActiveCfg = Debug|Any CPU
		{5085DF35-3A32-4894-835E-E5A3956D4F57}.Debug|Any CPU.Build.0 = Debug|Any CPU
		{5085DF35-3A32-4894-835E-E5A3956D4F57}.Debug|x64.ActiveCfg = Debug|Any CPU
		{5085DF35-3A32-4894-835E-E5A3956D4F57}.Debug|x64.Build.0 = Debug|Any CPU
		{5085DF35-3A32-4894-835E-E5A3956D4F57}.Debug|x86.ActiveCfg = Debug|Any CPU
		{5085DF35-3A32-4894-835E-E5A3956D4F57}.Debug|x86.Build.0 = Debug|Any CPU
		{5085DF35-3A32-4894-835E-E5A3956D4F57}.Release|Any CPU.ActiveCfg = Release|Any CPU
		{5085DF35-3A32-4894-835E-E5A3956D4F57}.Release|Any CPU.Build.0 = Release|Any CPU
		{5085DF35-3A32-4894-835E-E5A3956D4F57}.Release|x64.ActiveCfg = Release|Any CPU
		{5085DF35-3A32-4894-835E-E5A3956D4F57}.Release|x64.Build.0 = Release|Any CPU
		{5085DF35-3A32-4894-835E-E5A3956D4F57}.Release|x86.ActiveCfg = Release|Any CPU
		{5085DF35-3A32-4894-835E-E5A3956D4F57}.Release|x86.Build.0 = Release|Any CPU
		{44E8BB56-C38E-49A8-8BC1-7AF40D0AC725}.Debug|Any CPU.ActiveCfg = Debug|Any CPU
		{44E8BB56-C38E-49A8-8BC1-7AF40D0AC725}.Debug|Any CPU.Build.0 = Debug|Any CPU
		{44E8BB56-C38E-49A8-8BC1-7AF40D0AC725}.Debug|x64.ActiveCfg = Debug|Any CPU
		{44E8BB56-C38E-49A8-8BC1-7AF40D0AC725}.Debug|x64.Build.0 = Debug|Any CPU
		{44E8BB56-C38E-49A8-8BC1-7AF40D0AC725}.Debug|x86.ActiveCfg = Debug|Any CPU
		{44E8BB56-C38E-49A8-8BC1-7AF40D0AC725}.Debug|x86.Build.0 = Debug|Any CPU
		{44E8BB56-C38E-49A8-8BC1-7AF40D0AC725}.Release|Any CPU.ActiveCfg = Release|Any CPU
		{44E8BB56-C38E-49A8-8BC1-7AF40D0AC725}.Release|Any CPU.Build.0 = Release|Any CPU
		{44E8BB56-C38E-49A8-8BC1-7AF40D0AC725}.Release|x64.ActiveCfg = Release|Any CPU
		{44E8BB56-C38E-49A8-8BC1-7AF40D0AC725}.Release|x64.Build.0 = Release|Any CPU
		{44E8BB56-C38E-49A8-8BC1-7AF40D0AC725}.Release|x86.ActiveCfg = Release|Any CPU
		{44E8BB56-C38E-49A8-8BC1-7AF40D0AC725}.Release|x86.Build.0 = Release|Any CPU
		{D1BBFB94-72AD-47C5-990A-D61CA37174B3}.Debug|Any CPU.ActiveCfg = Debug|Any CPU
		{D1BBFB94-72AD-47C5-990A-D61CA37174B3}.Debug|Any CPU.Build.0 = Debug|Any CPU
		{D1BBFB94-72AD-47C5-990A-D61CA37174B3}.Debug|x64.ActiveCfg = Debug|Any CPU
		{D1BBFB94-72AD-47C5-990A-D61CA37174B3}.Debug|x64.Build.0 = Debug|Any CPU
		{D1BBFB94-72AD-47C5-990A-D61CA37174B3}.Debug|x86.ActiveCfg = Debug|x86
		{D1BBFB94-72AD-47C5-990A-D61CA37174B3}.Debug|x86.Build.0 = Debug|x86
		{D1BBFB94-72AD-47C5-990A-D61CA37174B3}.Release|Any CPU.ActiveCfg = Release|Any CPU
		{D1BBFB94-72AD-47C5-990A-D61CA37174B3}.Release|Any CPU.Build.0 = Release|Any CPU
		{D1BBFB94-72AD-47C5-990A-D61CA37174B3}.Release|x64.ActiveCfg = Release|Any CPU
		{D1BBFB94-72AD-47C5-990A-D61CA37174B3}.Release|x64.Build.0 = Release|Any CPU
		{D1BBFB94-72AD-47C5-990A-D61CA37174B3}.Release|x86.ActiveCfg = Release|x86
		{D1BBFB94-72AD-47C5-990A-D61CA37174B3}.Release|x86.Build.0 = Release|x86
		{A52AC77F-6DF9-4387-BB08-8DED3FD95A0F}.Debug|Any CPU.ActiveCfg = Debug|Any CPU
		{A52AC77F-6DF9-4387-BB08-8DED3FD95A0F}.Debug|Any CPU.Build.0 = Debug|Any CPU
		{A52AC77F-6DF9-4387-BB08-8DED3FD95A0F}.Debug|x64.ActiveCfg = Debug|Any CPU
		{A52AC77F-6DF9-4387-BB08-8DED3FD95A0F}.Debug|x64.Build.0 = Debug|Any CPU
		{A52AC77F-6DF9-4387-BB08-8DED3FD95A0F}.Debug|x86.ActiveCfg = Debug|Any CPU
		{A52AC77F-6DF9-4387-BB08-8DED3FD95A0F}.Debug|x86.Build.0 = Debug|Any CPU
		{A52AC77F-6DF9-4387-BB08-8DED3FD95A0F}.Release|Any CPU.ActiveCfg = Release|Any CPU
		{A52AC77F-6DF9-4387-BB08-8DED3FD95A0F}.Release|Any CPU.Build.0 = Release|Any CPU
		{A52AC77F-6DF9-4387-BB08-8DED3FD95A0F}.Release|x64.ActiveCfg = Release|Any CPU
		{A52AC77F-6DF9-4387-BB08-8DED3FD95A0F}.Release|x64.Build.0 = Release|Any CPU
		{A52AC77F-6DF9-4387-BB08-8DED3FD95A0F}.Release|x86.ActiveCfg = Release|Any CPU
		{A52AC77F-6DF9-4387-BB08-8DED3FD95A0F}.Release|x86.Build.0 = Release|Any CPU
		{815DB0CD-C0DD-4997-B43C-ABEE4DBEFFE7}.Debug|Any CPU.ActiveCfg = Debug|Any CPU
		{815DB0CD-C0DD-4997-B43C-ABEE4DBEFFE7}.Debug|Any CPU.Build.0 = Debug|Any CPU
		{815DB0CD-C0DD-4997-B43C-ABEE4DBEFFE7}.Debug|x64.ActiveCfg = Debug|Any CPU
		{815DB0CD-C0DD-4997-B43C-ABEE4DBEFFE7}.Debug|x64.Build.0 = Debug|Any CPU
		{815DB0CD-C0DD-4997-B43C-ABEE4DBEFFE7}.Debug|x86.ActiveCfg = Debug|Any CPU
		{815DB0CD-C0DD-4997-B43C-ABEE4DBEFFE7}.Debug|x86.Build.0 = Debug|Any CPU
		{815DB0CD-C0DD-4997-B43C-ABEE4DBEFFE7}.Release|Any CPU.ActiveCfg = Release|Any CPU
		{815DB0CD-C0DD-4997-B43C-ABEE4DBEFFE7}.Release|Any CPU.Build.0 = Release|Any CPU
		{815DB0CD-C0DD-4997-B43C-ABEE4DBEFFE7}.Release|x64.ActiveCfg = Release|Any CPU
		{815DB0CD-C0DD-4997-B43C-ABEE4DBEFFE7}.Release|x64.Build.0 = Release|Any CPU
		{815DB0CD-C0DD-4997-B43C-ABEE4DBEFFE7}.Release|x86.ActiveCfg = Release|Any CPU
		{815DB0CD-C0DD-4997-B43C-ABEE4DBEFFE7}.Release|x86.Build.0 = Release|Any CPU
		{6EC75EDA-17AC-453E-BA34-CB6796C4319B}.Debug|Any CPU.ActiveCfg = Debug|x64
		{6EC75EDA-17AC-453E-BA34-CB6796C4319B}.Debug|x64.ActiveCfg = Debug|x64
		{6EC75EDA-17AC-453E-BA34-CB6796C4319B}.Debug|x64.Build.0 = Debug|x64
		{6EC75EDA-17AC-453E-BA34-CB6796C4319B}.Debug|x86.ActiveCfg = Debug|x64
		{6EC75EDA-17AC-453E-BA34-CB6796C4319B}.Release|Any CPU.ActiveCfg = Release|x64
		{6EC75EDA-17AC-453E-BA34-CB6796C4319B}.Release|x64.ActiveCfg = Release|x64
		{6EC75EDA-17AC-453E-BA34-CB6796C4319B}.Release|x64.Build.0 = Release|x64
		{6EC75EDA-17AC-453E-BA34-CB6796C4319B}.Release|x86.ActiveCfg = Release|x64
		{EEF0AD4A-3101-4519-84B2-949CA037DA69}.Debug|Any CPU.ActiveCfg = Debug|Win32
		{EEF0AD4A-3101-4519-84B2-949CA037DA69}.Debug|x64.ActiveCfg = Debug|Win32
		{EEF0AD4A-3101-4519-84B2-949CA037DA69}.Debug|x86.ActiveCfg = Debug|Win32
		{EEF0AD4A-3101-4519-84B2-949CA037DA69}.Debug|x86.Build.0 = Debug|Win32
		{EEF0AD4A-3101-4519-84B2-949CA037DA69}.Release|Any CPU.ActiveCfg = Release|Win32
		{EEF0AD4A-3101-4519-84B2-949CA037DA69}.Release|x64.ActiveCfg = Release|Win32
		{EEF0AD4A-3101-4519-84B2-949CA037DA69}.Release|x86.ActiveCfg = Release|Win32
		{EEF0AD4A-3101-4519-84B2-949CA037DA69}.Release|x86.Build.0 = Release|Win32
		{304AB14D-4E63-4004-8D63-AB8DA2C601B4}.Debug|Any CPU.ActiveCfg = Debug|Any CPU
		{304AB14D-4E63-4004-8D63-AB8DA2C601B4}.Debug|Any CPU.Build.0 = Debug|Any CPU
		{304AB14D-4E63-4004-8D63-AB8DA2C601B4}.Debug|x64.ActiveCfg = Debug|Any CPU
		{304AB14D-4E63-4004-8D63-AB8DA2C601B4}.Debug|x64.Build.0 = Debug|Any CPU
		{304AB14D-4E63-4004-8D63-AB8DA2C601B4}.Debug|x86.ActiveCfg = Debug|Any CPU
		{304AB14D-4E63-4004-8D63-AB8DA2C601B4}.Debug|x86.Build.0 = Debug|Any CPU
		{304AB14D-4E63-4004-8D63-AB8DA2C601B4}.Release|Any CPU.ActiveCfg = Release|Any CPU
		{304AB14D-4E63-4004-8D63-AB8DA2C601B4}.Release|Any CPU.Build.0 = Release|Any CPU
		{304AB14D-4E63-4004-8D63-AB8DA2C601B4}.Release|x64.ActiveCfg = Release|Any CPU
		{304AB14D-4E63-4004-8D63-AB8DA2C601B4}.Release|x64.Build.0 = Release|Any CPU
		{304AB14D-4E63-4004-8D63-AB8DA2C601B4}.Release|x86.ActiveCfg = Release|Any CPU
		{304AB14D-4E63-4004-8D63-AB8DA2C601B4}.Release|x86.Build.0 = Release|Any CPU
		{24F9E050-9F7E-4FE8-895D-819E527B8F45}.Debug|Any CPU.ActiveCfg = Debug|Any CPU
		{24F9E050-9F7E-4FE8-895D-819E527B8F45}.Debug|Any CPU.Build.0 = Debug|Any CPU
		{24F9E050-9F7E-4FE8-895D-819E527B8F45}.Debug|x64.ActiveCfg = Debug|Any CPU
		{24F9E050-9F7E-4FE8-895D-819E527B8F45}.Debug|x64.Build.0 = Debug|Any CPU
		{24F9E050-9F7E-4FE8-895D-819E527B8F45}.Debug|x86.ActiveCfg = Debug|Any CPU
		{24F9E050-9F7E-4FE8-895D-819E527B8F45}.Debug|x86.Build.0 = Debug|Any CPU
		{24F9E050-9F7E-4FE8-895D-819E527B8F45}.Release|Any CPU.ActiveCfg = Release|Any CPU
		{24F9E050-9F7E-4FE8-895D-819E527B8F45}.Release|Any CPU.Build.0 = Release|Any CPU
		{24F9E050-9F7E-4FE8-895D-819E527B8F45}.Release|x64.ActiveCfg = Release|Any CPU
		{24F9E050-9F7E-4FE8-895D-819E527B8F45}.Release|x64.Build.0 = Release|Any CPU
		{24F9E050-9F7E-4FE8-895D-819E527B8F45}.Release|x86.ActiveCfg = Release|Any CPU
		{24F9E050-9F7E-4FE8-895D-819E527B8F45}.Release|x86.Build.0 = Release|Any CPU
		{3E8C485B-905A-4DBC-B059-161CCB1AD591}.Debug|Any CPU.ActiveCfg = Debug|Any CPU
		{3E8C485B-905A-4DBC-B059-161CCB1AD591}.Debug|Any CPU.Build.0 = Debug|Any CPU
		{3E8C485B-905A-4DBC-B059-161CCB1AD591}.Debug|x64.ActiveCfg = Debug|Any CPU
		{3E8C485B-905A-4DBC-B059-161CCB1AD591}.Debug|x64.Build.0 = Debug|Any CPU
		{3E8C485B-905A-4DBC-B059-161CCB1AD591}.Debug|x86.ActiveCfg = Debug|Any CPU
		{3E8C485B-905A-4DBC-B059-161CCB1AD591}.Debug|x86.Build.0 = Debug|Any CPU
		{3E8C485B-905A-4DBC-B059-161CCB1AD591}.Release|Any CPU.ActiveCfg = Release|Any CPU
		{3E8C485B-905A-4DBC-B059-161CCB1AD591}.Release|Any CPU.Build.0 = Release|Any CPU
		{3E8C485B-905A-4DBC-B059-161CCB1AD591}.Release|x64.ActiveCfg = Release|Any CPU
		{3E8C485B-905A-4DBC-B059-161CCB1AD591}.Release|x64.Build.0 = Release|Any CPU
		{3E8C485B-905A-4DBC-B059-161CCB1AD591}.Release|x86.ActiveCfg = Release|Any CPU
		{3E8C485B-905A-4DBC-B059-161CCB1AD591}.Release|x86.Build.0 = Release|Any CPU
		{62641B47-1ABB-4638-A3D5-2A834D089667}.Debug|Any CPU.ActiveCfg = Debug|Any CPU
		{62641B47-1ABB-4638-A3D5-2A834D089667}.Debug|Any CPU.Build.0 = Debug|Any CPU
		{62641B47-1ABB-4638-A3D5-2A834D089667}.Debug|x64.ActiveCfg = Debug|Any CPU
		{62641B47-1ABB-4638-A3D5-2A834D089667}.Debug|x64.Build.0 = Debug|Any CPU
		{62641B47-1ABB-4638-A3D5-2A834D089667}.Debug|x86.ActiveCfg = Debug|x86
		{62641B47-1ABB-4638-A3D5-2A834D089667}.Debug|x86.Build.0 = Debug|x86
		{62641B47-1ABB-4638-A3D5-2A834D089667}.Release|Any CPU.ActiveCfg = Release|Any CPU
		{62641B47-1ABB-4638-A3D5-2A834D089667}.Release|Any CPU.Build.0 = Release|Any CPU
		{62641B47-1ABB-4638-A3D5-2A834D089667}.Release|x64.ActiveCfg = Release|Any CPU
		{62641B47-1ABB-4638-A3D5-2A834D089667}.Release|x64.Build.0 = Release|Any CPU
		{62641B47-1ABB-4638-A3D5-2A834D089667}.Release|x86.ActiveCfg = Release|x86
		{62641B47-1ABB-4638-A3D5-2A834D089667}.Release|x86.Build.0 = Release|x86
		{A731C4C3-3741-4080-A946-C47574C1F3BF}.Debug|Any CPU.ActiveCfg = Debug|Any CPU
		{A731C4C3-3741-4080-A946-C47574C1F3BF}.Debug|Any CPU.Build.0 = Debug|Any CPU
		{A731C4C3-3741-4080-A946-C47574C1F3BF}.Debug|x64.ActiveCfg = Debug|Any CPU
		{A731C4C3-3741-4080-A946-C47574C1F3BF}.Debug|x64.Build.0 = Debug|Any CPU
		{A731C4C3-3741-4080-A946-C47574C1F3BF}.Debug|x86.ActiveCfg = Debug|Any CPU
		{A731C4C3-3741-4080-A946-C47574C1F3BF}.Debug|x86.Build.0 = Debug|Any CPU
		{A731C4C3-3741-4080-A946-C47574C1F3BF}.Release|Any CPU.ActiveCfg = Release|Any CPU
		{A731C4C3-3741-4080-A946-C47574C1F3BF}.Release|Any CPU.Build.0 = Release|Any CPU
		{A731C4C3-3741-4080-A946-C47574C1F3BF}.Release|x64.ActiveCfg = Release|Any CPU
		{A731C4C3-3741-4080-A946-C47574C1F3BF}.Release|x64.Build.0 = Release|Any CPU
		{A731C4C3-3741-4080-A946-C47574C1F3BF}.Release|x86.ActiveCfg = Release|Any CPU
		{A731C4C3-3741-4080-A946-C47574C1F3BF}.Release|x86.Build.0 = Release|Any CPU
		{EBE6395C-B428-4B48-A9A5-1153E7DBDD7E}.Debug|Any CPU.ActiveCfg = Debug|Any CPU
		{EBE6395C-B428-4B48-A9A5-1153E7DBDD7E}.Debug|Any CPU.Build.0 = Debug|Any CPU
		{EBE6395C-B428-4B48-A9A5-1153E7DBDD7E}.Debug|x64.ActiveCfg = Debug|Any CPU
		{EBE6395C-B428-4B48-A9A5-1153E7DBDD7E}.Debug|x64.Build.0 = Debug|Any CPU
		{EBE6395C-B428-4B48-A9A5-1153E7DBDD7E}.Debug|x86.ActiveCfg = Debug|Any CPU
		{EBE6395C-B428-4B48-A9A5-1153E7DBDD7E}.Debug|x86.Build.0 = Debug|Any CPU
		{EBE6395C-B428-4B48-A9A5-1153E7DBDD7E}.Release|Any CPU.ActiveCfg = Release|Any CPU
		{EBE6395C-B428-4B48-A9A5-1153E7DBDD7E}.Release|Any CPU.Build.0 = Release|Any CPU
		{EBE6395C-B428-4B48-A9A5-1153E7DBDD7E}.Release|x64.ActiveCfg = Release|Any CPU
		{EBE6395C-B428-4B48-A9A5-1153E7DBDD7E}.Release|x64.Build.0 = Release|Any CPU
		{EBE6395C-B428-4B48-A9A5-1153E7DBDD7E}.Release|x86.ActiveCfg = Release|Any CPU
		{EBE6395C-B428-4B48-A9A5-1153E7DBDD7E}.Release|x86.Build.0 = Release|Any CPU
		{61D65F46-7957-47C1-8BA3-48D192236D5D}.Debug|Any CPU.ActiveCfg = Debug|Any CPU
		{61D65F46-7957-47C1-8BA3-48D192236D5D}.Debug|Any CPU.Build.0 = Debug|Any CPU
		{61D65F46-7957-47C1-8BA3-48D192236D5D}.Debug|x64.ActiveCfg = Debug|Any CPU
		{61D65F46-7957-47C1-8BA3-48D192236D5D}.Debug|x64.Build.0 = Debug|Any CPU
		{61D65F46-7957-47C1-8BA3-48D192236D5D}.Debug|x86.ActiveCfg = Debug|Any CPU
		{61D65F46-7957-47C1-8BA3-48D192236D5D}.Debug|x86.Build.0 = Debug|Any CPU
		{61D65F46-7957-47C1-8BA3-48D192236D5D}.Release|Any CPU.ActiveCfg = Release|Any CPU
		{61D65F46-7957-47C1-8BA3-48D192236D5D}.Release|Any CPU.Build.0 = Release|Any CPU
		{61D65F46-7957-47C1-8BA3-48D192236D5D}.Release|x64.ActiveCfg = Release|Any CPU
		{61D65F46-7957-47C1-8BA3-48D192236D5D}.Release|x64.Build.0 = Release|Any CPU
		{61D65F46-7957-47C1-8BA3-48D192236D5D}.Release|x86.ActiveCfg = Release|Any CPU
		{61D65F46-7957-47C1-8BA3-48D192236D5D}.Release|x86.Build.0 = Release|Any CPU
		{9CF2E4FD-FF16-459A-B675-C06EFF62F1EC}.Debug|Any CPU.ActiveCfg = Debug|Any CPU
		{9CF2E4FD-FF16-459A-B675-C06EFF62F1EC}.Debug|Any CPU.Build.0 = Debug|Any CPU
		{9CF2E4FD-FF16-459A-B675-C06EFF62F1EC}.Debug|x64.ActiveCfg = Debug|Any CPU
		{9CF2E4FD-FF16-459A-B675-C06EFF62F1EC}.Debug|x64.Build.0 = Debug|Any CPU
		{9CF2E4FD-FF16-459A-B675-C06EFF62F1EC}.Debug|x86.ActiveCfg = Debug|x86
		{9CF2E4FD-FF16-459A-B675-C06EFF62F1EC}.Debug|x86.Build.0 = Debug|x86
		{9CF2E4FD-FF16-459A-B675-C06EFF62F1EC}.Release|Any CPU.ActiveCfg = Release|Any CPU
		{9CF2E4FD-FF16-459A-B675-C06EFF62F1EC}.Release|Any CPU.Build.0 = Release|Any CPU
		{9CF2E4FD-FF16-459A-B675-C06EFF62F1EC}.Release|x64.ActiveCfg = Release|Any CPU
		{9CF2E4FD-FF16-459A-B675-C06EFF62F1EC}.Release|x64.Build.0 = Release|Any CPU
		{9CF2E4FD-FF16-459A-B675-C06EFF62F1EC}.Release|x86.ActiveCfg = Release|x86
		{9CF2E4FD-FF16-459A-B675-C06EFF62F1EC}.Release|x86.Build.0 = Release|x86
		{E50E1B02-257C-4E10-AC1C-5ED36B48EE40}.Debug|Any CPU.ActiveCfg = Debug|Any CPU
		{E50E1B02-257C-4E10-AC1C-5ED36B48EE40}.Debug|Any CPU.Build.0 = Debug|Any CPU
		{E50E1B02-257C-4E10-AC1C-5ED36B48EE40}.Debug|x64.ActiveCfg = Debug|Any CPU
		{E50E1B02-257C-4E10-AC1C-5ED36B48EE40}.Debug|x64.Build.0 = Debug|Any CPU
		{E50E1B02-257C-4E10-AC1C-5ED36B48EE40}.Debug|x86.ActiveCfg = Debug|Any CPU
		{E50E1B02-257C-4E10-AC1C-5ED36B48EE40}.Debug|x86.Build.0 = Debug|Any CPU
		{E50E1B02-257C-4E10-AC1C-5ED36B48EE40}.Release|Any CPU.ActiveCfg = Release|Any CPU
		{E50E1B02-257C-4E10-AC1C-5ED36B48EE40}.Release|Any CPU.Build.0 = Release|Any CPU
		{E50E1B02-257C-4E10-AC1C-5ED36B48EE40}.Release|x64.ActiveCfg = Release|Any CPU
		{E50E1B02-257C-4E10-AC1C-5ED36B48EE40}.Release|x64.Build.0 = Release|Any CPU
		{E50E1B02-257C-4E10-AC1C-5ED36B48EE40}.Release|x86.ActiveCfg = Release|Any CPU
		{E50E1B02-257C-4E10-AC1C-5ED36B48EE40}.Release|x86.Build.0 = Release|Any CPU
		{82BB3890-C943-421E-8643-7244421E8ADE}.Debug|Any CPU.ActiveCfg = Debug|Any CPU
		{82BB3890-C943-421E-8643-7244421E8ADE}.Debug|Any CPU.Build.0 = Debug|Any CPU
		{82BB3890-C943-421E-8643-7244421E8ADE}.Debug|x64.ActiveCfg = Debug|Any CPU
		{82BB3890-C943-421E-8643-7244421E8ADE}.Debug|x64.Build.0 = Debug|Any CPU
		{82BB3890-C943-421E-8643-7244421E8ADE}.Debug|x86.ActiveCfg = Debug|x86
		{82BB3890-C943-421E-8643-7244421E8ADE}.Debug|x86.Build.0 = Debug|x86
		{82BB3890-C943-421E-8643-7244421E8ADE}.Release|Any CPU.ActiveCfg = Release|Any CPU
		{82BB3890-C943-421E-8643-7244421E8ADE}.Release|Any CPU.Build.0 = Release|Any CPU
		{82BB3890-C943-421E-8643-7244421E8ADE}.Release|x64.ActiveCfg = Release|Any CPU
		{82BB3890-C943-421E-8643-7244421E8ADE}.Release|x64.Build.0 = Release|Any CPU
		{82BB3890-C943-421E-8643-7244421E8ADE}.Release|x86.ActiveCfg = Release|x86
		{82BB3890-C943-421E-8643-7244421E8ADE}.Release|x86.Build.0 = Release|x86
		{24E20C57-68CE-4E88-9F0D-93B1DF2388A9}.Debug|Any CPU.ActiveCfg = Debug|Any CPU
		{24E20C57-68CE-4E88-9F0D-93B1DF2388A9}.Debug|Any CPU.Build.0 = Debug|Any CPU
		{24E20C57-68CE-4E88-9F0D-93B1DF2388A9}.Debug|x64.ActiveCfg = Debug|Any CPU
		{24E20C57-68CE-4E88-9F0D-93B1DF2388A9}.Debug|x64.Build.0 = Debug|Any CPU
		{24E20C57-68CE-4E88-9F0D-93B1DF2388A9}.Debug|x86.ActiveCfg = Debug|Any CPU
		{24E20C57-68CE-4E88-9F0D-93B1DF2388A9}.Debug|x86.Build.0 = Debug|Any CPU
		{24E20C57-68CE-4E88-9F0D-93B1DF2388A9}.Release|Any CPU.ActiveCfg = Release|Any CPU
		{24E20C57-68CE-4E88-9F0D-93B1DF2388A9}.Release|Any CPU.Build.0 = Release|Any CPU
		{24E20C57-68CE-4E88-9F0D-93B1DF2388A9}.Release|x64.ActiveCfg = Release|Any CPU
		{24E20C57-68CE-4E88-9F0D-93B1DF2388A9}.Release|x64.Build.0 = Release|Any CPU
		{24E20C57-68CE-4E88-9F0D-93B1DF2388A9}.Release|x86.ActiveCfg = Release|Any CPU
		{24E20C57-68CE-4E88-9F0D-93B1DF2388A9}.Release|x86.Build.0 = Release|Any CPU
		{B4D940A4-650D-40B0-8FD2-3DD1C310D77F}.Debug|Any CPU.ActiveCfg = Debug|Any CPU
		{B4D940A4-650D-40B0-8FD2-3DD1C310D77F}.Debug|Any CPU.Build.0 = Debug|Any CPU
		{B4D940A4-650D-40B0-8FD2-3DD1C310D77F}.Debug|x64.ActiveCfg = Debug|Any CPU
		{B4D940A4-650D-40B0-8FD2-3DD1C310D77F}.Debug|x64.Build.0 = Debug|Any CPU
		{B4D940A4-650D-40B0-8FD2-3DD1C310D77F}.Debug|x86.ActiveCfg = Debug|Any CPU
		{B4D940A4-650D-40B0-8FD2-3DD1C310D77F}.Debug|x86.Build.0 = Debug|Any CPU
		{B4D940A4-650D-40B0-8FD2-3DD1C310D77F}.Release|Any CPU.ActiveCfg = Release|Any CPU
		{B4D940A4-650D-40B0-8FD2-3DD1C310D77F}.Release|Any CPU.Build.0 = Release|Any CPU
		{B4D940A4-650D-40B0-8FD2-3DD1C310D77F}.Release|x64.ActiveCfg = Release|Any CPU
		{B4D940A4-650D-40B0-8FD2-3DD1C310D77F}.Release|x64.Build.0 = Release|Any CPU
		{B4D940A4-650D-40B0-8FD2-3DD1C310D77F}.Release|x86.ActiveCfg = Release|Any CPU
		{B4D940A4-650D-40B0-8FD2-3DD1C310D77F}.Release|x86.Build.0 = Release|Any CPU
		{DD2BB474-E347-46DB-9C3D-03DBA9713E07}.Debug|Any CPU.ActiveCfg = Debug|Any CPU
		{DD2BB474-E347-46DB-9C3D-03DBA9713E07}.Debug|Any CPU.Build.0 = Debug|Any CPU
		{DD2BB474-E347-46DB-9C3D-03DBA9713E07}.Debug|x64.ActiveCfg = Debug|Any CPU
		{DD2BB474-E347-46DB-9C3D-03DBA9713E07}.Debug|x64.Build.0 = Debug|Any CPU
		{DD2BB474-E347-46DB-9C3D-03DBA9713E07}.Debug|x86.ActiveCfg = Debug|x86
		{DD2BB474-E347-46DB-9C3D-03DBA9713E07}.Debug|x86.Build.0 = Debug|x86
		{DD2BB474-E347-46DB-9C3D-03DBA9713E07}.Release|Any CPU.ActiveCfg = Release|Any CPU
		{DD2BB474-E347-46DB-9C3D-03DBA9713E07}.Release|Any CPU.Build.0 = Release|Any CPU
		{DD2BB474-E347-46DB-9C3D-03DBA9713E07}.Release|x64.ActiveCfg = Release|Any CPU
		{DD2BB474-E347-46DB-9C3D-03DBA9713E07}.Release|x64.Build.0 = Release|Any CPU
		{DD2BB474-E347-46DB-9C3D-03DBA9713E07}.Release|x86.ActiveCfg = Release|x86
		{DD2BB474-E347-46DB-9C3D-03DBA9713E07}.Release|x86.Build.0 = Release|x86
		{18DB92B4-D003-4E6C-8B0A-62B58F481AD5}.Debug|Any CPU.ActiveCfg = Debug|Any CPU
		{18DB92B4-D003-4E6C-8B0A-62B58F481AD5}.Debug|Any CPU.Build.0 = Debug|Any CPU
		{18DB92B4-D003-4E6C-8B0A-62B58F481AD5}.Debug|x64.ActiveCfg = Debug|Any CPU
		{18DB92B4-D003-4E6C-8B0A-62B58F481AD5}.Debug|x64.Build.0 = Debug|Any CPU
		{18DB92B4-D003-4E6C-8B0A-62B58F481AD5}.Debug|x86.ActiveCfg = Debug|Any CPU
		{18DB92B4-D003-4E6C-8B0A-62B58F481AD5}.Debug|x86.Build.0 = Debug|Any CPU
		{18DB92B4-D003-4E6C-8B0A-62B58F481AD5}.Release|Any CPU.ActiveCfg = Release|Any CPU
		{18DB92B4-D003-4E6C-8B0A-62B58F481AD5}.Release|Any CPU.Build.0 = Release|Any CPU
		{18DB92B4-D003-4E6C-8B0A-62B58F481AD5}.Release|x64.ActiveCfg = Release|Any CPU
		{18DB92B4-D003-4E6C-8B0A-62B58F481AD5}.Release|x64.Build.0 = Release|Any CPU
		{18DB92B4-D003-4E6C-8B0A-62B58F481AD5}.Release|x86.ActiveCfg = Release|Any CPU
		{18DB92B4-D003-4E6C-8B0A-62B58F481AD5}.Release|x86.Build.0 = Release|Any CPU
		{60F6AAF8-40C9-4983-A5FE-D6A9B82AF22D}.Debug|Any CPU.ActiveCfg = Debug|Any CPU
		{60F6AAF8-40C9-4983-A5FE-D6A9B82AF22D}.Debug|Any CPU.Build.0 = Debug|Any CPU
		{60F6AAF8-40C9-4983-A5FE-D6A9B82AF22D}.Debug|x64.ActiveCfg = Debug|Any CPU
		{60F6AAF8-40C9-4983-A5FE-D6A9B82AF22D}.Debug|x64.Build.0 = Debug|Any CPU
		{60F6AAF8-40C9-4983-A5FE-D6A9B82AF22D}.Debug|x86.ActiveCfg = Debug|Any CPU
		{60F6AAF8-40C9-4983-A5FE-D6A9B82AF22D}.Debug|x86.Build.0 = Debug|Any CPU
		{60F6AAF8-40C9-4983-A5FE-D6A9B82AF22D}.Release|Any CPU.ActiveCfg = Release|Any CPU
		{60F6AAF8-40C9-4983-A5FE-D6A9B82AF22D}.Release|Any CPU.Build.0 = Release|Any CPU
		{60F6AAF8-40C9-4983-A5FE-D6A9B82AF22D}.Release|x64.ActiveCfg = Release|Any CPU
		{60F6AAF8-40C9-4983-A5FE-D6A9B82AF22D}.Release|x64.Build.0 = Release|Any CPU
		{60F6AAF8-40C9-4983-A5FE-D6A9B82AF22D}.Release|x86.ActiveCfg = Release|Any CPU
		{60F6AAF8-40C9-4983-A5FE-D6A9B82AF22D}.Release|x86.Build.0 = Release|Any CPU
		{EEB19F95-85B6-457A-B3B4-4DD8DFA6C8C0}.Debug|Any CPU.ActiveCfg = Debug|Any CPU
		{EEB19F95-85B6-457A-B3B4-4DD8DFA6C8C0}.Debug|Any CPU.Build.0 = Debug|Any CPU
		{EEB19F95-85B6-457A-B3B4-4DD8DFA6C8C0}.Debug|x64.ActiveCfg = Debug|Any CPU
		{EEB19F95-85B6-457A-B3B4-4DD8DFA6C8C0}.Debug|x64.Build.0 = Debug|Any CPU
		{EEB19F95-85B6-457A-B3B4-4DD8DFA6C8C0}.Debug|x86.ActiveCfg = Debug|Any CPU
		{EEB19F95-85B6-457A-B3B4-4DD8DFA6C8C0}.Debug|x86.Build.0 = Debug|Any CPU
		{EEB19F95-85B6-457A-B3B4-4DD8DFA6C8C0}.Release|Any CPU.ActiveCfg = Release|Any CPU
		{EEB19F95-85B6-457A-B3B4-4DD8DFA6C8C0}.Release|Any CPU.Build.0 = Release|Any CPU
		{EEB19F95-85B6-457A-B3B4-4DD8DFA6C8C0}.Release|x64.ActiveCfg = Release|Any CPU
		{EEB19F95-85B6-457A-B3B4-4DD8DFA6C8C0}.Release|x64.Build.0 = Release|Any CPU
		{EEB19F95-85B6-457A-B3B4-4DD8DFA6C8C0}.Release|x86.ActiveCfg = Release|Any CPU
		{EEB19F95-85B6-457A-B3B4-4DD8DFA6C8C0}.Release|x86.Build.0 = Release|Any CPU
		{AF2B26F2-6AB9-4AF2-85A4-EA1E6B3DF0CD}.Debug|Any CPU.ActiveCfg = Debug|Any CPU
		{AF2B26F2-6AB9-4AF2-85A4-EA1E6B3DF0CD}.Debug|Any CPU.Build.0 = Debug|Any CPU
		{AF2B26F2-6AB9-4AF2-85A4-EA1E6B3DF0CD}.Debug|x64.ActiveCfg = Debug|Any CPU
		{AF2B26F2-6AB9-4AF2-85A4-EA1E6B3DF0CD}.Debug|x64.Build.0 = Debug|Any CPU
		{AF2B26F2-6AB9-4AF2-85A4-EA1E6B3DF0CD}.Debug|x86.ActiveCfg = Debug|x86
		{AF2B26F2-6AB9-4AF2-85A4-EA1E6B3DF0CD}.Debug|x86.Build.0 = Debug|x86
		{AF2B26F2-6AB9-4AF2-85A4-EA1E6B3DF0CD}.Release|Any CPU.ActiveCfg = Release|Any CPU
		{AF2B26F2-6AB9-4AF2-85A4-EA1E6B3DF0CD}.Release|Any CPU.Build.0 = Release|Any CPU
		{AF2B26F2-6AB9-4AF2-85A4-EA1E6B3DF0CD}.Release|x64.ActiveCfg = Release|Any CPU
		{AF2B26F2-6AB9-4AF2-85A4-EA1E6B3DF0CD}.Release|x64.Build.0 = Release|Any CPU
		{AF2B26F2-6AB9-4AF2-85A4-EA1E6B3DF0CD}.Release|x86.ActiveCfg = Release|x86
		{AF2B26F2-6AB9-4AF2-85A4-EA1E6B3DF0CD}.Release|x86.Build.0 = Release|x86
		{E4327DDF-1739-4003-8721-E00187A4FA47}.Debug|Any CPU.ActiveCfg = Debug|Any CPU
		{E4327DDF-1739-4003-8721-E00187A4FA47}.Debug|Any CPU.Build.0 = Debug|Any CPU
		{E4327DDF-1739-4003-8721-E00187A4FA47}.Debug|x64.ActiveCfg = Debug|Any CPU
		{E4327DDF-1739-4003-8721-E00187A4FA47}.Debug|x64.Build.0 = Debug|Any CPU
		{E4327DDF-1739-4003-8721-E00187A4FA47}.Debug|x86.ActiveCfg = Debug|Any CPU
		{E4327DDF-1739-4003-8721-E00187A4FA47}.Debug|x86.Build.0 = Debug|Any CPU
		{E4327DDF-1739-4003-8721-E00187A4FA47}.Release|Any CPU.ActiveCfg = Release|Any CPU
		{E4327DDF-1739-4003-8721-E00187A4FA47}.Release|Any CPU.Build.0 = Release|Any CPU
		{E4327DDF-1739-4003-8721-E00187A4FA47}.Release|x64.ActiveCfg = Release|Any CPU
		{E4327DDF-1739-4003-8721-E00187A4FA47}.Release|x64.Build.0 = Release|Any CPU
		{E4327DDF-1739-4003-8721-E00187A4FA47}.Release|x86.ActiveCfg = Release|Any CPU
		{E4327DDF-1739-4003-8721-E00187A4FA47}.Release|x86.Build.0 = Release|Any CPU
		{9E821A40-DF64-4645-A486-5E18502AB6B1}.Debug|Any CPU.ActiveCfg = Debug|Any CPU
		{9E821A40-DF64-4645-A486-5E18502AB6B1}.Debug|Any CPU.Build.0 = Debug|Any CPU
		{9E821A40-DF64-4645-A486-5E18502AB6B1}.Debug|x64.ActiveCfg = Debug|Any CPU
		{9E821A40-DF64-4645-A486-5E18502AB6B1}.Debug|x64.Build.0 = Debug|Any CPU
		{9E821A40-DF64-4645-A486-5E18502AB6B1}.Debug|x86.ActiveCfg = Debug|x86
		{9E821A40-DF64-4645-A486-5E18502AB6B1}.Debug|x86.Build.0 = Debug|x86
		{9E821A40-DF64-4645-A486-5E18502AB6B1}.Release|Any CPU.ActiveCfg = Release|Any CPU
		{9E821A40-DF64-4645-A486-5E18502AB6B1}.Release|Any CPU.Build.0 = Release|Any CPU
		{9E821A40-DF64-4645-A486-5E18502AB6B1}.Release|x64.ActiveCfg = Release|Any CPU
		{9E821A40-DF64-4645-A486-5E18502AB6B1}.Release|x64.Build.0 = Release|Any CPU
		{9E821A40-DF64-4645-A486-5E18502AB6B1}.Release|x86.ActiveCfg = Release|x86
		{9E821A40-DF64-4645-A486-5E18502AB6B1}.Release|x86.Build.0 = Release|x86
		{76DF46A4-ED3C-4F67-BEC8-6D6D97BE7F0F}.Debug|Any CPU.ActiveCfg = Debug|Any CPU
		{76DF46A4-ED3C-4F67-BEC8-6D6D97BE7F0F}.Debug|Any CPU.Build.0 = Debug|Any CPU
		{76DF46A4-ED3C-4F67-BEC8-6D6D97BE7F0F}.Debug|x64.ActiveCfg = Debug|Any CPU
		{76DF46A4-ED3C-4F67-BEC8-6D6D97BE7F0F}.Debug|x64.Build.0 = Debug|Any CPU
		{76DF46A4-ED3C-4F67-BEC8-6D6D97BE7F0F}.Debug|x86.ActiveCfg = Debug|Any CPU
		{76DF46A4-ED3C-4F67-BEC8-6D6D97BE7F0F}.Debug|x86.Build.0 = Debug|Any CPU
		{76DF46A4-ED3C-4F67-BEC8-6D6D97BE7F0F}.Release|Any CPU.ActiveCfg = Release|Any CPU
		{76DF46A4-ED3C-4F67-BEC8-6D6D97BE7F0F}.Release|Any CPU.Build.0 = Release|Any CPU
		{76DF46A4-ED3C-4F67-BEC8-6D6D97BE7F0F}.Release|x64.ActiveCfg = Release|Any CPU
		{76DF46A4-ED3C-4F67-BEC8-6D6D97BE7F0F}.Release|x64.Build.0 = Release|Any CPU
		{76DF46A4-ED3C-4F67-BEC8-6D6D97BE7F0F}.Release|x86.ActiveCfg = Release|Any CPU
		{76DF46A4-ED3C-4F67-BEC8-6D6D97BE7F0F}.Release|x86.Build.0 = Release|Any CPU
		{78D9866B-ADD1-45DE-A85E-D51E23F5906D}.Debug|Any CPU.ActiveCfg = Debug|Any CPU
		{78D9866B-ADD1-45DE-A85E-D51E23F5906D}.Debug|Any CPU.Build.0 = Debug|Any CPU
		{78D9866B-ADD1-45DE-A85E-D51E23F5906D}.Debug|x64.ActiveCfg = Debug|Any CPU
		{78D9866B-ADD1-45DE-A85E-D51E23F5906D}.Debug|x64.Build.0 = Debug|Any CPU
		{78D9866B-ADD1-45DE-A85E-D51E23F5906D}.Debug|x86.ActiveCfg = Debug|x86
		{78D9866B-ADD1-45DE-A85E-D51E23F5906D}.Debug|x86.Build.0 = Debug|x86
		{78D9866B-ADD1-45DE-A85E-D51E23F5906D}.Release|Any CPU.ActiveCfg = Release|Any CPU
		{78D9866B-ADD1-45DE-A85E-D51E23F5906D}.Release|Any CPU.Build.0 = Release|Any CPU
		{78D9866B-ADD1-45DE-A85E-D51E23F5906D}.Release|x64.ActiveCfg = Release|Any CPU
		{78D9866B-ADD1-45DE-A85E-D51E23F5906D}.Release|x64.Build.0 = Release|Any CPU
		{78D9866B-ADD1-45DE-A85E-D51E23F5906D}.Release|x86.ActiveCfg = Release|x86
		{78D9866B-ADD1-45DE-A85E-D51E23F5906D}.Release|x86.Build.0 = Release|x86
		{2015A9CC-95F0-419E-86C7-87772561B03C}.Debug|Any CPU.ActiveCfg = Debug|Any CPU
		{2015A9CC-95F0-419E-86C7-87772561B03C}.Debug|Any CPU.Build.0 = Debug|Any CPU
		{2015A9CC-95F0-419E-86C7-87772561B03C}.Debug|x64.ActiveCfg = Debug|Any CPU
		{2015A9CC-95F0-419E-86C7-87772561B03C}.Debug|x64.Build.0 = Debug|Any CPU
		{2015A9CC-95F0-419E-86C7-87772561B03C}.Debug|x86.ActiveCfg = Debug|Any CPU
		{2015A9CC-95F0-419E-86C7-87772561B03C}.Debug|x86.Build.0 = Debug|Any CPU
		{2015A9CC-95F0-419E-86C7-87772561B03C}.Release|Any CPU.ActiveCfg = Release|Any CPU
		{2015A9CC-95F0-419E-86C7-87772561B03C}.Release|Any CPU.Build.0 = Release|Any CPU
		{2015A9CC-95F0-419E-86C7-87772561B03C}.Release|x64.ActiveCfg = Release|Any CPU
		{2015A9CC-95F0-419E-86C7-87772561B03C}.Release|x64.Build.0 = Release|Any CPU
		{2015A9CC-95F0-419E-86C7-87772561B03C}.Release|x86.ActiveCfg = Release|Any CPU
		{2015A9CC-95F0-419E-86C7-87772561B03C}.Release|x86.Build.0 = Release|Any CPU
		{3FC57837-519D-4980-A8E8-DC5879DDA002}.Debug|Any CPU.ActiveCfg = Debug|Any CPU
		{3FC57837-519D-4980-A8E8-DC5879DDA002}.Debug|Any CPU.Build.0 = Debug|Any CPU
		{3FC57837-519D-4980-A8E8-DC5879DDA002}.Debug|x64.ActiveCfg = Debug|Any CPU
		{3FC57837-519D-4980-A8E8-DC5879DDA002}.Debug|x64.Build.0 = Debug|Any CPU
		{3FC57837-519D-4980-A8E8-DC5879DDA002}.Debug|x86.ActiveCfg = Debug|Any CPU
		{3FC57837-519D-4980-A8E8-DC5879DDA002}.Debug|x86.Build.0 = Debug|Any CPU
		{3FC57837-519D-4980-A8E8-DC5879DDA002}.Release|Any CPU.ActiveCfg = Release|Any CPU
		{3FC57837-519D-4980-A8E8-DC5879DDA002}.Release|Any CPU.Build.0 = Release|Any CPU
		{3FC57837-519D-4980-A8E8-DC5879DDA002}.Release|x64.ActiveCfg = Release|Any CPU
		{3FC57837-519D-4980-A8E8-DC5879DDA002}.Release|x64.Build.0 = Release|Any CPU
		{3FC57837-519D-4980-A8E8-DC5879DDA002}.Release|x86.ActiveCfg = Release|Any CPU
		{3FC57837-519D-4980-A8E8-DC5879DDA002}.Release|x86.Build.0 = Release|Any CPU
		{47B70A19-2AF1-4B0E-80D9-5E447478C2F5}.Debug|Any CPU.ActiveCfg = Debug|Any CPU
		{47B70A19-2AF1-4B0E-80D9-5E447478C2F5}.Debug|Any CPU.Build.0 = Debug|Any CPU
		{47B70A19-2AF1-4B0E-80D9-5E447478C2F5}.Debug|x64.ActiveCfg = Debug|Any CPU
		{47B70A19-2AF1-4B0E-80D9-5E447478C2F5}.Debug|x64.Build.0 = Debug|Any CPU
		{47B70A19-2AF1-4B0E-80D9-5E447478C2F5}.Debug|x86.ActiveCfg = Debug|Any CPU
		{47B70A19-2AF1-4B0E-80D9-5E447478C2F5}.Debug|x86.Build.0 = Debug|Any CPU
		{47B70A19-2AF1-4B0E-80D9-5E447478C2F5}.Release|Any CPU.ActiveCfg = Release|Any CPU
		{47B70A19-2AF1-4B0E-80D9-5E447478C2F5}.Release|Any CPU.Build.0 = Release|Any CPU
		{47B70A19-2AF1-4B0E-80D9-5E447478C2F5}.Release|x64.ActiveCfg = Release|Any CPU
		{47B70A19-2AF1-4B0E-80D9-5E447478C2F5}.Release|x64.Build.0 = Release|Any CPU
		{47B70A19-2AF1-4B0E-80D9-5E447478C2F5}.Release|x86.ActiveCfg = Release|Any CPU
		{47B70A19-2AF1-4B0E-80D9-5E447478C2F5}.Release|x86.Build.0 = Release|Any CPU
	EndGlobalSection
	GlobalSection(SolutionProperties) = preSolution
		HideSolutionNode = FALSE
	EndGlobalSection
	GlobalSection(NestedProjects) = preSolution
		{A390E1C0-0D90-4A9E-8413-3E959BB07292} = {FDE1DD31-B522-48EA-8725-82C696A2A99B}
		{E75E5DB1-0EA0-4247-A830-FE467C016816} = {FDE1DD31-B522-48EA-8725-82C696A2A99B}
		{D092D54E-FF29-4D32-9AEE-4EF704C92F67} = {FDE1DD31-B522-48EA-8725-82C696A2A99B}
		{E8150EBC-6B62-40BF-BF91-1DC60149B530} = {FDE1DD31-B522-48EA-8725-82C696A2A99B}
		{666A22BB-0CB5-4C08-A20F-E17450DA6573} = {C0C7AD6F-5E39-4D3F-A6B6-FD30713B0464}
		{F3A5829D-EE15-4BE7-828F-2519172C6671} = {C0C7AD6F-5E39-4D3F-A6B6-FD30713B0464}
		{89D51398-A003-44BA-B1B2-CFC6F8396D7E} = {C0C7AD6F-5E39-4D3F-A6B6-FD30713B0464}
		{46DBB052-6ADB-44CC-882A-96930EE4A400} = {C0C7AD6F-5E39-4D3F-A6B6-FD30713B0464}
		{B3DB0521-D9E3-4F48-9E2E-E5ECAE886049} = {C0C7AD6F-5E39-4D3F-A6B6-FD30713B0464}
		{376840CF-9F60-4225-8B08-E1D168B6717A} = {C0C7AD6F-5E39-4D3F-A6B6-FD30713B0464}
		{BDCF4A54-00B3-4F20-A76D-DEE4A2D23634} = {C0C7AD6F-5E39-4D3F-A6B6-FD30713B0464}
		{DECC7971-FA58-4DB0-9561-BFFADD393BBD} = {C0C7AD6F-5E39-4D3F-A6B6-FD30713B0464}
		{515F701E-336D-4D58-AF4B-E976BC33C957} = {C0C7AD6F-5E39-4D3F-A6B6-FD30713B0464}
		{25956DFA-17A2-4109-B9E5-D46CCE1ED52F} = {C0C7AD6F-5E39-4D3F-A6B6-FD30713B0464}
		{A2A795F7-27D0-4801-88DA-95B368F070AD} = {C0C7AD6F-5E39-4D3F-A6B6-FD30713B0464}
		{639F1EFB-5A8B-4F8B-BF49-BC73F244D38D} = {C0C7AD6F-5E39-4D3F-A6B6-FD30713B0464}
		{B20E082B-4D3C-457D-B2BD-60420B434573} = {C0C7AD6F-5E39-4D3F-A6B6-FD30713B0464}
		{E1E1613D-0C96-42F9-9F2D-052C72533297} = {C0C7AD6F-5E39-4D3F-A6B6-FD30713B0464}
		{C42B194E-3333-45E8-BB26-D69D1A51EF0B} = {C0C7AD6F-5E39-4D3F-A6B6-FD30713B0464}
		{3814D9DB-10E6-4478-BD98-6C5840612AF8} = {C0C7AD6F-5E39-4D3F-A6B6-FD30713B0464}
		{AC19CAA0-5C69-4B20-8A18-D4B6B65F22B8} = {C0C7AD6F-5E39-4D3F-A6B6-FD30713B0464}
		{70E7EB43-81D3-4AA0-9870-0B304732AFF2} = {C0C7AD6F-5E39-4D3F-A6B6-FD30713B0464}
		{FA7BE5F5-E04F-4613-B7AC-70CE10D1BB68} = {C0C7AD6F-5E39-4D3F-A6B6-FD30713B0464}
		{4E18D41E-5E73-461F-9289-F6709257171A} = {C0C7AD6F-5E39-4D3F-A6B6-FD30713B0464}
		{5085DF35-3A32-4894-835E-E5A3956D4F57} = {C0C7AD6F-5E39-4D3F-A6B6-FD30713B0464}
		{44E8BB56-C38E-49A8-8BC1-7AF40D0AC725} = {C0C7AD6F-5E39-4D3F-A6B6-FD30713B0464}
		{D1BBFB94-72AD-47C5-990A-D61CA37174B3} = {C0C7AD6F-5E39-4D3F-A6B6-FD30713B0464}
		{A52AC77F-6DF9-4387-BB08-8DED3FD95A0F} = {C0C7AD6F-5E39-4D3F-A6B6-FD30713B0464}
		{815DB0CD-C0DD-4997-B43C-ABEE4DBEFFE7} = {C0C7AD6F-5E39-4D3F-A6B6-FD30713B0464}
		{6EC75EDA-17AC-453E-BA34-CB6796C4319B} = {C0C7AD6F-5E39-4D3F-A6B6-FD30713B0464}
		{EEF0AD4A-3101-4519-84B2-949CA037DA69} = {C0C7AD6F-5E39-4D3F-A6B6-FD30713B0464}
		{304AB14D-4E63-4004-8D63-AB8DA2C601B4} = {C0C7AD6F-5E39-4D3F-A6B6-FD30713B0464}
		{24F9E050-9F7E-4FE8-895D-819E527B8F45} = {C0C7AD6F-5E39-4D3F-A6B6-FD30713B0464}
		{3E8C485B-905A-4DBC-B059-161CCB1AD591} = {FDE1DD31-B522-48EA-8725-82C696A2A99B}
		{62641B47-1ABB-4638-A3D5-2A834D089667} = {FDE1DD31-B522-48EA-8725-82C696A2A99B}
		{A731C4C3-3741-4080-A946-C47574C1F3BF} = {FDE1DD31-B522-48EA-8725-82C696A2A99B}
		{FDE1DD31-B522-48EA-8725-82C696A2A99B} = {3D21C7AC-6F9D-448C-8356-44EAFB2D14FC}
		{20B6C21C-654B-43E1-A6A1-7D0CF299465C} = {3D21C7AC-6F9D-448C-8356-44EAFB2D14FC}
		{EBE6395C-B428-4B48-A9A5-1153E7DBDD7E} = {20B6C21C-654B-43E1-A6A1-7D0CF299465C}
		{61D65F46-7957-47C1-8BA3-48D192236D5D} = {20B6C21C-654B-43E1-A6A1-7D0CF299465C}
		{9CF2E4FD-FF16-459A-B675-C06EFF62F1EC} = {20B6C21C-654B-43E1-A6A1-7D0CF299465C}
		{E50E1B02-257C-4E10-AC1C-5ED36B48EE40} = {20B6C21C-654B-43E1-A6A1-7D0CF299465C}
		{82BB3890-C943-421E-8643-7244421E8ADE} = {20B6C21C-654B-43E1-A6A1-7D0CF299465C}
		{24E20C57-68CE-4E88-9F0D-93B1DF2388A9} = {20B6C21C-654B-43E1-A6A1-7D0CF299465C}
		{B4D940A4-650D-40B0-8FD2-3DD1C310D77F} = {20B6C21C-654B-43E1-A6A1-7D0CF299465C}
		{DD2BB474-E347-46DB-9C3D-03DBA9713E07} = {20B6C21C-654B-43E1-A6A1-7D0CF299465C}
		{18DB92B4-D003-4E6C-8B0A-62B58F481AD5} = {20B6C21C-654B-43E1-A6A1-7D0CF299465C}
		{60F6AAF8-40C9-4983-A5FE-D6A9B82AF22D} = {20B6C21C-654B-43E1-A6A1-7D0CF299465C}
		{EEB19F95-85B6-457A-B3B4-4DD8DFA6C8C0} = {20B6C21C-654B-43E1-A6A1-7D0CF299465C}
		{AF2B26F2-6AB9-4AF2-85A4-EA1E6B3DF0CD} = {20B6C21C-654B-43E1-A6A1-7D0CF299465C}
		{E4327DDF-1739-4003-8721-E00187A4FA47} = {20B6C21C-654B-43E1-A6A1-7D0CF299465C}
		{9E821A40-DF64-4645-A486-5E18502AB6B1} = {20B6C21C-654B-43E1-A6A1-7D0CF299465C}
		{76DF46A4-ED3C-4F67-BEC8-6D6D97BE7F0F} = {20B6C21C-654B-43E1-A6A1-7D0CF299465C}
		{78D9866B-ADD1-45DE-A85E-D51E23F5906D} = {20B6C21C-654B-43E1-A6A1-7D0CF299465C}
		{2015A9CC-95F0-419E-86C7-87772561B03C} = {20B6C21C-654B-43E1-A6A1-7D0CF299465C}
		{3FC57837-519D-4980-A8E8-DC5879DDA002} = {20B6C21C-654B-43E1-A6A1-7D0CF299465C}
		{47B70A19-2AF1-4B0E-80D9-5E447478C2F5} = {20B6C21C-654B-43E1-A6A1-7D0CF299465C}
	EndGlobalSection
	GlobalSection(ExtensibilityGlobals) = postSolution
		SolutionGuid = {24EDEB28-F62A-4956-992C-FE44DAC7AAE5}
	EndGlobalSection
EndGlobal
